// !$*UTF8*$!
{
	archiveVersion = 1;
	classes = {
	};
	objectVersion = 46;
	objects = {

/* Begin PBXBuildFile section */
		0DCD37C6147DB86200A9D6E4 /* NSVelvetHostView.h in Headers */ = {isa = PBXBuildFile; fileRef = 0DCD37C4147DB86200A9D6E4 /* NSVelvetHostView.h */; settings = {ATTRIBUTES = (Private, ); }; };
		0DCD37C7147DB86200A9D6E4 /* NSVelvetHostView.m in Sources */ = {isa = PBXBuildFile; fileRef = 0DCD37C5147DB86200A9D6E4 /* NSVelvetHostView.m */; };
		0DEDDD3F147B5D5C0087037C /* VELWindow.h in Headers */ = {isa = PBXBuildFile; fileRef = 0DEDDD3D147B5D5C0087037C /* VELWindow.h */; settings = {ATTRIBUTES = (Public, ); }; };
		0DEDDD40147B5D5C0087037C /* VELWindow.m in Sources */ = {isa = PBXBuildFile; fileRef = 0DEDDD3E147B5D5C0087037C /* VELWindow.m */; };
		1E1790EC1481CC6C00177DC0 /* NSViewClipRenderer.h in Headers */ = {isa = PBXBuildFile; fileRef = 1E1790EA1481CC6C00177DC0 /* NSViewClipRenderer.h */; settings = {ATTRIBUTES = (Private, ); }; };
		1E1790ED1481CC6C00177DC0 /* NSViewClipRenderer.m in Sources */ = {isa = PBXBuildFile; fileRef = 1E1790EB1481CC6C00177DC0 /* NSViewClipRenderer.m */; };
		1E2819481481EAEF006A747C /* VELCAAction.h in Headers */ = {isa = PBXBuildFile; fileRef = 1E2819451481EAEF006A747C /* VELCAAction.h */; settings = {ATTRIBUTES = (Private, ); }; };
		1E2819491481EAEF006A747C /* VELCAAction.m in Sources */ = {isa = PBXBuildFile; fileRef = 1E2819461481EAEF006A747C /* VELCAAction.m */; };
		1E28194A1481EAEF006A747C /* VELNSViewPrivate.h in Headers */ = {isa = PBXBuildFile; fileRef = 1E2819471481EAEF006A747C /* VELNSViewPrivate.h */; settings = {ATTRIBUTES = (Private, ); }; };
		1E2819521481EB14006A747C /* CALayer+GeometryAdditions.h in Headers */ = {isa = PBXBuildFile; fileRef = 1E28194C1481EB14006A747C /* CALayer+GeometryAdditions.h */; settings = {ATTRIBUTES = (Public, ); }; };
		1E2819531481EB14006A747C /* CALayer+GeometryAdditions.m in Sources */ = {isa = PBXBuildFile; fileRef = 1E28194D1481EB14006A747C /* CALayer+GeometryAdditions.m */; };
		1E2819541481EB14006A747C /* CATransaction+BlockAdditions.h in Headers */ = {isa = PBXBuildFile; fileRef = 1E28194E1481EB14006A747C /* CATransaction+BlockAdditions.h */; settings = {ATTRIBUTES = (Public, ); }; };
		1E2819551481EB14006A747C /* CATransaction+BlockAdditions.m in Sources */ = {isa = PBXBuildFile; fileRef = 1E28194F1481EB14006A747C /* CATransaction+BlockAdditions.m */; };
		1E2819561481EB14006A747C /* CGBitmapContext+PixelFormatAdditions.h in Headers */ = {isa = PBXBuildFile; fileRef = 1E2819501481EB14006A747C /* CGBitmapContext+PixelFormatAdditions.h */; settings = {ATTRIBUTES = (Public, ); }; };
		1E2819571481EB14006A747C /* CGBitmapContext+PixelFormatAdditions.m in Sources */ = {isa = PBXBuildFile; fileRef = 1E2819511481EB14006A747C /* CGBitmapContext+PixelFormatAdditions.m */; };
		1E2819721481EE7B006A747C /* NSView+VELNSViewAdditions.h in Headers */ = {isa = PBXBuildFile; fileRef = 1E2819701481EE7B006A747C /* NSView+VELNSViewAdditions.h */; settings = {ATTRIBUTES = (Private, ); }; };
		1E2819731481EE7B006A747C /* NSView+VELNSViewAdditions.m in Sources */ = {isa = PBXBuildFile; fileRef = 1E2819711481EE7B006A747C /* NSView+VELNSViewAdditions.m */; };
		1E7BBD40147B157C0010375D /* VELLabel.h in Headers */ = {isa = PBXBuildFile; fileRef = 1E7BBD3E147B157B0010375D /* VELLabel.h */; settings = {ATTRIBUTES = (Public, ); }; };
		1E7BBD41147B157C0010375D /* VELLabel.m in Sources */ = {isa = PBXBuildFile; fileRef = 1E7BBD3F147B157B0010375D /* VELLabel.m */; };
		1E7BBD4C147B17400010375D /* ApplicationServices.framework in Frameworks */ = {isa = PBXBuildFile; fileRef = 1E7BBD4B147B17400010375D /* ApplicationServices.framework */; };
		D00816A7148732B8001CDF5B /* SDGroup.h in Headers */ = {isa = PBXBuildFile; fileRef = D00816A3148732B8001CDF5B /* SDGroup.h */; settings = {ATTRIBUTES = (Public, ); }; };
		D00816A8148732B8001CDF5B /* SDGroup.m in Sources */ = {isa = PBXBuildFile; fileRef = D00816A4148732B8001CDF5B /* SDGroup.m */; };
		D00816A9148732B8001CDF5B /* SDQueue.h in Headers */ = {isa = PBXBuildFile; fileRef = D00816A5148732B8001CDF5B /* SDQueue.h */; settings = {ATTRIBUTES = (Public, ); }; };
		D00816AA148732B8001CDF5B /* SDQueue.m in Sources */ = {isa = PBXBuildFile; fileRef = D00816A6148732B8001CDF5B /* SDQueue.m */; };
		D0150FEA14790A1700126F09 /* VELViewPrivate.h in Headers */ = {isa = PBXBuildFile; fileRef = D0150FE914790A1700126F09 /* VELViewPrivate.h */; settings = {ATTRIBUTES = (Private, ); }; };
		D01CF3D41479B18400C88D2B /* VELNSView.h in Headers */ = {isa = PBXBuildFile; fileRef = D01CF3D21479B18400C88D2B /* VELNSView.h */; settings = {ATTRIBUTES = (Public, ); }; };
		D01CF3D51479B18400C88D2B /* VELNSView.m in Sources */ = {isa = PBXBuildFile; fileRef = D01CF3D31479B18400C88D2B /* VELNSView.m */; };
		D0305D7A1486FC960081D6EA /* VELControl.h in Headers */ = {isa = PBXBuildFile; fileRef = D0305D781486FC960081D6EA /* VELControl.h */; settings = {ATTRIBUTES = (Public, ); }; };
		D0305D7B1486FC960081D6EA /* VELControl.m in Sources */ = {isa = PBXBuildFile; fileRef = D0305D791486FC960081D6EA /* VELControl.m */; };
		D03E642314823DC200E99AA2 /* VELScrollView.h in Headers */ = {isa = PBXBuildFile; fileRef = D03E642114823DC200E99AA2 /* VELScrollView.h */; settings = {ATTRIBUTES = (Public, ); }; };
		D03E642414823DC200E99AA2 /* VELScrollView.m in Sources */ = {isa = PBXBuildFile; fileRef = D03E642214823DC200E99AA2 /* VELScrollView.m */; };
		D03E6428148243E800E99AA2 /* VELViewProtected.h in Headers */ = {isa = PBXBuildFile; fileRef = D03E6426148243E800E99AA2 /* VELViewProtected.h */; settings = {ATTRIBUTES = (Private, ); }; };
		D03E643414825B3A00E99AA2 /* EXTScope.h in Headers */ = {isa = PBXBuildFile; fileRef = D03E643214825B3A00E99AA2 /* EXTScope.h */; settings = {ATTRIBUTES = (Private, ); }; };
		D03E643514825B3A00E99AA2 /* EXTScope.m in Sources */ = {isa = PBXBuildFile; fileRef = D03E643314825B3A00E99AA2 /* EXTScope.m */; };
		D03E64521482717E00E99AA2 /* NSVelvetViewPrivate.h in Headers */ = {isa = PBXBuildFile; fileRef = D03E64501482717D00E99AA2 /* NSVelvetViewPrivate.h */; settings = {ATTRIBUTES = (Private, ); }; };
		D03E64791482A29000E99AA2 /* NSView+ScrollViewAdditions.h in Headers */ = {isa = PBXBuildFile; fileRef = D03E64771482A29000E99AA2 /* NSView+ScrollViewAdditions.h */; settings = {ATTRIBUTES = (Public, ); }; };
		D03E647A1482A29000E99AA2 /* NSView+ScrollViewAdditions.m in Sources */ = {isa = PBXBuildFile; fileRef = D03E64781482A29000E99AA2 /* NSView+ScrollViewAdditions.m */; };
		D0911B1D147C93AD00C7DF4E /* NSView+VELBridgedViewAdditions.h in Headers */ = {isa = PBXBuildFile; fileRef = D0911B1B147C93AD00C7DF4E /* NSView+VELBridgedViewAdditions.h */; settings = {ATTRIBUTES = (Public, ); }; };
		D0911B1E147C93AD00C7DF4E /* NSView+VELBridgedViewAdditions.m in Sources */ = {isa = PBXBuildFile; fileRef = D0911B1C147C93AD00C7DF4E /* NSView+VELBridgedViewAdditions.m */; };
		D0CACD35147C86C0008C42B2 /* VELBridgedView.h in Headers */ = {isa = PBXBuildFile; fileRef = D0CACD34147C86C0008C42B2 /* VELBridgedView.h */; settings = {ATTRIBUTES = (Public, ); }; };
		D0CE3D461485506B005CAE53 /* VELFocusRingLayer.h in Headers */ = {isa = PBXBuildFile; fileRef = D0CE3D441485506B005CAE53 /* VELFocusRingLayer.h */; settings = {ATTRIBUTES = (Private, ); }; };
		D0CE3D471485506B005CAE53 /* VELFocusRingLayer.m in Sources */ = {isa = PBXBuildFile; fileRef = D0CE3D451485506B005CAE53 /* VELFocusRingLayer.m */; };
		D0D51CFA14880A0D00F15DA9 /* NSColor+CoreGraphicsAdditions.h in Headers */ = {isa = PBXBuildFile; fileRef = D0D51CF814880A0D00F15DA9 /* NSColor+CoreGraphicsAdditions.h */; settings = {ATTRIBUTES = (Public, ); }; };
		D0D51CFB14880A0D00F15DA9 /* NSColor+CoreGraphicsAdditions.m in Sources */ = {isa = PBXBuildFile; fileRef = D0D51CF914880A0D00F15DA9 /* NSColor+CoreGraphicsAdditions.m */; settings = {COMPILER_FLAGS = "-fno-objc-arc"; }; };
		D0D51D0A14880EEB00F15DA9 /* NSImage+CoreGraphicsAdditions.h in Headers */ = {isa = PBXBuildFile; fileRef = D0D51D0814880EEB00F15DA9 /* NSImage+CoreGraphicsAdditions.h */; settings = {ATTRIBUTES = (Public, ); }; };
		D0D51D0B14880EEB00F15DA9 /* NSImage+CoreGraphicsAdditions.m in Sources */ = {isa = PBXBuildFile; fileRef = D0D51D0914880EEB00F15DA9 /* NSImage+CoreGraphicsAdditions.m */; };
		D0D8C39B1478569600FC9015 /* Velvet.h in Headers */ = {isa = PBXBuildFile; fileRef = D0EFFC11147851A80095AB35 /* Velvet.h */; settings = {ATTRIBUTES = (Public, ); }; };
		D0D8C39F1478582C00FC9015 /* NSVelvetView.h in Headers */ = {isa = PBXBuildFile; fileRef = D0D8C39D1478582C00FC9015 /* NSVelvetView.h */; settings = {ATTRIBUTES = (Public, ); }; };
		D0D8C3A01478582C00FC9015 /* NSVelvetView.m in Sources */ = {isa = PBXBuildFile; fileRef = D0D8C39E1478582C00FC9015 /* NSVelvetView.m */; };
		D0D8C3AA14785A1300FC9015 /* VELView.h in Headers */ = {isa = PBXBuildFile; fileRef = D0D8C3A814785A1300FC9015 /* VELView.h */; settings = {ATTRIBUTES = (Public, ); }; };
		D0D8C3AB14785A1300FC9015 /* VELView.m in Sources */ = {isa = PBXBuildFile; fileRef = D0D8C3A914785A1300FC9015 /* VELView.m */; };
		D0D8C3AD14785CEE00FC9015 /* QuartzCore.framework in Frameworks */ = {isa = PBXBuildFile; fileRef = D0D8C3AC14785CED00FC9015 /* QuartzCore.framework */; };
		D0DB8A7D149028D60082D3DA /* VELLabelTests.m in Sources */ = {isa = PBXBuildFile; fileRef = D0DB8A7C149028D60082D3DA /* VELLabelTests.m */; };
		D0E8B35414831419003980B4 /* VELImageView.h in Headers */ = {isa = PBXBuildFile; fileRef = D0E8B35214831419003980B4 /* VELImageView.h */; settings = {ATTRIBUTES = (Public, ); }; };
		D0E8B35514831419003980B4 /* VELImageView.m in Sources */ = {isa = PBXBuildFile; fileRef = D0E8B35314831419003980B4 /* VELImageView.m */; };
		D0EFFC05147851A80095AB35 /* Cocoa.framework in Frameworks */ = {isa = PBXBuildFile; fileRef = D0EFFC04147851A80095AB35 /* Cocoa.framework */; };
		D0EFFC0F147851A80095AB35 /* InfoPlist.strings in Resources */ = {isa = PBXBuildFile; fileRef = D0EFFC0D147851A80095AB35 /* InfoPlist.strings */; };
		D0EFFC1B147851A80095AB35 /* SenTestingKit.framework in Frameworks */ = {isa = PBXBuildFile; fileRef = D0EFFC1A147851A80095AB35 /* SenTestingKit.framework */; };
		D0EFFC1C147851A80095AB35 /* Cocoa.framework in Frameworks */ = {isa = PBXBuildFile; fileRef = D0EFFC04147851A80095AB35 /* Cocoa.framework */; };
		D0EFFC1F147851A80095AB35 /* Velvet.framework in Frameworks */ = {isa = PBXBuildFile; fileRef = D0EFFC01147851A80095AB35 /* Velvet.framework */; };
		D0EFFC25147851A80095AB35 /* InfoPlist.strings in Resources */ = {isa = PBXBuildFile; fileRef = D0EFFC23147851A80095AB35 /* InfoPlist.strings */; };
		D0FBA3221482086100F9F5F6 /* metamacros.h in Headers */ = {isa = PBXBuildFile; fileRef = D0FBA3211482086100F9F5F6 /* metamacros.h */; settings = {ATTRIBUTES = (Private, ); }; };
		D0FBA3271482086B00F9F5F6 /* EXTRuntimeExtensions.h in Headers */ = {isa = PBXBuildFile; fileRef = D0FBA3231482086B00F9F5F6 /* EXTRuntimeExtensions.h */; settings = {ATTRIBUTES = (Private, ); }; };
		D0FBA3281482086B00F9F5F6 /* EXTRuntimeExtensions.m in Sources */ = {isa = PBXBuildFile; fileRef = D0FBA3241482086B00F9F5F6 /* EXTRuntimeExtensions.m */; };
		D0FBA3291482086B00F9F5F6 /* EXTSafeCategory.h in Headers */ = {isa = PBXBuildFile; fileRef = D0FBA3251482086B00F9F5F6 /* EXTSafeCategory.h */; settings = {ATTRIBUTES = (Private, ); }; };
		D0FBA32A1482086B00F9F5F6 /* EXTSafeCategory.m in Sources */ = {isa = PBXBuildFile; fileRef = D0FBA3261482086B00F9F5F6 /* EXTSafeCategory.m */; };
/* End PBXBuildFile section */

/* Begin PBXContainerItemProxy section */
		D0EFFC1D147851A80095AB35 /* PBXContainerItemProxy */ = {
			isa = PBXContainerItemProxy;
			containerPortal = D0EFFBF7147851A80095AB35 /* Project object */;
			proxyType = 1;
			remoteGlobalIDString = D0EFFC00147851A80095AB35;
			remoteInfo = Velvet;
		};
/* End PBXContainerItemProxy section */

/* Begin PBXFileReference section */
		0DCD37C4147DB86200A9D6E4 /* NSVelvetHostView.h */ = {isa = PBXFileReference; fileEncoding = 4; lastKnownFileType = sourcecode.c.h; path = NSVelvetHostView.h; sourceTree = "<group>"; };
		0DCD37C5147DB86200A9D6E4 /* NSVelvetHostView.m */ = {isa = PBXFileReference; fileEncoding = 4; lastKnownFileType = sourcecode.c.objc; path = NSVelvetHostView.m; sourceTree = "<group>"; };
		0DEDDD3D147B5D5C0087037C /* VELWindow.h */ = {isa = PBXFileReference; fileEncoding = 4; lastKnownFileType = sourcecode.c.h; path = VELWindow.h; sourceTree = "<group>"; };
		0DEDDD3E147B5D5C0087037C /* VELWindow.m */ = {isa = PBXFileReference; fileEncoding = 4; lastKnownFileType = sourcecode.c.objc; path = VELWindow.m; sourceTree = "<group>"; };
		1E1790EA1481CC6C00177DC0 /* NSViewClipRenderer.h */ = {isa = PBXFileReference; fileEncoding = 4; lastKnownFileType = sourcecode.c.h; path = NSViewClipRenderer.h; sourceTree = "<group>"; };
		1E1790EB1481CC6C00177DC0 /* NSViewClipRenderer.m */ = {isa = PBXFileReference; fileEncoding = 4; lastKnownFileType = sourcecode.c.objc; path = NSViewClipRenderer.m; sourceTree = "<group>"; };
		1E2819451481EAEF006A747C /* VELCAAction.h */ = {isa = PBXFileReference; fileEncoding = 4; lastKnownFileType = sourcecode.c.h; path = VELCAAction.h; sourceTree = "<group>"; };
		1E2819461481EAEF006A747C /* VELCAAction.m */ = {isa = PBXFileReference; fileEncoding = 4; lastKnownFileType = sourcecode.c.objc; path = VELCAAction.m; sourceTree = "<group>"; };
		1E2819471481EAEF006A747C /* VELNSViewPrivate.h */ = {isa = PBXFileReference; fileEncoding = 4; lastKnownFileType = sourcecode.c.h; path = VELNSViewPrivate.h; sourceTree = "<group>"; };
		1E28194C1481EB14006A747C /* CALayer+GeometryAdditions.h */ = {isa = PBXFileReference; fileEncoding = 4; lastKnownFileType = sourcecode.c.h; path = "CALayer+GeometryAdditions.h"; sourceTree = "<group>"; };
		1E28194D1481EB14006A747C /* CALayer+GeometryAdditions.m */ = {isa = PBXFileReference; fileEncoding = 4; lastKnownFileType = sourcecode.c.objc; path = "CALayer+GeometryAdditions.m"; sourceTree = "<group>"; };
		1E28194E1481EB14006A747C /* CATransaction+BlockAdditions.h */ = {isa = PBXFileReference; fileEncoding = 4; lastKnownFileType = sourcecode.c.h; path = "CATransaction+BlockAdditions.h"; sourceTree = "<group>"; };
		1E28194F1481EB14006A747C /* CATransaction+BlockAdditions.m */ = {isa = PBXFileReference; fileEncoding = 4; lastKnownFileType = sourcecode.c.objc; path = "CATransaction+BlockAdditions.m"; sourceTree = "<group>"; };
		1E2819501481EB14006A747C /* CGBitmapContext+PixelFormatAdditions.h */ = {isa = PBXFileReference; fileEncoding = 4; lastKnownFileType = sourcecode.c.h; path = "CGBitmapContext+PixelFormatAdditions.h"; sourceTree = "<group>"; };
		1E2819511481EB14006A747C /* CGBitmapContext+PixelFormatAdditions.m */ = {isa = PBXFileReference; fileEncoding = 4; lastKnownFileType = sourcecode.c.objc; path = "CGBitmapContext+PixelFormatAdditions.m"; sourceTree = "<group>"; };
		1E2819701481EE7B006A747C /* NSView+VELNSViewAdditions.h */ = {isa = PBXFileReference; fileEncoding = 4; lastKnownFileType = sourcecode.c.h; path = "NSView+VELNSViewAdditions.h"; sourceTree = "<group>"; };
		1E2819711481EE7B006A747C /* NSView+VELNSViewAdditions.m */ = {isa = PBXFileReference; fileEncoding = 4; lastKnownFileType = sourcecode.c.objc; path = "NSView+VELNSViewAdditions.m"; sourceTree = "<group>"; };
		1E7BBD3E147B157B0010375D /* VELLabel.h */ = {isa = PBXFileReference; fileEncoding = 4; lastKnownFileType = sourcecode.c.h; path = VELLabel.h; sourceTree = "<group>"; };
		1E7BBD3F147B157B0010375D /* VELLabel.m */ = {isa = PBXFileReference; fileEncoding = 4; lastKnownFileType = sourcecode.c.objc; path = VELLabel.m; sourceTree = "<group>"; };
		1E7BBD4B147B17400010375D /* ApplicationServices.framework */ = {isa = PBXFileReference; lastKnownFileType = wrapper.framework; name = ApplicationServices.framework; path = System/Library/Frameworks/ApplicationServices.framework; sourceTree = SDKROOT; };
		D00816A3148732B8001CDF5B /* SDGroup.h */ = {isa = PBXFileReference; fileEncoding = 4; lastKnownFileType = sourcecode.c.h; name = SDGroup.h; path = ../SafeDispatch/Framework/SafeDispatch/SafeDispatch/SDGroup.h; sourceTree = "<group>"; };
		D00816A4148732B8001CDF5B /* SDGroup.m */ = {isa = PBXFileReference; fileEncoding = 4; lastKnownFileType = sourcecode.c.objc; name = SDGroup.m; path = ../SafeDispatch/Framework/SafeDispatch/SafeDispatch/SDGroup.m; sourceTree = "<group>"; };
		D00816A5148732B8001CDF5B /* SDQueue.h */ = {isa = PBXFileReference; fileEncoding = 4; lastKnownFileType = sourcecode.c.h; name = SDQueue.h; path = ../SafeDispatch/Framework/SafeDispatch/SafeDispatch/SDQueue.h; sourceTree = "<group>"; };
		D00816A6148732B8001CDF5B /* SDQueue.m */ = {isa = PBXFileReference; fileEncoding = 4; lastKnownFileType = sourcecode.c.objc; name = SDQueue.m; path = ../SafeDispatch/Framework/SafeDispatch/SafeDispatch/SDQueue.m; sourceTree = "<group>"; };
		D0150FE914790A1700126F09 /* VELViewPrivate.h */ = {isa = PBXFileReference; fileEncoding = 4; lastKnownFileType = sourcecode.c.h; path = VELViewPrivate.h; sourceTree = "<group>"; };
		D01CF3D21479B18400C88D2B /* VELNSView.h */ = {isa = PBXFileReference; fileEncoding = 4; lastKnownFileType = sourcecode.c.h; path = VELNSView.h; sourceTree = "<group>"; };
		D01CF3D31479B18400C88D2B /* VELNSView.m */ = {isa = PBXFileReference; fileEncoding = 4; lastKnownFileType = sourcecode.c.objc; path = VELNSView.m; sourceTree = "<group>"; };
		D0305D781486FC960081D6EA /* VELControl.h */ = {isa = PBXFileReference; fileEncoding = 4; lastKnownFileType = sourcecode.c.h; path = VELControl.h; sourceTree = "<group>"; };
		D0305D791486FC960081D6EA /* VELControl.m */ = {isa = PBXFileReference; fileEncoding = 4; lastKnownFileType = sourcecode.c.objc; path = VELControl.m; sourceTree = "<group>"; };
		D03E642114823DC200E99AA2 /* VELScrollView.h */ = {isa = PBXFileReference; fileEncoding = 4; lastKnownFileType = sourcecode.c.h; path = VELScrollView.h; sourceTree = "<group>"; };
		D03E642214823DC200E99AA2 /* VELScrollView.m */ = {isa = PBXFileReference; fileEncoding = 4; lastKnownFileType = sourcecode.c.objc; path = VELScrollView.m; sourceTree = "<group>"; };
		D03E6426148243E800E99AA2 /* VELViewProtected.h */ = {isa = PBXFileReference; fileEncoding = 4; lastKnownFileType = sourcecode.c.h; path = VELViewProtected.h; sourceTree = "<group>"; };
		D03E643214825B3A00E99AA2 /* EXTScope.h */ = {isa = PBXFileReference; fileEncoding = 4; lastKnownFileType = sourcecode.c.h; name = EXTScope.h; path = ../libextobjc/extobjc/Modules/EXTScope.h; sourceTree = "<group>"; };
		D03E643314825B3A00E99AA2 /* EXTScope.m */ = {isa = PBXFileReference; fileEncoding = 4; lastKnownFileType = sourcecode.c.objc; name = EXTScope.m; path = ../libextobjc/extobjc/Modules/EXTScope.m; sourceTree = "<group>"; };
		D03E64501482717D00E99AA2 /* NSVelvetViewPrivate.h */ = {isa = PBXFileReference; fileEncoding = 4; lastKnownFileType = sourcecode.c.h; path = NSVelvetViewPrivate.h; sourceTree = "<group>"; };
		D03E64771482A29000E99AA2 /* NSView+ScrollViewAdditions.h */ = {isa = PBXFileReference; fileEncoding = 4; lastKnownFileType = sourcecode.c.h; path = "NSView+ScrollViewAdditions.h"; sourceTree = "<group>"; };
		D03E64781482A29000E99AA2 /* NSView+ScrollViewAdditions.m */ = {isa = PBXFileReference; fileEncoding = 4; lastKnownFileType = sourcecode.c.objc; path = "NSView+ScrollViewAdditions.m"; sourceTree = "<group>"; };
		D0911B1B147C93AD00C7DF4E /* NSView+VELBridgedViewAdditions.h */ = {isa = PBXFileReference; fileEncoding = 4; lastKnownFileType = sourcecode.c.h; path = "NSView+VELBridgedViewAdditions.h"; sourceTree = "<group>"; };
		D0911B1C147C93AD00C7DF4E /* NSView+VELBridgedViewAdditions.m */ = {isa = PBXFileReference; fileEncoding = 4; lastKnownFileType = sourcecode.c.objc; path = "NSView+VELBridgedViewAdditions.m"; sourceTree = "<group>"; };
		D0CACD34147C86C0008C42B2 /* VELBridgedView.h */ = {isa = PBXFileReference; fileEncoding = 4; lastKnownFileType = sourcecode.c.h; path = VELBridgedView.h; sourceTree = "<group>"; };
		D0CE3D441485506B005CAE53 /* VELFocusRingLayer.h */ = {isa = PBXFileReference; fileEncoding = 4; lastKnownFileType = sourcecode.c.h; path = VELFocusRingLayer.h; sourceTree = "<group>"; };
		D0CE3D451485506B005CAE53 /* VELFocusRingLayer.m */ = {isa = PBXFileReference; fileEncoding = 4; lastKnownFileType = sourcecode.c.objc; path = VELFocusRingLayer.m; sourceTree = "<group>"; };
		D0D51CF814880A0D00F15DA9 /* NSColor+CoreGraphicsAdditions.h */ = {isa = PBXFileReference; fileEncoding = 4; lastKnownFileType = sourcecode.c.h; path = "NSColor+CoreGraphicsAdditions.h"; sourceTree = "<group>"; };
		D0D51CF914880A0D00F15DA9 /* NSColor+CoreGraphicsAdditions.m */ = {isa = PBXFileReference; fileEncoding = 4; lastKnownFileType = sourcecode.c.objc; path = "NSColor+CoreGraphicsAdditions.m"; sourceTree = "<group>"; };
		D0D51D0814880EEB00F15DA9 /* NSImage+CoreGraphicsAdditions.h */ = {isa = PBXFileReference; fileEncoding = 4; lastKnownFileType = sourcecode.c.h; path = "NSImage+CoreGraphicsAdditions.h"; sourceTree = "<group>"; };
		D0D51D0914880EEB00F15DA9 /* NSImage+CoreGraphicsAdditions.m */ = {isa = PBXFileReference; fileEncoding = 4; lastKnownFileType = sourcecode.c.objc; path = "NSImage+CoreGraphicsAdditions.m"; sourceTree = "<group>"; };
		D0D8C39D1478582C00FC9015 /* NSVelvetView.h */ = {isa = PBXFileReference; fileEncoding = 4; lastKnownFileType = sourcecode.c.h; path = NSVelvetView.h; sourceTree = "<group>"; };
		D0D8C39E1478582C00FC9015 /* NSVelvetView.m */ = {isa = PBXFileReference; fileEncoding = 4; lastKnownFileType = sourcecode.c.objc; path = NSVelvetView.m; sourceTree = "<group>"; };
		D0D8C3A814785A1300FC9015 /* VELView.h */ = {isa = PBXFileReference; fileEncoding = 4; lastKnownFileType = sourcecode.c.h; path = VELView.h; sourceTree = "<group>"; };
		D0D8C3A914785A1300FC9015 /* VELView.m */ = {isa = PBXFileReference; fileEncoding = 4; lastKnownFileType = sourcecode.c.objc; path = VELView.m; sourceTree = "<group>"; };
		D0D8C3AC14785CED00FC9015 /* QuartzCore.framework */ = {isa = PBXFileReference; lastKnownFileType = wrapper.framework; name = QuartzCore.framework; path = System/Library/Frameworks/QuartzCore.framework; sourceTree = SDKROOT; };
		D0DB8A7B149028D60082D3DA /* VELLabelTests.h */ = {isa = PBXFileReference; fileEncoding = 4; lastKnownFileType = sourcecode.c.h; path = VELLabelTests.h; sourceTree = "<group>"; };
		D0DB8A7C149028D60082D3DA /* VELLabelTests.m */ = {isa = PBXFileReference; fileEncoding = 4; lastKnownFileType = sourcecode.c.objc; path = VELLabelTests.m; sourceTree = "<group>"; };
		D0E8B35214831419003980B4 /* VELImageView.h */ = {isa = PBXFileReference; fileEncoding = 4; lastKnownFileType = sourcecode.c.h; path = VELImageView.h; sourceTree = "<group>"; };
		D0E8B35314831419003980B4 /* VELImageView.m */ = {isa = PBXFileReference; fileEncoding = 4; lastKnownFileType = sourcecode.c.objc; path = VELImageView.m; sourceTree = "<group>"; };
		D0EFFC01147851A80095AB35 /* Velvet.framework */ = {isa = PBXFileReference; explicitFileType = wrapper.framework; includeInIndex = 0; path = Velvet.framework; sourceTree = BUILT_PRODUCTS_DIR; };
		D0EFFC04147851A80095AB35 /* Cocoa.framework */ = {isa = PBXFileReference; lastKnownFileType = wrapper.framework; name = Cocoa.framework; path = System/Library/Frameworks/Cocoa.framework; sourceTree = SDKROOT; };
		D0EFFC07147851A80095AB35 /* AppKit.framework */ = {isa = PBXFileReference; lastKnownFileType = wrapper.framework; name = AppKit.framework; path = System/Library/Frameworks/AppKit.framework; sourceTree = SDKROOT; };
		D0EFFC08147851A80095AB35 /* CoreData.framework */ = {isa = PBXFileReference; lastKnownFileType = wrapper.framework; name = CoreData.framework; path = System/Library/Frameworks/CoreData.framework; sourceTree = SDKROOT; };
		D0EFFC09147851A80095AB35 /* Foundation.framework */ = {isa = PBXFileReference; lastKnownFileType = wrapper.framework; name = Foundation.framework; path = System/Library/Frameworks/Foundation.framework; sourceTree = SDKROOT; };
		D0EFFC0C147851A80095AB35 /* Velvet-Info.plist */ = {isa = PBXFileReference; lastKnownFileType = text.plist.xml; path = "Velvet-Info.plist"; sourceTree = "<group>"; };
		D0EFFC0E147851A80095AB35 /* en */ = {isa = PBXFileReference; lastKnownFileType = text.plist.strings; name = en; path = en.lproj/InfoPlist.strings; sourceTree = "<group>"; };
		D0EFFC10147851A80095AB35 /* Velvet-Prefix.pch */ = {isa = PBXFileReference; lastKnownFileType = sourcecode.c.h; path = "Velvet-Prefix.pch"; sourceTree = "<group>"; };
		D0EFFC11147851A80095AB35 /* Velvet.h */ = {isa = PBXFileReference; lastKnownFileType = sourcecode.c.h; path = Velvet.h; sourceTree = "<group>"; };
		D0EFFC19147851A80095AB35 /* VelvetTests.octest */ = {isa = PBXFileReference; explicitFileType = wrapper.cfbundle; includeInIndex = 0; path = VelvetTests.octest; sourceTree = BUILT_PRODUCTS_DIR; };
		D0EFFC1A147851A80095AB35 /* SenTestingKit.framework */ = {isa = PBXFileReference; lastKnownFileType = wrapper.framework; name = SenTestingKit.framework; path = Library/Frameworks/SenTestingKit.framework; sourceTree = DEVELOPER_DIR; };
		D0EFFC22147851A80095AB35 /* VelvetTests-Info.plist */ = {isa = PBXFileReference; lastKnownFileType = text.plist.xml; path = "VelvetTests-Info.plist"; sourceTree = "<group>"; };
		D0EFFC24147851A80095AB35 /* en */ = {isa = PBXFileReference; lastKnownFileType = text.plist.strings; name = en; path = en.lproj/InfoPlist.strings; sourceTree = "<group>"; };
		D0EFFC33147851E70095AB35 /* Common.xcconfig */ = {isa = PBXFileReference; lastKnownFileType = text.xcconfig; path = Common.xcconfig; sourceTree = "<group>"; };
		D0EFFC35147851E70095AB35 /* Debug.xcconfig */ = {isa = PBXFileReference; lastKnownFileType = text.xcconfig; path = Debug.xcconfig; sourceTree = "<group>"; };
		D0EFFC36147851E70095AB35 /* Profile.xcconfig */ = {isa = PBXFileReference; lastKnownFileType = text.xcconfig; path = Profile.xcconfig; sourceTree = "<group>"; };
		D0EFFC37147851E70095AB35 /* Release.xcconfig */ = {isa = PBXFileReference; lastKnownFileType = text.xcconfig; path = Release.xcconfig; sourceTree = "<group>"; };
		D0EFFC39147851E70095AB35 /* Application.xcconfig */ = {isa = PBXFileReference; lastKnownFileType = text.xcconfig; path = Application.xcconfig; sourceTree = "<group>"; };
		D0EFFC3A147851E70095AB35 /* StaticLibrary.xcconfig */ = {isa = PBXFileReference; lastKnownFileType = text.xcconfig; path = StaticLibrary.xcconfig; sourceTree = "<group>"; };
		D0EFFC3C147851E70095AB35 /* iOS-Application.xcconfig */ = {isa = PBXFileReference; lastKnownFileType = text.xcconfig; path = "iOS-Application.xcconfig"; sourceTree = "<group>"; };
		D0EFFC3D147851E70095AB35 /* iOS-Base.xcconfig */ = {isa = PBXFileReference; lastKnownFileType = text.xcconfig; path = "iOS-Base.xcconfig"; sourceTree = "<group>"; };
		D0EFFC3E147851E70095AB35 /* iOS-StaticLibrary.xcconfig */ = {isa = PBXFileReference; lastKnownFileType = text.xcconfig; path = "iOS-StaticLibrary.xcconfig"; sourceTree = "<group>"; };
		D0EFFC40147851E70095AB35 /* Mac-Application.xcconfig */ = {isa = PBXFileReference; lastKnownFileType = text.xcconfig; path = "Mac-Application.xcconfig"; sourceTree = "<group>"; };
		D0EFFC41147851E70095AB35 /* Mac-Base.xcconfig */ = {isa = PBXFileReference; lastKnownFileType = text.xcconfig; path = "Mac-Base.xcconfig"; sourceTree = "<group>"; };
		D0EFFC42147851E70095AB35 /* Mac-DynamicLibrary.xcconfig */ = {isa = PBXFileReference; lastKnownFileType = text.xcconfig; path = "Mac-DynamicLibrary.xcconfig"; sourceTree = "<group>"; };
		D0EFFC43147851E70095AB35 /* Mac-Framework.xcconfig */ = {isa = PBXFileReference; lastKnownFileType = text.xcconfig; path = "Mac-Framework.xcconfig"; sourceTree = "<group>"; };
		D0EFFC44147851E70095AB35 /* Mac-StaticLibrary.xcconfig */ = {isa = PBXFileReference; lastKnownFileType = text.xcconfig; path = "Mac-StaticLibrary.xcconfig"; sourceTree = "<group>"; };
		D0EFFC45147851E70095AB35 /* README.md */ = {isa = PBXFileReference; lastKnownFileType = text; path = README.md; sourceTree = "<group>"; };
		D0FBA3211482086100F9F5F6 /* metamacros.h */ = {isa = PBXFileReference; fileEncoding = 4; lastKnownFileType = sourcecode.c.h; name = metamacros.h; path = ../libextobjc/extobjc/metamacros.h; sourceTree = "<group>"; };
		D0FBA3231482086B00F9F5F6 /* EXTRuntimeExtensions.h */ = {isa = PBXFileReference; fileEncoding = 4; lastKnownFileType = sourcecode.c.h; name = EXTRuntimeExtensions.h; path = ../libextobjc/extobjc/Modules/EXTRuntimeExtensions.h; sourceTree = "<group>"; };
		D0FBA3241482086B00F9F5F6 /* EXTRuntimeExtensions.m */ = {isa = PBXFileReference; fileEncoding = 4; lastKnownFileType = sourcecode.c.objc; name = EXTRuntimeExtensions.m; path = ../libextobjc/extobjc/Modules/EXTRuntimeExtensions.m; sourceTree = "<group>"; };
		D0FBA3251482086B00F9F5F6 /* EXTSafeCategory.h */ = {isa = PBXFileReference; fileEncoding = 4; lastKnownFileType = sourcecode.c.h; name = EXTSafeCategory.h; path = ../libextobjc/extobjc/Modules/EXTSafeCategory.h; sourceTree = "<group>"; };
		D0FBA3261482086B00F9F5F6 /* EXTSafeCategory.m */ = {isa = PBXFileReference; fileEncoding = 4; lastKnownFileType = sourcecode.c.objc; name = EXTSafeCategory.m; path = ../libextobjc/extobjc/Modules/EXTSafeCategory.m; sourceTree = "<group>"; };
/* End PBXFileReference section */

/* Begin PBXFrameworksBuildPhase section */
		D0EFFBFD147851A80095AB35 /* Frameworks */ = {
			isa = PBXFrameworksBuildPhase;
			buildActionMask = 2147483647;
			files = (
				1E7BBD4C147B17400010375D /* ApplicationServices.framework in Frameworks */,
				D0D8C3AD14785CEE00FC9015 /* QuartzCore.framework in Frameworks */,
				D0EFFC05147851A80095AB35 /* Cocoa.framework in Frameworks */,
			);
			runOnlyForDeploymentPostprocessing = 0;
		};
		D0EFFC15147851A80095AB35 /* Frameworks */ = {
			isa = PBXFrameworksBuildPhase;
			buildActionMask = 2147483647;
			files = (
				D0EFFC1B147851A80095AB35 /* SenTestingKit.framework in Frameworks */,
				D0EFFC1C147851A80095AB35 /* Cocoa.framework in Frameworks */,
				D0EFFC1F147851A80095AB35 /* Velvet.framework in Frameworks */,
			);
			runOnlyForDeploymentPostprocessing = 0;
		};
/* End PBXFrameworksBuildPhase section */

/* Begin PBXGroup section */
		D00816A2148732A7001CDF5B /* Safe Dispatch */ = {
			isa = PBXGroup;
			children = (
				D00816A3148732B8001CDF5B /* SDGroup.h */,
				D00816A4148732B8001CDF5B /* SDGroup.m */,
				D00816A5148732B8001CDF5B /* SDQueue.h */,
				D00816A6148732B8001CDF5B /* SDQueue.m */,
			);
			name = "Safe Dispatch";
			sourceTree = "<group>";
		};
		D0150FF414790BF500126F09 /* Extensions */ = {
			isa = PBXGroup;
			children = (
				1E28194C1481EB14006A747C /* CALayer+GeometryAdditions.h */,
				1E28194D1481EB14006A747C /* CALayer+GeometryAdditions.m */,
				1E28194E1481EB14006A747C /* CATransaction+BlockAdditions.h */,
				1E28194F1481EB14006A747C /* CATransaction+BlockAdditions.m */,
				1E2819501481EB14006A747C /* CGBitmapContext+PixelFormatAdditions.h */,
				1E2819511481EB14006A747C /* CGBitmapContext+PixelFormatAdditions.m */,
				D0D51CF814880A0D00F15DA9 /* NSColor+CoreGraphicsAdditions.h */,
				D0D51CF914880A0D00F15DA9 /* NSColor+CoreGraphicsAdditions.m */,
				D0D51D0814880EEB00F15DA9 /* NSImage+CoreGraphicsAdditions.h */,
				D0D51D0914880EEB00F15DA9 /* NSImage+CoreGraphicsAdditions.m */,
				D03E64771482A29000E99AA2 /* NSView+ScrollViewAdditions.h */,
				D03E64781482A29000E99AA2 /* NSView+ScrollViewAdditions.m */,
				D0911B1B147C93AD00C7DF4E /* NSView+VELBridgedViewAdditions.h */,
				D0911B1C147C93AD00C7DF4E /* NSView+VELBridgedViewAdditions.m */,
				1E2819701481EE7B006A747C /* NSView+VELNSViewAdditions.h */,
				1E2819711481EE7B006A747C /* NSView+VELNSViewAdditions.m */,
			);
			name = Extensions;
			sourceTree = "<group>";
		};
		D01CF3AD1479A6A100C88D2B /* AppKit Bridging */ = {
			isa = PBXGroup;
			children = (
				0DCD37C4147DB86200A9D6E4 /* NSVelvetHostView.h */,
				0DCD37C5147DB86200A9D6E4 /* NSVelvetHostView.m */,
				D0D8C39D1478582C00FC9015 /* NSVelvetView.h */,
				D0D8C39E1478582C00FC9015 /* NSVelvetView.m */,
				D03E64501482717D00E99AA2 /* NSVelvetViewPrivate.h */,
				1E1790EA1481CC6C00177DC0 /* NSViewClipRenderer.h */,
				1E1790EB1481CC6C00177DC0 /* NSViewClipRenderer.m */,
				1E2819451481EAEF006A747C /* VELCAAction.h */,
				1E2819461481EAEF006A747C /* VELCAAction.m */,
				D0CE3D441485506B005CAE53 /* VELFocusRingLayer.h */,
				D0CE3D451485506B005CAE53 /* VELFocusRingLayer.m */,
				D01CF3D21479B18400C88D2B /* VELNSView.h */,
				D01CF3D31479B18400C88D2B /* VELNSView.m */,
				1E2819471481EAEF006A747C /* VELNSViewPrivate.h */,
			);
			name = "AppKit Bridging";
			sourceTree = "<group>";
		};
		D01CF3AF1479A6BD00C88D2B /* Native */ = {
			isa = PBXGroup;
			children = (
				D0305D781486FC960081D6EA /* VELControl.h */,
				D0305D791486FC960081D6EA /* VELControl.m */,
				D0E8B35214831419003980B4 /* VELImageView.h */,
				D0E8B35314831419003980B4 /* VELImageView.m */,
				1E7BBD3E147B157B0010375D /* VELLabel.h */,
				1E7BBD3F147B157B0010375D /* VELLabel.m */,
				D03E642114823DC200E99AA2 /* VELScrollView.h */,
				D03E642214823DC200E99AA2 /* VELScrollView.m */,
				D0D8C3A814785A1300FC9015 /* VELView.h */,
				D0D8C3A914785A1300FC9015 /* VELView.m */,
				D0150FE914790A1700126F09 /* VELViewPrivate.h */,
				D03E6426148243E800E99AA2 /* VELViewProtected.h */,
				0DEDDD3D147B5D5C0087037C /* VELWindow.h */,
				0DEDDD3E147B5D5C0087037C /* VELWindow.m */,
			);
			name = Native;
			sourceTree = "<group>";
		};
		D0D7305A147C860900090122 /* Protocols */ = {
			isa = PBXGroup;
			children = (
				D0CACD34147C86C0008C42B2 /* VELBridgedView.h */,
			);
			name = Protocols;
			sourceTree = "<group>";
		};
		D0D8C39C147856A400FC9015 /* Classes */ = {
			isa = PBXGroup;
			children = (
				D01CF3AD1479A6A100C88D2B /* AppKit Bridging */,
				D01CF3AF1479A6BD00C88D2B /* Native */,
			);
			name = Classes;
			sourceTree = "<group>";
		};
		D0EFFBF5147851A80095AB35 = {
			isa = PBXGroup;
			children = (
				D0EFFC0A147851A80095AB35 /* Velvet */,
				D0EFFC20147851A80095AB35 /* VelvetTests */,
				D0EFFC03147851A80095AB35 /* Frameworks */,
				D0EFFC31147851E70095AB35 /* Configuration */,
				D0EFFC02147851A80095AB35 /* Products */,
			);
			sourceTree = "<group>";
		};
		D0EFFC02147851A80095AB35 /* Products */ = {
			isa = PBXGroup;
			children = (
				D0EFFC01147851A80095AB35 /* Velvet.framework */,
				D0EFFC19147851A80095AB35 /* VelvetTests.octest */,
			);
			name = Products;
			sourceTree = "<group>";
		};
		D0EFFC03147851A80095AB35 /* Frameworks */ = {
			isa = PBXGroup;
			children = (
				D0FBA3201482085500F9F5F6 /* libextobjc */,
				D00816A2148732A7001CDF5B /* Safe Dispatch */,
				D0EFFC07147851A80095AB35 /* AppKit.framework */,
				1E7BBD4B147B17400010375D /* ApplicationServices.framework */,
				D0EFFC04147851A80095AB35 /* Cocoa.framework */,
				D0EFFC08147851A80095AB35 /* CoreData.framework */,
				D0EFFC09147851A80095AB35 /* Foundation.framework */,
				D0D8C3AC14785CED00FC9015 /* QuartzCore.framework */,
				D0EFFC1A147851A80095AB35 /* SenTestingKit.framework */,
			);
			name = Frameworks;
			sourceTree = "<group>";
		};
		D0EFFC0A147851A80095AB35 /* Velvet */ = {
			isa = PBXGroup;
			children = (
				D0EFFC11147851A80095AB35 /* Velvet.h */,
				D0D8C39C147856A400FC9015 /* Classes */,
				D0150FF414790BF500126F09 /* Extensions */,
				D0D7305A147C860900090122 /* Protocols */,
				D0EFFC0B147851A80095AB35 /* Supporting Files */,
			);
			path = Velvet;
			sourceTree = "<group>";
		};
		D0EFFC0B147851A80095AB35 /* Supporting Files */ = {
			isa = PBXGroup;
			children = (
				D0EFFC0C147851A80095AB35 /* Velvet-Info.plist */,
				D0EFFC0D147851A80095AB35 /* InfoPlist.strings */,
				D0EFFC10147851A80095AB35 /* Velvet-Prefix.pch */,
			);
			name = "Supporting Files";
			sourceTree = "<group>";
		};
		D0EFFC20147851A80095AB35 /* VelvetTests */ = {
			isa = PBXGroup;
			children = (
				D0DB8A7B149028D60082D3DA /* VELLabelTests.h */,
				D0DB8A7C149028D60082D3DA /* VELLabelTests.m */,
				D0EFFC21147851A80095AB35 /* Supporting Files */,
			);
			path = VelvetTests;
			sourceTree = "<group>";
		};
		D0EFFC21147851A80095AB35 /* Supporting Files */ = {
			isa = PBXGroup;
			children = (
				D0EFFC22147851A80095AB35 /* VelvetTests-Info.plist */,
				D0EFFC23147851A80095AB35 /* InfoPlist.strings */,
			);
			name = "Supporting Files";
			sourceTree = "<group>";
		};
		D0EFFC31147851E70095AB35 /* Configuration */ = {
			isa = PBXGroup;
			children = (
				D0EFFC32147851E70095AB35 /* Base */,
				D0EFFC3B147851E70095AB35 /* iOS */,
				D0EFFC3F147851E70095AB35 /* Mac OS X */,
				D0EFFC45147851E70095AB35 /* README.md */,
			);
			name = Configuration;
			path = ../../Configuration;
			sourceTree = "<group>";
		};
		D0EFFC32147851E70095AB35 /* Base */ = {
			isa = PBXGroup;
			children = (
				D0EFFC33147851E70095AB35 /* Common.xcconfig */,
				D0EFFC34147851E70095AB35 /* Configurations */,
				D0EFFC38147851E70095AB35 /* Targets */,
			);
			path = Base;
			sourceTree = "<group>";
		};
		D0EFFC34147851E70095AB35 /* Configurations */ = {
			isa = PBXGroup;
			children = (
				D0EFFC35147851E70095AB35 /* Debug.xcconfig */,
				D0EFFC36147851E70095AB35 /* Profile.xcconfig */,
				D0EFFC37147851E70095AB35 /* Release.xcconfig */,
			);
			path = Configurations;
			sourceTree = "<group>";
		};
		D0EFFC38147851E70095AB35 /* Targets */ = {
			isa = PBXGroup;
			children = (
				D0EFFC39147851E70095AB35 /* Application.xcconfig */,
				D0EFFC3A147851E70095AB35 /* StaticLibrary.xcconfig */,
			);
			path = Targets;
			sourceTree = "<group>";
		};
		D0EFFC3B147851E70095AB35 /* iOS */ = {
			isa = PBXGroup;
			children = (
				D0EFFC3C147851E70095AB35 /* iOS-Application.xcconfig */,
				D0EFFC3D147851E70095AB35 /* iOS-Base.xcconfig */,
				D0EFFC3E147851E70095AB35 /* iOS-StaticLibrary.xcconfig */,
			);
			path = iOS;
			sourceTree = "<group>";
		};
		D0EFFC3F147851E70095AB35 /* Mac OS X */ = {
			isa = PBXGroup;
			children = (
				D0EFFC40147851E70095AB35 /* Mac-Application.xcconfig */,
				D0EFFC41147851E70095AB35 /* Mac-Base.xcconfig */,
				D0EFFC42147851E70095AB35 /* Mac-DynamicLibrary.xcconfig */,
				D0EFFC43147851E70095AB35 /* Mac-Framework.xcconfig */,
				D0EFFC44147851E70095AB35 /* Mac-StaticLibrary.xcconfig */,
			);
			path = "Mac OS X";
			sourceTree = "<group>";
		};
		D0FBA3201482085500F9F5F6 /* libextobjc */ = {
			isa = PBXGroup;
			children = (
				D0FBA3231482086B00F9F5F6 /* EXTRuntimeExtensions.h */,
				D0FBA3241482086B00F9F5F6 /* EXTRuntimeExtensions.m */,
				D0FBA3251482086B00F9F5F6 /* EXTSafeCategory.h */,
				D0FBA3261482086B00F9F5F6 /* EXTSafeCategory.m */,
				D03E643214825B3A00E99AA2 /* EXTScope.h */,
				D03E643314825B3A00E99AA2 /* EXTScope.m */,
				D0FBA3211482086100F9F5F6 /* metamacros.h */,
			);
			name = libextobjc;
			sourceTree = "<group>";
		};
/* End PBXGroup section */

/* Begin PBXHeadersBuildPhase section */
		D0EFFBFE147851A80095AB35 /* Headers */ = {
			isa = PBXHeadersBuildPhase;
			buildActionMask = 2147483647;
			files = (
				D0D8C39B1478569600FC9015 /* Velvet.h in Headers */,
				D0D8C39F1478582C00FC9015 /* NSVelvetView.h in Headers */,
				D0D8C3AA14785A1300FC9015 /* VELView.h in Headers */,
				D0150FEA14790A1700126F09 /* VELViewPrivate.h in Headers */,
				D01CF3D41479B18400C88D2B /* VELNSView.h in Headers */,
				1E7BBD40147B157C0010375D /* VELLabel.h in Headers */,
				0DEDDD3F147B5D5C0087037C /* VELWindow.h in Headers */,
				D0CACD35147C86C0008C42B2 /* VELBridgedView.h in Headers */,
				D0911B1D147C93AD00C7DF4E /* NSView+VELBridgedViewAdditions.h in Headers */,
				0DCD37C6147DB86200A9D6E4 /* NSVelvetHostView.h in Headers */,
				1E1790EC1481CC6C00177DC0 /* NSViewClipRenderer.h in Headers */,
				1E2819481481EAEF006A747C /* VELCAAction.h in Headers */,
				1E28194A1481EAEF006A747C /* VELNSViewPrivate.h in Headers */,
				1E2819521481EB14006A747C /* CALayer+GeometryAdditions.h in Headers */,
				1E2819541481EB14006A747C /* CATransaction+BlockAdditions.h in Headers */,
				1E2819561481EB14006A747C /* CGBitmapContext+PixelFormatAdditions.h in Headers */,
				1E2819721481EE7B006A747C /* NSView+VELNSViewAdditions.h in Headers */,
				D0FBA3221482086100F9F5F6 /* metamacros.h in Headers */,
				D0FBA3271482086B00F9F5F6 /* EXTRuntimeExtensions.h in Headers */,
				D0FBA3291482086B00F9F5F6 /* EXTSafeCategory.h in Headers */,
				D03E6428148243E800E99AA2 /* VELViewProtected.h in Headers */,
				D03E643414825B3A00E99AA2 /* EXTScope.h in Headers */,
				D03E64521482717E00E99AA2 /* NSVelvetViewPrivate.h in Headers */,
				D03E642314823DC200E99AA2 /* VELScrollView.h in Headers */,
				D03E64791482A29000E99AA2 /* NSView+ScrollViewAdditions.h in Headers */,
				D0E8B35414831419003980B4 /* VELImageView.h in Headers */,
				D0CE3D461485506B005CAE53 /* VELFocusRingLayer.h in Headers */,
				D0305D7A1486FC960081D6EA /* VELControl.h in Headers */,
				D00816A7148732B8001CDF5B /* SDGroup.h in Headers */,
				D00816A9148732B8001CDF5B /* SDQueue.h in Headers */,
				D0D51CFA14880A0D00F15DA9 /* NSColor+CoreGraphicsAdditions.h in Headers */,
				D0D51D0A14880EEB00F15DA9 /* NSImage+CoreGraphicsAdditions.h in Headers */,
			);
			runOnlyForDeploymentPostprocessing = 0;
		};
/* End PBXHeadersBuildPhase section */

/* Begin PBXNativeTarget section */
		D0EFFC00147851A80095AB35 /* Velvet */ = {
			isa = PBXNativeTarget;
			buildConfigurationList = D0EFFC2B147851A80095AB35 /* Build configuration list for PBXNativeTarget "Velvet" */;
			buildPhases = (
				D0EFFBFC147851A80095AB35 /* Sources */,
				D0EFFBFD147851A80095AB35 /* Frameworks */,
				D0EFFBFE147851A80095AB35 /* Headers */,
				D0EFFBFF147851A80095AB35 /* Resources */,
			);
			buildRules = (
			);
			dependencies = (
			);
			name = Velvet;
			productName = Velvet;
			productReference = D0EFFC01147851A80095AB35 /* Velvet.framework */;
			productType = "com.apple.product-type.framework";
		};
		D0EFFC18147851A80095AB35 /* VelvetTests */ = {
			isa = PBXNativeTarget;
			buildConfigurationList = D0EFFC2E147851A80095AB35 /* Build configuration list for PBXNativeTarget "VelvetTests" */;
			buildPhases = (
				D0EFFC14147851A80095AB35 /* Sources */,
				D0EFFC15147851A80095AB35 /* Frameworks */,
				D0EFFC16147851A80095AB35 /* Resources */,
				D0EFFC17147851A80095AB35 /* ShellScript */,
			);
			buildRules = (
			);
			dependencies = (
				D0EFFC1E147851A80095AB35 /* PBXTargetDependency */,
			);
			name = VelvetTests;
			productName = VelvetTests;
			productReference = D0EFFC19147851A80095AB35 /* VelvetTests.octest */;
			productType = "com.apple.product-type.bundle";
		};
/* End PBXNativeTarget section */

/* Begin PBXProject section */
		D0EFFBF7147851A80095AB35 /* Project object */ = {
			isa = PBXProject;
			attributes = {
				LastUpgradeCheck = 0420;
				ORGANIZATIONNAME = "Emerald Lark";
			};
			buildConfigurationList = D0EFFBFA147851A80095AB35 /* Build configuration list for PBXProject "Velvet" */;
			compatibilityVersion = "Xcode 3.2";
			developmentRegion = English;
			hasScannedForEncodings = 0;
			knownRegions = (
				en,
			);
			mainGroup = D0EFFBF5147851A80095AB35;
			productRefGroup = D0EFFC02147851A80095AB35 /* Products */;
			projectDirPath = "";
			projectRoot = "";
			targets = (
				D0EFFC00147851A80095AB35 /* Velvet */,
				D0EFFC18147851A80095AB35 /* VelvetTests */,
			);
		};
/* End PBXProject section */

/* Begin PBXResourcesBuildPhase section */
		D0EFFBFF147851A80095AB35 /* Resources */ = {
			isa = PBXResourcesBuildPhase;
			buildActionMask = 2147483647;
			files = (
				D0EFFC0F147851A80095AB35 /* InfoPlist.strings in Resources */,
			);
			runOnlyForDeploymentPostprocessing = 0;
		};
		D0EFFC16147851A80095AB35 /* Resources */ = {
			isa = PBXResourcesBuildPhase;
			buildActionMask = 2147483647;
			files = (
				D0EFFC25147851A80095AB35 /* InfoPlist.strings in Resources */,
			);
			runOnlyForDeploymentPostprocessing = 0;
		};
/* End PBXResourcesBuildPhase section */

/* Begin PBXShellScriptBuildPhase section */
		D0EFFC17147851A80095AB35 /* ShellScript */ = {
			isa = PBXShellScriptBuildPhase;
			buildActionMask = 2147483647;
			files = (
			);
			inputPaths = (
			);
			outputPaths = (
			);
			runOnlyForDeploymentPostprocessing = 0;
			shellPath = /bin/sh;
			shellScript = "# Run the unit tests in this test bundle.\n\"${SYSTEM_DEVELOPER_DIR}/Tools/RunUnitTests\"\n";
		};
/* End PBXShellScriptBuildPhase section */

/* Begin PBXSourcesBuildPhase section */
		D0EFFBFC147851A80095AB35 /* Sources */ = {
			isa = PBXSourcesBuildPhase;
			buildActionMask = 2147483647;
			files = (
				D0D8C3A01478582C00FC9015 /* NSVelvetView.m in Sources */,
				D0D8C3AB14785A1300FC9015 /* VELView.m in Sources */,
				D01CF3D51479B18400C88D2B /* VELNSView.m in Sources */,
				1E7BBD41147B157C0010375D /* VELLabel.m in Sources */,
				0DEDDD40147B5D5C0087037C /* VELWindow.m in Sources */,
				D0911B1E147C93AD00C7DF4E /* NSView+VELBridgedViewAdditions.m in Sources */,
				0DCD37C7147DB86200A9D6E4 /* NSVelvetHostView.m in Sources */,
				1E1790ED1481CC6C00177DC0 /* NSViewClipRenderer.m in Sources */,
				1E2819491481EAEF006A747C /* VELCAAction.m in Sources */,
				1E2819531481EB14006A747C /* CALayer+GeometryAdditions.m in Sources */,
				1E2819551481EB14006A747C /* CATransaction+BlockAdditions.m in Sources */,
				1E2819571481EB14006A747C /* CGBitmapContext+PixelFormatAdditions.m in Sources */,
				1E2819731481EE7B006A747C /* NSView+VELNSViewAdditions.m in Sources */,
				D0FBA3281482086B00F9F5F6 /* EXTRuntimeExtensions.m in Sources */,
				D0FBA32A1482086B00F9F5F6 /* EXTSafeCategory.m in Sources */,
				D03E643514825B3A00E99AA2 /* EXTScope.m in Sources */,
				D03E642414823DC200E99AA2 /* VELScrollView.m in Sources */,
				D03E647A1482A29000E99AA2 /* NSView+ScrollViewAdditions.m in Sources */,
				D0E8B35514831419003980B4 /* VELImageView.m in Sources */,
				D0CE3D471485506B005CAE53 /* VELFocusRingLayer.m in Sources */,
				D0305D7B1486FC960081D6EA /* VELControl.m in Sources */,
				D00816A8148732B8001CDF5B /* SDGroup.m in Sources */,
				D00816AA148732B8001CDF5B /* SDQueue.m in Sources */,
				D0D51CFB14880A0D00F15DA9 /* NSColor+CoreGraphicsAdditions.m in Sources */,
				D0D51D0B14880EEB00F15DA9 /* NSImage+CoreGraphicsAdditions.m in Sources */,
			);
			runOnlyForDeploymentPostprocessing = 0;
		};
		D0EFFC14147851A80095AB35 /* Sources */ = {
			isa = PBXSourcesBuildPhase;
			buildActionMask = 2147483647;
			files = (
				D0DB8A7D149028D60082D3DA /* VELLabelTests.m in Sources */,
			);
			runOnlyForDeploymentPostprocessing = 0;
		};
/* End PBXSourcesBuildPhase section */

/* Begin PBXTargetDependency section */
		D0EFFC1E147851A80095AB35 /* PBXTargetDependency */ = {
			isa = PBXTargetDependency;
			target = D0EFFC00147851A80095AB35 /* Velvet */;
			targetProxy = D0EFFC1D147851A80095AB35 /* PBXContainerItemProxy */;
		};
/* End PBXTargetDependency section */

/* Begin PBXVariantGroup section */
		D0EFFC0D147851A80095AB35 /* InfoPlist.strings */ = {
			isa = PBXVariantGroup;
			children = (
				D0EFFC0E147851A80095AB35 /* en */,
			);
			name = InfoPlist.strings;
			sourceTree = "<group>";
		};
		D0EFFC23147851A80095AB35 /* InfoPlist.strings */ = {
			isa = PBXVariantGroup;
			children = (
				D0EFFC24147851A80095AB35 /* en */,
			);
			name = InfoPlist.strings;
			sourceTree = "<group>";
		};
/* End PBXVariantGroup section */

/* Begin XCBuildConfiguration section */
		D0EEC6081489F631002F8441 /* Profile */ = {
			isa = XCBuildConfiguration;
			baseConfigurationReference = D0EFFC36147851E70095AB35 /* Profile.xcconfig */;
			buildSettings = {
				ARCHS = "$(ARCHS_STANDARD_64_BIT)";
				CLANG_ENABLE_OBJC_ARC = YES;
				GCC_C_LANGUAGE_STANDARD = gnu99;
				GCC_ENABLE_OBJC_EXCEPTIONS = YES;
				HEADER_SEARCH_PATHS = (
					../SafeDispatch/Framework/SafeDispatch,
					"../libextobjc/extobjc/**",
				);
				MACOSX_DEPLOYMENT_TARGET = 10.7;
				SDKROOT = macosx;
			};
			name = Profile;
		};
		D0EEC6091489F631002F8441 /* Profile */ = {
			isa = XCBuildConfiguration;
			baseConfigurationReference = D0EFFC43147851E70095AB35 /* Mac-Framework.xcconfig */;
			buildSettings = {
				DYLIB_COMPATIBILITY_VERSION = 1;
				DYLIB_CURRENT_VERSION = 1;
				FRAMEWORK_VERSION = A;
				GCC_PRECOMPILE_PREFIX_HEADER = YES;
				GCC_PREFIX_HEADER = "Velvet/Velvet-Prefix.pch";
				INFOPLIST_FILE = "Velvet/Velvet-Info.plist";
				PRODUCT_NAME = "$(TARGET_NAME)";
				WRAPPER_EXTENSION = framework;
			};
			name = Profile;
		};
		D0EEC60A1489F631002F8441 /* Profile */ = {
			isa = XCBuildConfiguration;
			baseConfigurationReference = D0EFFC40147851E70095AB35 /* Mac-Application.xcconfig */;
			buildSettings = {
				FRAMEWORK_SEARCH_PATHS = "$(DEVELOPER_LIBRARY_DIR)/Frameworks";
				GCC_PRECOMPILE_PREFIX_HEADER = YES;
				GCC_PREFIX_HEADER = "Velvet/Velvet-Prefix.pch";
				INFOPLIST_FILE = "VelvetTests/VelvetTests-Info.plist";
				PRODUCT_NAME = "$(TARGET_NAME)";
				WRAPPER_EXTENSION = octest;
			};
			name = Profile;
		};
		D0EFFC29147851A80095AB35 /* Debug */ = {
			isa = XCBuildConfiguration;
			baseConfigurationReference = D0EFFC35147851E70095AB35 /* Debug.xcconfig */;
			buildSettings = {
				ARCHS = "$(ARCHS_STANDARD_64_BIT)";
				CLANG_ENABLE_OBJC_ARC = YES;
				GCC_C_LANGUAGE_STANDARD = gnu99;
				GCC_ENABLE_OBJC_EXCEPTIONS = YES;
				HEADER_SEARCH_PATHS = (
					../SafeDispatch/Framework/SafeDispatch,
					"../libextobjc/extobjc/**",
				);
				MACOSX_DEPLOYMENT_TARGET = 10.7;
				SDKROOT = macosx;
			};
			name = Debug;
		};
		D0EFFC2A147851A80095AB35 /* Release */ = {
			isa = XCBuildConfiguration;
			baseConfigurationReference = D0EFFC37147851E70095AB35 /* Release.xcconfig */;
			buildSettings = {
				ARCHS = "$(ARCHS_STANDARD_64_BIT)";
				CLANG_ENABLE_OBJC_ARC = YES;
				GCC_C_LANGUAGE_STANDARD = gnu99;
				GCC_ENABLE_OBJC_EXCEPTIONS = YES;
				HEADER_SEARCH_PATHS = (
					../SafeDispatch/Framework/SafeDispatch,
					"../libextobjc/extobjc/**",
				);
				MACOSX_DEPLOYMENT_TARGET = 10.7;
				SDKROOT = macosx;
			};
			name = Release;
		};
		D0EFFC2C147851A80095AB35 /* Debug */ = {
			isa = XCBuildConfiguration;
			baseConfigurationReference = D0EFFC43147851E70095AB35 /* Mac-Framework.xcconfig */;
			buildSettings = {
				DYLIB_COMPATIBILITY_VERSION = 1;
				DYLIB_CURRENT_VERSION = 1;
				FRAMEWORK_VERSION = A;
				GCC_PRECOMPILE_PREFIX_HEADER = YES;
				GCC_PREFIX_HEADER = "Velvet/Velvet-Prefix.pch";
				INFOPLIST_FILE = "Velvet/Velvet-Info.plist";
				PRODUCT_NAME = "$(TARGET_NAME)";
				WRAPPER_EXTENSION = framework;
			};
			name = Debug;
		};
		D0EFFC2D147851A80095AB35 /* Release */ = {
			isa = XCBuildConfiguration;
			baseConfigurationReference = D0EFFC43147851E70095AB35 /* Mac-Framework.xcconfig */;
			buildSettings = {
				DYLIB_COMPATIBILITY_VERSION = 1;
				DYLIB_CURRENT_VERSION = 1;
				FRAMEWORK_VERSION = A;
				GCC_PRECOMPILE_PREFIX_HEADER = YES;
				GCC_PREFIX_HEADER = "Velvet/Velvet-Prefix.pch";
				INFOPLIST_FILE = "Velvet/Velvet-Info.plist";
				PRODUCT_NAME = "$(TARGET_NAME)";
				WRAPPER_EXTENSION = framework;
			};
			name = Release;
		};
		D0EFFC2F147851A80095AB35 /* Debug */ = {
			isa = XCBuildConfiguration;
			baseConfigurationReference = D0EFFC40147851E70095AB35 /* Mac-Application.xcconfig */;
			buildSettings = {
				FRAMEWORK_SEARCH_PATHS = "$(DEVELOPER_LIBRARY_DIR)/Frameworks";
				GCC_PRECOMPILE_PREFIX_HEADER = YES;
				GCC_PREFIX_HEADER = "Velvet/Velvet-Prefix.pch";
				INFOPLIST_FILE = "VelvetTests/VelvetTests-Info.plist";
				PRODUCT_NAME = "$(TARGET_NAME)";
				WRAPPER_EXTENSION = octest;
			};
			name = Debug;
		};
		D0EFFC30147851A80095AB35 /* Release */ = {
			isa = XCBuildConfiguration;
			baseConfigurationReference = D0EFFC40147851E70095AB35 /* Mac-Application.xcconfig */;
			buildSettings = {
				FRAMEWORK_SEARCH_PATHS = "$(DEVELOPER_LIBRARY_DIR)/Frameworks";
				GCC_PRECOMPILE_PREFIX_HEADER = YES;
				GCC_PREFIX_HEADER = "Velvet/Velvet-Prefix.pch";
				INFOPLIST_FILE = "VelvetTests/VelvetTests-Info.plist";
				PRODUCT_NAME = "$(TARGET_NAME)";
				WRAPPER_EXTENSION = octest;
			};
			name = Release;
		};
/* End XCBuildConfiguration section */

/* Begin XCConfigurationList section */
		D0EFFBFA147851A80095AB35 /* Build configuration list for PBXProject "Velvet" */ = {
			isa = XCConfigurationList;
			buildConfigurations = (
				D0EFFC29147851A80095AB35 /* Debug */,
				D0EFFC2A147851A80095AB35 /* Release */,
				D0EEC6081489F631002F8441 /* Profile */,
			);
			defaultConfigurationIsVisible = 0;
			defaultConfigurationName = Release;
		};
		D0EFFC2B147851A80095AB35 /* Build configuration list for PBXNativeTarget "Velvet" */ = {
			isa = XCConfigurationList;
			buildConfigurations = (
				D0EFFC2C147851A80095AB35 /* Debug */,
				D0EFFC2D147851A80095AB35 /* Release */,
				D0EEC6091489F631002F8441 /* Profile */,
			);
			defaultConfigurationIsVisible = 0;
			defaultConfigurationName = Release;
		};
		D0EFFC2E147851A80095AB35 /* Build configuration list for PBXNativeTarget "VelvetTests" */ = {
			isa = XCConfigurationList;
			buildConfigurations = (
				D0EFFC2F147851A80095AB35 /* Debug */,
				D0EFFC30147851A80095AB35 /* Release */,
				D0EEC60A1489F631002F8441 /* Profile */,
			);
			defaultConfigurationIsVisible = 0;
			defaultConfigurationName = Release;
		};
/* End XCConfigurationList section */
	};
	rootObject = D0EFFBF7147851A80095AB35 /* Project object */;
}
