// !$*UTF8*$!
{
	archiveVersion = 1;
	classes = {
	};
	objectVersion = 46;
	objects = {

/* Begin PBXBuildFile section */
		1A0D066C14846766007558AE /* lolcats.jpg in Resources */ = {isa = PBXBuildFile; fileRef = 1A0D066B14846766007558AE /* lolcats.jpg */; };
		1E23712F14858240005B222B /* VELDraggingDestinationView.m in Sources */ = {isa = PBXBuildFile; fileRef = 1E23712E14858240005B222B /* VELDraggingDestinationView.m */; };
		D0927BA51479C1E2008F04C4 /* iceberg.jpg in Resources */ = {isa = PBXBuildFile; fileRef = D0927BA41479C1E2008F04C4 /* iceberg.jpg */; };
		D0CE681F1492E41100C38D20 /* Velvet.framework in Copy Frameworks */ = {isa = PBXBuildFile; fileRef = D0CE681A1492E3DF00C38D20 /* Velvet.framework */; };
		D0CE68201492E43F00C38D20 /* Velvet.framework in Frameworks */ = {isa = PBXBuildFile; fileRef = D0CE681A1492E3DF00C38D20 /* Velvet.framework */; };
		D0D8C3AF14785CFD00FC9015 /* QuartzCore.framework in Frameworks */ = {isa = PBXBuildFile; fileRef = D0D8C3AE14785CFD00FC9015 /* QuartzCore.framework */; };
		D0D8C3BC14786AFD00FC9015 /* SquareView.m in Sources */ = {isa = PBXBuildFile; fileRef = D0D8C3BB14786AFD00FC9015 /* SquareView.m */; };
		D0EFFCA5147852A70095AB35 /* Cocoa.framework in Frameworks */ = {isa = PBXBuildFile; fileRef = D0EFFCA4147852A70095AB35 /* Cocoa.framework */; };
		D0EFFCAF147852A70095AB35 /* InfoPlist.strings in Resources */ = {isa = PBXBuildFile; fileRef = D0EFFCAD147852A70095AB35 /* InfoPlist.strings */; };
		D0EFFCB1147852A70095AB35 /* main.m in Sources */ = {isa = PBXBuildFile; fileRef = D0EFFCB0147852A70095AB35 /* main.m */; };
		D0EFFCB5147852A70095AB35 /* Credits.rtf in Resources */ = {isa = PBXBuildFile; fileRef = D0EFFCB3147852A70095AB35 /* Credits.rtf */; };
		D0EFFCB8147852A70095AB35 /* AppDelegate.m in Sources */ = {isa = PBXBuildFile; fileRef = D0EFFCB7147852A70095AB35 /* AppDelegate.m */; };
		D0EFFCBB147852A70095AB35 /* MainMenu.xib in Resources */ = {isa = PBXBuildFile; fileRef = D0EFFCB9147852A70095AB35 /* MainMenu.xib */; };
		D0EFFCC3147852A70095AB35 /* SenTestingKit.framework in Frameworks */ = {isa = PBXBuildFile; fileRef = D0EFFCC2147852A70095AB35 /* SenTestingKit.framework */; };
		D0EFFCC4147852A70095AB35 /* Cocoa.framework in Frameworks */ = {isa = PBXBuildFile; fileRef = D0EFFCA4147852A70095AB35 /* Cocoa.framework */; };
		D0EFFCCC147852A70095AB35 /* InfoPlist.strings in Resources */ = {isa = PBXBuildFile; fileRef = D0EFFCCA147852A70095AB35 /* InfoPlist.strings */; };
		D0EFFCCF147852A70095AB35 /* VelvetDemoTests.m in Sources */ = {isa = PBXBuildFile; fileRef = D0EFFCCE147852A70095AB35 /* VelvetDemoTests.m */; };
/* End PBXBuildFile section */

/* Begin PBXContainerItemProxy section */
		D0CE68191492E3DF00C38D20 /* PBXContainerItemProxy */ = {
			isa = PBXContainerItemProxy;
			containerPortal = D0EFFCF1147853070095AB35 /* Velvet.xcodeproj */;
			proxyType = 2;
			remoteGlobalIDString = D0EFFC01147851A80095AB35;
			remoteInfo = Velvet;
		};
		D0CE681B1492E3DF00C38D20 /* PBXContainerItemProxy */ = {
			isa = PBXContainerItemProxy;
			containerPortal = D0EFFCF1147853070095AB35 /* Velvet.xcodeproj */;
			proxyType = 2;
			remoteGlobalIDString = D0EFFC19147851A80095AB35;
			remoteInfo = VelvetTests;
		};
		D0CE681D1492E40800C38D20 /* PBXContainerItemProxy */ = {
			isa = PBXContainerItemProxy;
			containerPortal = D0EFFCF1147853070095AB35 /* Velvet.xcodeproj */;
			proxyType = 1;
			remoteGlobalIDString = D0EFFC00147851A80095AB35;
			remoteInfo = Velvet;
		};
		D0EFFCC5147852A70095AB35 /* PBXContainerItemProxy */ = {
			isa = PBXContainerItemProxy;
			containerPortal = D0EFFC97147852A70095AB35 /* Project object */;
			proxyType = 1;
			remoteGlobalIDString = D0EFFC9F147852A70095AB35;
			remoteInfo = VelvetDemo;
		};
/* End PBXContainerItemProxy section */

/* Begin PBXCopyFilesBuildPhase section */
		D0EFFD01147853150095AB35 /* Copy Frameworks */ = {
			isa = PBXCopyFilesBuildPhase;
			buildActionMask = 2147483647;
			dstPath = "";
			dstSubfolderSpec = 10;
			files = (
				D0CE681F1492E41100C38D20 /* Velvet.framework in Copy Frameworks */,
			);
			name = "Copy Frameworks";
			runOnlyForDeploymentPostprocessing = 0;
		};
/* End PBXCopyFilesBuildPhase section */

/* Begin PBXFileReference section */
		1A0D066B14846766007558AE /* lolcats.jpg */ = {isa = PBXFileReference; lastKnownFileType = image.jpeg; path = lolcats.jpg; sourceTree = "<group>"; };
		1E23712D14858240005B222B /* VELDraggingDestinationView.h */ = {isa = PBXFileReference; fileEncoding = 4; lastKnownFileType = sourcecode.c.h; path = VELDraggingDestinationView.h; sourceTree = "<group>"; };
		1E23712E14858240005B222B /* VELDraggingDestinationView.m */ = {isa = PBXFileReference; fileEncoding = 4; lastKnownFileType = sourcecode.c.objc; path = VELDraggingDestinationView.m; sourceTree = "<group>"; };
		D0927BA41479C1E2008F04C4 /* iceberg.jpg */ = {isa = PBXFileReference; lastKnownFileType = image.jpeg; path = iceberg.jpg; sourceTree = "<group>"; };
		D0D8C3AE14785CFD00FC9015 /* QuartzCore.framework */ = {isa = PBXFileReference; lastKnownFileType = wrapper.framework; name = QuartzCore.framework; path = System/Library/Frameworks/QuartzCore.framework; sourceTree = SDKROOT; };
		D0D8C3BA14786AFD00FC9015 /* SquareView.h */ = {isa = PBXFileReference; fileEncoding = 4; lastKnownFileType = sourcecode.c.h; path = SquareView.h; sourceTree = "<group>"; };
		D0D8C3BB14786AFD00FC9015 /* SquareView.m */ = {isa = PBXFileReference; fileEncoding = 4; lastKnownFileType = sourcecode.c.objc; path = SquareView.m; sourceTree = "<group>"; };
		D0EFFCA0147852A70095AB35 /* VelvetDemo.app */ = {isa = PBXFileReference; explicitFileType = wrapper.application; includeInIndex = 0; path = VelvetDemo.app; sourceTree = BUILT_PRODUCTS_DIR; };
		D0EFFCA4147852A70095AB35 /* Cocoa.framework */ = {isa = PBXFileReference; lastKnownFileType = wrapper.framework; name = Cocoa.framework; path = System/Library/Frameworks/Cocoa.framework; sourceTree = SDKROOT; };
		D0EFFCA7147852A70095AB35 /* AppKit.framework */ = {isa = PBXFileReference; lastKnownFileType = wrapper.framework; name = AppKit.framework; path = System/Library/Frameworks/AppKit.framework; sourceTree = SDKROOT; };
		D0EFFCA8147852A70095AB35 /* CoreData.framework */ = {isa = PBXFileReference; lastKnownFileType = wrapper.framework; name = CoreData.framework; path = System/Library/Frameworks/CoreData.framework; sourceTree = SDKROOT; };
		D0EFFCA9147852A70095AB35 /* Foundation.framework */ = {isa = PBXFileReference; lastKnownFileType = wrapper.framework; name = Foundation.framework; path = System/Library/Frameworks/Foundation.framework; sourceTree = SDKROOT; };
		D0EFFCAC147852A70095AB35 /* VelvetDemo-Info.plist */ = {isa = PBXFileReference; lastKnownFileType = text.plist.xml; path = "VelvetDemo-Info.plist"; sourceTree = "<group>"; };
		D0EFFCAE147852A70095AB35 /* en */ = {isa = PBXFileReference; lastKnownFileType = text.plist.strings; name = en; path = en.lproj/InfoPlist.strings; sourceTree = "<group>"; };
		D0EFFCB0147852A70095AB35 /* main.m */ = {isa = PBXFileReference; lastKnownFileType = sourcecode.c.objc; path = main.m; sourceTree = "<group>"; };
		D0EFFCB2147852A70095AB35 /* VelvetDemo-Prefix.pch */ = {isa = PBXFileReference; lastKnownFileType = sourcecode.c.h; path = "VelvetDemo-Prefix.pch"; sourceTree = "<group>"; };
		D0EFFCB4147852A70095AB35 /* en */ = {isa = PBXFileReference; lastKnownFileType = text.rtf; name = en; path = en.lproj/Credits.rtf; sourceTree = "<group>"; };
		D0EFFCB6147852A70095AB35 /* AppDelegate.h */ = {isa = PBXFileReference; lastKnownFileType = sourcecode.c.h; path = AppDelegate.h; sourceTree = "<group>"; };
		D0EFFCB7147852A70095AB35 /* AppDelegate.m */ = {isa = PBXFileReference; lastKnownFileType = sourcecode.c.objc; path = AppDelegate.m; sourceTree = "<group>"; };
		D0EFFCBA147852A70095AB35 /* en */ = {isa = PBXFileReference; lastKnownFileType = file.xib; name = en; path = en.lproj/MainMenu.xib; sourceTree = "<group>"; };
		D0EFFCC1147852A70095AB35 /* VelvetDemoTests.octest */ = {isa = PBXFileReference; explicitFileType = wrapper.cfbundle; includeInIndex = 0; path = VelvetDemoTests.octest; sourceTree = BUILT_PRODUCTS_DIR; };
		D0EFFCC2147852A70095AB35 /* SenTestingKit.framework */ = {isa = PBXFileReference; lastKnownFileType = wrapper.framework; name = SenTestingKit.framework; path = Library/Frameworks/SenTestingKit.framework; sourceTree = DEVELOPER_DIR; };
		D0EFFCC9147852A70095AB35 /* VelvetDemoTests-Info.plist */ = {isa = PBXFileReference; lastKnownFileType = text.plist.xml; path = "VelvetDemoTests-Info.plist"; sourceTree = "<group>"; };
		D0EFFCCB147852A70095AB35 /* en */ = {isa = PBXFileReference; lastKnownFileType = text.plist.strings; name = en; path = en.lproj/InfoPlist.strings; sourceTree = "<group>"; };
		D0EFFCCD147852A70095AB35 /* VelvetDemoTests.h */ = {isa = PBXFileReference; lastKnownFileType = sourcecode.c.h; path = VelvetDemoTests.h; sourceTree = "<group>"; };
		D0EFFCCE147852A70095AB35 /* VelvetDemoTests.m */ = {isa = PBXFileReference; lastKnownFileType = sourcecode.c.objc; path = VelvetDemoTests.m; sourceTree = "<group>"; };
		D0EFFCF1147853070095AB35 /* Velvet.xcodeproj */ = {isa = PBXFileReference; lastKnownFileType = "wrapper.pb-project"; name = Velvet.xcodeproj; path = ../../Frameworks/Velvet/Velvet.xcodeproj; sourceTree = "<group>"; };
		D0F5CDB914C57D0F00966B2D /* Common.xcconfig */ = {isa = PBXFileReference; lastKnownFileType = text.xcconfig; path = Common.xcconfig; sourceTree = "<group>"; };
		D0F5CDBB14C57D0F00966B2D /* Debug.xcconfig */ = {isa = PBXFileReference; lastKnownFileType = text.xcconfig; path = Debug.xcconfig; sourceTree = "<group>"; };
		D0F5CDBC14C57D0F00966B2D /* Profile.xcconfig */ = {isa = PBXFileReference; lastKnownFileType = text.xcconfig; path = Profile.xcconfig; sourceTree = "<group>"; };
		D0F5CDBD14C57D0F00966B2D /* Release.xcconfig */ = {isa = PBXFileReference; lastKnownFileType = text.xcconfig; path = Release.xcconfig; sourceTree = "<group>"; };
		D0F5CDBF14C57D0F00966B2D /* Application.xcconfig */ = {isa = PBXFileReference; lastKnownFileType = text.xcconfig; path = Application.xcconfig; sourceTree = "<group>"; };
		D0F5CDC014C57D0F00966B2D /* StaticLibrary.xcconfig */ = {isa = PBXFileReference; lastKnownFileType = text.xcconfig; path = StaticLibrary.xcconfig; sourceTree = "<group>"; };
		D0F5CDC214C57D0F00966B2D /* iOS-Application.xcconfig */ = {isa = PBXFileReference; lastKnownFileType = text.xcconfig; path = "iOS-Application.xcconfig"; sourceTree = "<group>"; };
		D0F5CDC314C57D0F00966B2D /* iOS-Base.xcconfig */ = {isa = PBXFileReference; lastKnownFileType = text.xcconfig; path = "iOS-Base.xcconfig"; sourceTree = "<group>"; };
		D0F5CDC414C57D0F00966B2D /* iOS-StaticLibrary.xcconfig */ = {isa = PBXFileReference; lastKnownFileType = text.xcconfig; path = "iOS-StaticLibrary.xcconfig"; sourceTree = "<group>"; };
		D0F5CDC614C57D0F00966B2D /* Mac-Application.xcconfig */ = {isa = PBXFileReference; lastKnownFileType = text.xcconfig; path = "Mac-Application.xcconfig"; sourceTree = "<group>"; };
		D0F5CDC714C57D0F00966B2D /* Mac-Base.xcconfig */ = {isa = PBXFileReference; lastKnownFileType = text.xcconfig; path = "Mac-Base.xcconfig"; sourceTree = "<group>"; };
		D0F5CDC814C57D0F00966B2D /* Mac-DynamicLibrary.xcconfig */ = {isa = PBXFileReference; lastKnownFileType = text.xcconfig; path = "Mac-DynamicLibrary.xcconfig"; sourceTree = "<group>"; };
		D0F5CDC914C57D0F00966B2D /* Mac-Framework.xcconfig */ = {isa = PBXFileReference; lastKnownFileType = text.xcconfig; path = "Mac-Framework.xcconfig"; sourceTree = "<group>"; };
		D0F5CDCA14C57D0F00966B2D /* Mac-StaticLibrary.xcconfig */ = {isa = PBXFileReference; lastKnownFileType = text.xcconfig; path = "Mac-StaticLibrary.xcconfig"; sourceTree = "<group>"; };
		D0F5CDCB14C57D0F00966B2D /* README.md */ = {isa = PBXFileReference; lastKnownFileType = text; path = README.md; sourceTree = "<group>"; };
/* End PBXFileReference section */

/* Begin PBXFrameworksBuildPhase section */
		D0EFFC9D147852A70095AB35 /* Frameworks */ = {
			isa = PBXFrameworksBuildPhase;
			buildActionMask = 2147483647;
			files = (
				D0D8C3AF14785CFD00FC9015 /* QuartzCore.framework in Frameworks */,
				D0EFFCA5147852A70095AB35 /* Cocoa.framework in Frameworks */,
				D0CE68201492E43F00C38D20 /* Velvet.framework in Frameworks */,
			);
			runOnlyForDeploymentPostprocessing = 0;
		};
		D0EFFCBD147852A70095AB35 /* Frameworks */ = {
			isa = PBXFrameworksBuildPhase;
			buildActionMask = 2147483647;
			files = (
				D0EFFCC3147852A70095AB35 /* SenTestingKit.framework in Frameworks */,
				D0EFFCC4147852A70095AB35 /* Cocoa.framework in Frameworks */,
			);
			runOnlyForDeploymentPostprocessing = 0;
		};
/* End PBXFrameworksBuildPhase section */

/* Begin PBXGroup section */
		D0CE68151492E3DF00C38D20 /* Products */ = {
			isa = PBXGroup;
			children = (
				D0CE681A1492E3DF00C38D20 /* Velvet.framework */,
				D0CE681C1492E3DF00C38D20 /* VelvetTests.octest */,
			);
			name = Products;
			sourceTree = "<group>";
		};
		D0D8C3BD14786B0100FC9015 /* Views */ = {
			isa = PBXGroup;
			children = (
				1E23712D14858240005B222B /* VELDraggingDestinationView.h */,
				1E23712E14858240005B222B /* VELDraggingDestinationView.m */,
				D0D8C3BA14786AFD00FC9015 /* SquareView.h */,
				D0D8C3BB14786AFD00FC9015 /* SquareView.m */,
				D0EFFCB9147852A70095AB35 /* MainMenu.xib */,
			);
			name = Views;
			sourceTree = "<group>";
		};
		D0D8C3BE14786B0E00FC9015 /* Classes */ = {
			isa = PBXGroup;
			children = (
				D0EFFCB6147852A70095AB35 /* AppDelegate.h */,
				D0EFFCB7147852A70095AB35 /* AppDelegate.m */,
				D0D8C3BD14786B0100FC9015 /* Views */,
			);
			name = Classes;
			sourceTree = "<group>";
		};
		D0EFFC95147852A70095AB35 = {
			isa = PBXGroup;
			children = (
				D0EFFCAA147852A70095AB35 /* VelvetDemo */,
				D0EFFCC7147852A70095AB35 /* VelvetDemoTests */,
				D0EFFCA3147852A70095AB35 /* Frameworks */,
				D0F5CDB714C57D0F00966B2D /* Configuration */,
				D0EFFCA1147852A70095AB35 /* Products */,
			);
			sourceTree = "<group>";
		};
		D0EFFCA1147852A70095AB35 /* Products */ = {
			isa = PBXGroup;
			children = (
				D0EFFCA0147852A70095AB35 /* VelvetDemo.app */,
				D0EFFCC1147852A70095AB35 /* VelvetDemoTests.octest */,
			);
			name = Products;
			sourceTree = "<group>";
		};
		D0EFFCA3147852A70095AB35 /* Frameworks */ = {
			isa = PBXGroup;
			children = (
				D0EFFCF1147853070095AB35 /* Velvet.xcodeproj */,
				D0EFFCA4147852A70095AB35 /* Cocoa.framework */,
				D0EFFCC2147852A70095AB35 /* SenTestingKit.framework */,
				D0D8C3AE14785CFD00FC9015 /* QuartzCore.framework */,
				D0EFFCA6147852A70095AB35 /* Other Frameworks */,
			);
			name = Frameworks;
			sourceTree = "<group>";
		};
		D0EFFCA6147852A70095AB35 /* Other Frameworks */ = {
			isa = PBXGroup;
			children = (
				D0EFFCA7147852A70095AB35 /* AppKit.framework */,
				D0EFFCA8147852A70095AB35 /* CoreData.framework */,
				D0EFFCA9147852A70095AB35 /* Foundation.framework */,
			);
			name = "Other Frameworks";
			sourceTree = "<group>";
		};
		D0EFFCAA147852A70095AB35 /* VelvetDemo */ = {
			isa = PBXGroup;
			children = (
				D0D8C3BE14786B0E00FC9015 /* Classes */,
				D0EFFCAB147852A70095AB35 /* Supporting Files */,
			);
			path = VelvetDemo;
			sourceTree = "<group>";
		};
		D0EFFCAB147852A70095AB35 /* Supporting Files */ = {
			isa = PBXGroup;
			children = (
				D0927BA41479C1E2008F04C4 /* iceberg.jpg */,
				1A0D066B14846766007558AE /* lolcats.jpg */,
				D0EFFCAC147852A70095AB35 /* VelvetDemo-Info.plist */,
				D0EFFCAD147852A70095AB35 /* InfoPlist.strings */,
				D0EFFCB0147852A70095AB35 /* main.m */,
				D0EFFCB2147852A70095AB35 /* VelvetDemo-Prefix.pch */,
				D0EFFCB3147852A70095AB35 /* Credits.rtf */,
			);
			name = "Supporting Files";
			sourceTree = "<group>";
		};
		D0EFFCC7147852A70095AB35 /* VelvetDemoTests */ = {
			isa = PBXGroup;
			children = (
				D0EFFCCD147852A70095AB35 /* VelvetDemoTests.h */,
				D0EFFCCE147852A70095AB35 /* VelvetDemoTests.m */,
				D0EFFCC8147852A70095AB35 /* Supporting Files */,
			);
			path = VelvetDemoTests;
			sourceTree = "<group>";
		};
		D0EFFCC8147852A70095AB35 /* Supporting Files */ = {
			isa = PBXGroup;
			children = (
				D0EFFCC9147852A70095AB35 /* VelvetDemoTests-Info.plist */,
				D0EFFCCA147852A70095AB35 /* InfoPlist.strings */,
			);
			name = "Supporting Files";
			sourceTree = "<group>";
		};
		D0F5CDB714C57D0F00966B2D /* Configuration */ = {
			isa = PBXGroup;
			children = (
				D0F5CDB814C57D0F00966B2D /* Base */,
				D0F5CDC114C57D0F00966B2D /* iOS */,
				D0F5CDC514C57D0F00966B2D /* Mac OS X */,
				D0F5CDCB14C57D0F00966B2D /* README.md */,
			);
			name = Configuration;
			path = ../../Configuration;
			sourceTree = "<group>";
		};
		D0F5CDB814C57D0F00966B2D /* Base */ = {
			isa = PBXGroup;
			children = (
				D0F5CDB914C57D0F00966B2D /* Common.xcconfig */,
				D0F5CDBA14C57D0F00966B2D /* Configurations */,
				D0F5CDBE14C57D0F00966B2D /* Targets */,
			);
			path = Base;
			sourceTree = "<group>";
		};
		D0F5CDBA14C57D0F00966B2D /* Configurations */ = {
			isa = PBXGroup;
			children = (
				D0F5CDBB14C57D0F00966B2D /* Debug.xcconfig */,
				D0F5CDBC14C57D0F00966B2D /* Profile.xcconfig */,
				D0F5CDBD14C57D0F00966B2D /* Release.xcconfig */,
			);
			path = Configurations;
			sourceTree = "<group>";
		};
		D0F5CDBE14C57D0F00966B2D /* Targets */ = {
			isa = PBXGroup;
			children = (
				D0F5CDBF14C57D0F00966B2D /* Application.xcconfig */,
				D0F5CDC014C57D0F00966B2D /* StaticLibrary.xcconfig */,
			);
			path = Targets;
			sourceTree = "<group>";
		};
		D0F5CDC114C57D0F00966B2D /* iOS */ = {
			isa = PBXGroup;
			children = (
				D0F5CDC214C57D0F00966B2D /* iOS-Application.xcconfig */,
				D0F5CDC314C57D0F00966B2D /* iOS-Base.xcconfig */,
				D0F5CDC414C57D0F00966B2D /* iOS-StaticLibrary.xcconfig */,
			);
			path = iOS;
			sourceTree = "<group>";
		};
		D0F5CDC514C57D0F00966B2D /* Mac OS X */ = {
			isa = PBXGroup;
			children = (
				D0F5CDC614C57D0F00966B2D /* Mac-Application.xcconfig */,
				D0F5CDC714C57D0F00966B2D /* Mac-Base.xcconfig */,
				D0F5CDC814C57D0F00966B2D /* Mac-DynamicLibrary.xcconfig */,
				D0F5CDC914C57D0F00966B2D /* Mac-Framework.xcconfig */,
				D0F5CDCA14C57D0F00966B2D /* Mac-StaticLibrary.xcconfig */,
			);
			path = "Mac OS X";
			sourceTree = "<group>";
		};
/* End PBXGroup section */

/* Begin PBXNativeTarget section */
		D0EFFC9F147852A70095AB35 /* VelvetDemo */ = {
			isa = PBXNativeTarget;
			buildConfigurationList = D0EFFCD2147852A70095AB35 /* Build configuration list for PBXNativeTarget "VelvetDemo" */;
			buildPhases = (
				D0EFFC9C147852A70095AB35 /* Sources */,
				D0EFFC9D147852A70095AB35 /* Frameworks */,
				D0EFFC9E147852A70095AB35 /* Resources */,
				D0EFFD01147853150095AB35 /* Copy Frameworks */,
			);
			buildRules = (
			);
			dependencies = (
				D0CE681E1492E40800C38D20 /* PBXTargetDependency */,
			);
			name = VelvetDemo;
			productName = VelvetDemo;
			productReference = D0EFFCA0147852A70095AB35 /* VelvetDemo.app */;
			productType = "com.apple.product-type.application";
		};
		D0EFFCC0147852A70095AB35 /* VelvetDemoTests */ = {
			isa = PBXNativeTarget;
			buildConfigurationList = D0EFFCD5147852A70095AB35 /* Build configuration list for PBXNativeTarget "VelvetDemoTests" */;
			buildPhases = (
				D0EFFCBC147852A70095AB35 /* Sources */,
				D0EFFCBD147852A70095AB35 /* Frameworks */,
				D0EFFCBE147852A70095AB35 /* Resources */,
				D0EFFCBF147852A70095AB35 /* ShellScript */,
			);
			buildRules = (
			);
			dependencies = (
				D0EFFCC6147852A70095AB35 /* PBXTargetDependency */,
			);
			name = VelvetDemoTests;
			productName = VelvetDemoTests;
			productReference = D0EFFCC1147852A70095AB35 /* VelvetDemoTests.octest */;
			productType = "com.apple.product-type.bundle";
		};
/* End PBXNativeTarget section */

/* Begin PBXProject section */
		D0EFFC97147852A70095AB35 /* Project object */ = {
			isa = PBXProject;
			attributes = {
				LastUpgradeCheck = 0420;
				ORGANIZATIONNAME = Bitswift;
			};
			buildConfigurationList = D0EFFC9A147852A70095AB35 /* Build configuration list for PBXProject "VelvetDemo" */;
			compatibilityVersion = "Xcode 3.2";
			developmentRegion = English;
			hasScannedForEncodings = 0;
			knownRegions = (
				en,
			);
			mainGroup = D0EFFC95147852A70095AB35;
			productRefGroup = D0EFFCA1147852A70095AB35 /* Products */;
			projectDirPath = "";
			projectReferences = (
				{
					ProductGroup = D0CE68151492E3DF00C38D20 /* Products */;
					ProjectRef = D0EFFCF1147853070095AB35 /* Velvet.xcodeproj */;
				},
			);
			projectRoot = "";
			targets = (
				D0EFFC9F147852A70095AB35 /* VelvetDemo */,
				D0EFFCC0147852A70095AB35 /* VelvetDemoTests */,
			);
		};
/* End PBXProject section */

/* Begin PBXReferenceProxy section */
		D0CE681A1492E3DF00C38D20 /* Velvet.framework */ = {
			isa = PBXReferenceProxy;
			fileType = wrapper.framework;
			path = Velvet.framework;
			remoteRef = D0CE68191492E3DF00C38D20 /* PBXContainerItemProxy */;
			sourceTree = BUILT_PRODUCTS_DIR;
		};
		D0CE681C1492E3DF00C38D20 /* VelvetTests.octest */ = {
			isa = PBXReferenceProxy;
			fileType = wrapper.cfbundle;
			path = VelvetTests.octest;
			remoteRef = D0CE681B1492E3DF00C38D20 /* PBXContainerItemProxy */;
			sourceTree = BUILT_PRODUCTS_DIR;
		};
/* End PBXReferenceProxy section */

/* Begin PBXResourcesBuildPhase section */
		D0EFFC9E147852A70095AB35 /* Resources */ = {
			isa = PBXResourcesBuildPhase;
			buildActionMask = 2147483647;
			files = (
				D0EFFCAF147852A70095AB35 /* InfoPlist.strings in Resources */,
				D0EFFCB5147852A70095AB35 /* Credits.rtf in Resources */,
				D0EFFCBB147852A70095AB35 /* MainMenu.xib in Resources */,
				D0927BA51479C1E2008F04C4 /* iceberg.jpg in Resources */,
				1A0D066C14846766007558AE /* lolcats.jpg in Resources */,
			);
			runOnlyForDeploymentPostprocessing = 0;
		};
		D0EFFCBE147852A70095AB35 /* Resources */ = {
			isa = PBXResourcesBuildPhase;
			buildActionMask = 2147483647;
			files = (
				D0EFFCCC147852A70095AB35 /* InfoPlist.strings in Resources */,
			);
			runOnlyForDeploymentPostprocessing = 0;
		};
/* End PBXResourcesBuildPhase section */

/* Begin PBXShellScriptBuildPhase section */
		D0EFFCBF147852A70095AB35 /* ShellScript */ = {
			isa = PBXShellScriptBuildPhase;
			buildActionMask = 2147483647;
			files = (
			);
			inputPaths = (
			);
			outputPaths = (
			);
			runOnlyForDeploymentPostprocessing = 0;
			shellPath = /bin/sh;
			shellScript = "# Run the unit tests in this test bundle.\n\"${SYSTEM_DEVELOPER_DIR}/Tools/RunUnitTests\"\n";
		};
/* End PBXShellScriptBuildPhase section */

/* Begin PBXSourcesBuildPhase section */
		D0EFFC9C147852A70095AB35 /* Sources */ = {
			isa = PBXSourcesBuildPhase;
			buildActionMask = 2147483647;
			files = (
				D0EFFCB1147852A70095AB35 /* main.m in Sources */,
				D0EFFCB8147852A70095AB35 /* AppDelegate.m in Sources */,
				D0D8C3BC14786AFD00FC9015 /* SquareView.m in Sources */,
				1E23712F14858240005B222B /* VELDraggingDestinationView.m in Sources */,
			);
			runOnlyForDeploymentPostprocessing = 0;
		};
		D0EFFCBC147852A70095AB35 /* Sources */ = {
			isa = PBXSourcesBuildPhase;
			buildActionMask = 2147483647;
			files = (
				D0EFFCCF147852A70095AB35 /* VelvetDemoTests.m in Sources */,
			);
			runOnlyForDeploymentPostprocessing = 0;
		};
/* End PBXSourcesBuildPhase section */

/* Begin PBXTargetDependency section */
		D0CE681E1492E40800C38D20 /* PBXTargetDependency */ = {
			isa = PBXTargetDependency;
			name = Velvet;
			targetProxy = D0CE681D1492E40800C38D20 /* PBXContainerItemProxy */;
		};
		D0EFFCC6147852A70095AB35 /* PBXTargetDependency */ = {
			isa = PBXTargetDependency;
			target = D0EFFC9F147852A70095AB35 /* VelvetDemo */;
			targetProxy = D0EFFCC5147852A70095AB35 /* PBXContainerItemProxy */;
		};
/* End PBXTargetDependency section */

/* Begin PBXVariantGroup section */
		D0EFFCAD147852A70095AB35 /* InfoPlist.strings */ = {
			isa = PBXVariantGroup;
			children = (
				D0EFFCAE147852A70095AB35 /* en */,
			);
			name = InfoPlist.strings;
			sourceTree = "<group>";
		};
		D0EFFCB3147852A70095AB35 /* Credits.rtf */ = {
			isa = PBXVariantGroup;
			children = (
				D0EFFCB4147852A70095AB35 /* en */,
			);
			name = Credits.rtf;
			sourceTree = "<group>";
		};
		D0EFFCB9147852A70095AB35 /* MainMenu.xib */ = {
			isa = PBXVariantGroup;
			children = (
				D0EFFCBA147852A70095AB35 /* en */,
			);
			name = MainMenu.xib;
			sourceTree = "<group>";
		};
		D0EFFCCA147852A70095AB35 /* InfoPlist.strings */ = {
			isa = PBXVariantGroup;
			children = (
				D0EFFCCB147852A70095AB35 /* en */,
			);
			name = InfoPlist.strings;
			sourceTree = "<group>";
		};
/* End PBXVariantGroup section */

/* Begin XCBuildConfiguration section */
		D0EEC6051489F612002F8441 /* Profile */ = {
			isa = XCBuildConfiguration;
			baseConfigurationReference = D0F5CDBC14C57D0F00966B2D /* Profile.xcconfig */;
			buildSettings = {
				ARCHS = "$(ARCHS_STANDARD_64_BIT)";
				CLANG_ENABLE_OBJC_ARC = YES;
				GCC_C_LANGUAGE_STANDARD = gnu99;
				GCC_ENABLE_OBJC_EXCEPTIONS = YES;
				MACOSX_DEPLOYMENT_TARGET = 10.7;
				SDKROOT = macosx;
			};
			name = Profile;
		};
		D0EEC6061489F612002F8441 /* Profile */ = {
			isa = XCBuildConfiguration;
			baseConfigurationReference = D0F5CDC614C57D0F00966B2D /* Mac-Application.xcconfig */;
			buildSettings = {
				GCC_PRECOMPILE_PREFIX_HEADER = YES;
				GCC_PREFIX_HEADER = "VelvetDemo/VelvetDemo-Prefix.pch";
				INFOPLIST_FILE = "VelvetDemo/VelvetDemo-Info.plist";
				PRODUCT_NAME = "$(TARGET_NAME)";
				WRAPPER_EXTENSION = app;
			};
			name = Profile;
		};
		D0EEC6071489F612002F8441 /* Profile */ = {
			isa = XCBuildConfiguration;
			baseConfigurationReference = D0F5CDC614C57D0F00966B2D /* Mac-Application.xcconfig */;
			buildSettings = {
				BUNDLE_LOADER = "$(BUILT_PRODUCTS_DIR)/VelvetDemo.app/Contents/MacOS/VelvetDemo";
				FRAMEWORK_SEARCH_PATHS = "$(DEVELOPER_LIBRARY_DIR)/Frameworks";
				GCC_PRECOMPILE_PREFIX_HEADER = YES;
				GCC_PREFIX_HEADER = "VelvetDemo/VelvetDemo-Prefix.pch";
				INFOPLIST_FILE = "VelvetDemoTests/VelvetDemoTests-Info.plist";
				PRODUCT_NAME = "$(TARGET_NAME)";
				TEST_HOST = "$(BUNDLE_LOADER)";
				WRAPPER_EXTENSION = octest;
			};
			name = Profile;
		};
		D0EFFCD0147852A70095AB35 /* Debug */ = {
			isa = XCBuildConfiguration;
			baseConfigurationReference = D0F5CDBB14C57D0F00966B2D /* Debug.xcconfig */;
			buildSettings = {
				ARCHS = "$(ARCHS_STANDARD_64_BIT)";
				CLANG_ENABLE_OBJC_ARC = YES;
				GCC_C_LANGUAGE_STANDARD = gnu99;
				GCC_ENABLE_OBJC_EXCEPTIONS = YES;
				MACOSX_DEPLOYMENT_TARGET = 10.7;
				SDKROOT = macosx;
			};
			name = Debug;
		};
		D0EFFCD1147852A70095AB35 /* Release */ = {
			isa = XCBuildConfiguration;
			baseConfigurationReference = D0F5CDBD14C57D0F00966B2D /* Release.xcconfig */;
			buildSettings = {
				ARCHS = "$(ARCHS_STANDARD_64_BIT)";
				CLANG_ENABLE_OBJC_ARC = YES;
				GCC_C_LANGUAGE_STANDARD = gnu99;
				GCC_ENABLE_OBJC_EXCEPTIONS = YES;
				MACOSX_DEPLOYMENT_TARGET = 10.7;
				SDKROOT = macosx;
			};
			name = Release;
		};
		D0EFFCD3147852A70095AB35 /* Debug */ = {
			isa = XCBuildConfiguration;
			baseConfigurationReference = D0F5CDC614C57D0F00966B2D /* Mac-Application.xcconfig */;
			buildSettings = {
				GCC_PRECOMPILE_PREFIX_HEADER = YES;
				GCC_PREFIX_HEADER = "VelvetDemo/VelvetDemo-Prefix.pch";
				INFOPLIST_FILE = "VelvetDemo/VelvetDemo-Info.plist";
				PRODUCT_NAME = "$(TARGET_NAME)";
				WRAPPER_EXTENSION = app;
			};
			name = Debug;
		};
		D0EFFCD4147852A70095AB35 /* Release */ = {
			isa = XCBuildConfiguration;
			baseConfigurationReference = D0F5CDC614C57D0F00966B2D /* Mac-Application.xcconfig */;
			buildSettings = {
				GCC_PRECOMPILE_PREFIX_HEADER = YES;
				GCC_PREFIX_HEADER = "VelvetDemo/VelvetDemo-Prefix.pch";
				INFOPLIST_FILE = "VelvetDemo/VelvetDemo-Info.plist";
				PRODUCT_NAME = "$(TARGET_NAME)";
				WRAPPER_EXTENSION = app;
			};
			name = Release;
		};
		D0EFFCD6147852A70095AB35 /* Debug */ = {
			isa = XCBuildConfiguration;
			baseConfigurationReference = D0F5CDC614C57D0F00966B2D /* Mac-Application.xcconfig */;
			buildSettings = {
				BUNDLE_LOADER = "$(BUILT_PRODUCTS_DIR)/VelvetDemo.app/Contents/MacOS/VelvetDemo";
				FRAMEWORK_SEARCH_PATHS = "$(DEVELOPER_LIBRARY_DIR)/Frameworks";
				GCC_PRECOMPILE_PREFIX_HEADER = YES;
				GCC_PREFIX_HEADER = "VelvetDemo/VelvetDemo-Prefix.pch";
				INFOPLIST_FILE = "VelvetDemoTests/VelvetDemoTests-Info.plist";
				PRODUCT_NAME = "$(TARGET_NAME)";
				TEST_HOST = "$(BUNDLE_LOADER)";
				WRAPPER_EXTENSION = octest;
			};
			name = Debug;
		};
		D0EFFCD7147852A70095AB35 /* Release */ = {
			isa = XCBuildConfiguration;
			baseConfigurationReference = D0F5CDC614C57D0F00966B2D /* Mac-Application.xcconfig */;
			buildSettings = {
				BUNDLE_LOADER = "$(BUILT_PRODUCTS_DIR)/VelvetDemo.app/Contents/MacOS/VelvetDemo";
				FRAMEWORK_SEARCH_PATHS = "$(DEVELOPER_LIBRARY_DIR)/Frameworks";
				GCC_PRECOMPILE_PREFIX_HEADER = YES;
				GCC_PREFIX_HEADER = "VelvetDemo/VelvetDemo-Prefix.pch";
				INFOPLIST_FILE = "VelvetDemoTests/VelvetDemoTests-Info.plist";
				PRODUCT_NAME = "$(TARGET_NAME)";
				TEST_HOST = "$(BUNDLE_LOADER)";
				WRAPPER_EXTENSION = octest;
			};
			name = Release;
		};
/* End XCBuildConfiguration section */

/* Begin XCConfigurationList section */
		D0EFFC9A147852A70095AB35 /* Build configuration list for PBXProject "VelvetDemo" */ = {
			isa = XCConfigurationList;
			buildConfigurations = (
				D0EFFCD0147852A70095AB35 /* Debug */,
				D0EFFCD1147852A70095AB35 /* Release */,
				D0EEC6051489F612002F8441 /* Profile */,
			);
			defaultConfigurationIsVisible = 0;
			defaultConfigurationName = Release;
		};
		D0EFFCD2147852A70095AB35 /* Build configuration list for PBXNativeTarget "VelvetDemo" */ = {
			isa = XCConfigurationList;
			buildConfigurations = (
				D0EFFCD3147852A70095AB35 /* Debug */,
				D0EFFCD4147852A70095AB35 /* Release */,
				D0EEC6061489F612002F8441 /* Profile */,
			);
			defaultConfigurationIsVisible = 0;
			defaultConfigurationName = Release;
		};
		D0EFFCD5147852A70095AB35 /* Build configuration list for PBXNativeTarget "VelvetDemoTests" */ = {
			isa = XCConfigurationList;
			buildConfigurations = (
				D0EFFCD6147852A70095AB35 /* Debug */,
				D0EFFCD7147852A70095AB35 /* Release */,
				D0EEC6071489F612002F8441 /* Profile */,
			);
			defaultConfigurationIsVisible = 0;
			defaultConfigurationName = Release;
		};
/* End XCConfigurationList section */
	};
	rootObject = D0EFFC97147852A70095AB35 /* Project object */;
}
