// !$*UTF8*$!
{
	archiveVersion = 1;
	classes = {
	};
	objectVersion = 46;
	objects = {

/* Begin PBXBuildFile section */
		0DCD37C7147DB86200A9D6E4 /* NSVelvetHostView.m in Sources */ = {isa = PBXBuildFile; fileRef = 0DCD37C5147DB86200A9D6E4 /* NSVelvetHostView.m */; };
		0DEDDD3F147B5D5C0087037C /* VELWindow.h in Headers */ = {isa = PBXBuildFile; fileRef = 0DEDDD3D147B5D5C0087037C /* VELWindow.h */; settings = {ATTRIBUTES = (Public, ); }; };
		0DEDDD40147B5D5C0087037C /* VELWindow.m in Sources */ = {isa = PBXBuildFile; fileRef = 0DEDDD3E147B5D5C0087037C /* VELWindow.m */; };
		1A5FCCFA1496B61A00BB49F3 /* VELNSViewTests.m in Sources */ = {isa = PBXBuildFile; fileRef = 1A5FCCF91496B61A00BB49F3 /* VELNSViewTests.m */; };
		1E2819491481EAEF006A747C /* VELCAAction.m in Sources */ = {isa = PBXBuildFile; fileRef = 1E2819461481EAEF006A747C /* VELCAAction.m */; };
		1E2819521481EB14006A747C /* CALayer+GeometryAdditions.h in Headers */ = {isa = PBXBuildFile; fileRef = 1E28194C1481EB14006A747C /* CALayer+GeometryAdditions.h */; settings = {ATTRIBUTES = (Public, ); }; };
		1E2819531481EB14006A747C /* CALayer+GeometryAdditions.m in Sources */ = {isa = PBXBuildFile; fileRef = 1E28194D1481EB14006A747C /* CALayer+GeometryAdditions.m */; };
		1E2819541481EB14006A747C /* CATransaction+BlockAdditions.h in Headers */ = {isa = PBXBuildFile; fileRef = 1E28194E1481EB14006A747C /* CATransaction+BlockAdditions.h */; settings = {ATTRIBUTES = (Public, ); }; };
		1E2819551481EB14006A747C /* CATransaction+BlockAdditions.m in Sources */ = {isa = PBXBuildFile; fileRef = 1E28194F1481EB14006A747C /* CATransaction+BlockAdditions.m */; };
		1E2819561481EB14006A747C /* CGBitmapContext+PixelFormatAdditions.h in Headers */ = {isa = PBXBuildFile; fileRef = 1E2819501481EB14006A747C /* CGBitmapContext+PixelFormatAdditions.h */; settings = {ATTRIBUTES = (Public, ); }; };
		1E2819571481EB14006A747C /* CGBitmapContext+PixelFormatAdditions.m in Sources */ = {isa = PBXBuildFile; fileRef = 1E2819511481EB14006A747C /* CGBitmapContext+PixelFormatAdditions.m */; };
		1E71313614B7B79800D6D7DF /* NSVelvetViewTests.m in Sources */ = {isa = PBXBuildFile; fileRef = 1E71313514B7B79800D6D7DF /* NSVelvetViewTests.m */; };
		1E7BBD40147B157C0010375D /* VELLabel.h in Headers */ = {isa = PBXBuildFile; fileRef = 1E7BBD3E147B157B0010375D /* VELLabel.h */; settings = {ATTRIBUTES = (Public, ); }; };
		1E7BBD41147B157C0010375D /* VELLabel.m in Sources */ = {isa = PBXBuildFile; fileRef = 1E7BBD3F147B157B0010375D /* VELLabel.m */; };
		1E7BBD4C147B17400010375D /* ApplicationServices.framework in Frameworks */ = {isa = PBXBuildFile; fileRef = 1E7BBD4B147B17400010375D /* ApplicationServices.framework */; };
		1EA3D71014B37F4A0007E4C4 /* NSVelvetHostViewTests.m in Sources */ = {isa = PBXBuildFile; fileRef = 1EA3D70914B37F3B0007E4C4 /* NSVelvetHostViewTests.m */; };
		D002AEEF14CE031F0062AEFC /* libExpecta.a in Frameworks */ = {isa = PBXBuildFile; fileRef = D002AED714CE030C0062AEFC /* libExpecta.a */; };
		D002AEF014CE031F0062AEFC /* libSpecta.a in Frameworks */ = {isa = PBXBuildFile; fileRef = D002AEE314CE030C0062AEFC /* libSpecta.a */; };
		D01B962F14C1956100CBDD8E /* VELViewLayer.m in Sources */ = {isa = PBXBuildFile; fileRef = D01B962D14C1956100CBDD8E /* VELViewLayer.m */; };
		D01CF3D41479B18400C88D2B /* VELNSView.h in Headers */ = {isa = PBXBuildFile; fileRef = D01CF3D21479B18400C88D2B /* VELNSView.h */; settings = {ATTRIBUTES = (Public, ); }; };
		D01CF3D51479B18400C88D2B /* VELNSView.m in Sources */ = {isa = PBXBuildFile; fileRef = D01CF3D31479B18400C88D2B /* VELNSView.m */; };
		D020F48C14C3923400C466E1 /* NSViewAdditionsTests.m in Sources */ = {isa = PBXBuildFile; fileRef = D020F48B14C3923400C466E1 /* NSViewAdditionsTests.m */; };
		D020F49314C3959500C466E1 /* NSWindow+InitializationAdditions.h in Headers */ = {isa = PBXBuildFile; fileRef = D020F49114C3959500C466E1 /* NSWindow+InitializationAdditions.h */; settings = {ATTRIBUTES = (Public, ); }; };
		D020F49414C3959500C466E1 /* NSWindow+InitializationAdditions.m in Sources */ = {isa = PBXBuildFile; fileRef = D020F49214C3959500C466E1 /* NSWindow+InitializationAdditions.m */; };
		D020F49714C3972E00C466E1 /* NSWindowAdditionsTests.m in Sources */ = {isa = PBXBuildFile; fileRef = D020F49614C3972E00C466E1 /* NSWindowAdditionsTests.m */; };
		D0305D7A1486FC960081D6EA /* VELControl.h in Headers */ = {isa = PBXBuildFile; fileRef = D0305D781486FC960081D6EA /* VELControl.h */; settings = {ATTRIBUTES = (Public, ); }; };
		D0305D7B1486FC960081D6EA /* VELControl.m in Sources */ = {isa = PBXBuildFile; fileRef = D0305D791486FC960081D6EA /* VELControl.m */; };
		D03FD8A614C39D760062B7A3 /* QuartzCore.framework in Frameworks */ = {isa = PBXBuildFile; fileRef = D0D8C3AC14785CED00FC9015 /* QuartzCore.framework */; };
		D05DC49414BD084C00A0D6C8 /* VELDraggingDestination.h in Headers */ = {isa = PBXBuildFile; fileRef = D05DC49314BD084C00A0D6C8 /* VELDraggingDestination.h */; settings = {ATTRIBUTES = (Public, ); }; };
		D05DC49B14BD0AA500A0D6C8 /* VELViewDragAndDropTests.m in Sources */ = {isa = PBXBuildFile; fileRef = D05DC49A14BD0AA500A0D6C8 /* VELViewDragAndDropTests.m */; };
		D0604C8F14CD59DD008B9A7A /* VELNSViewLayer.m in Sources */ = {isa = PBXBuildFile; fileRef = D0604C8D14CD59DD008B9A7A /* VELNSViewLayer.m */; };
		D0682AAF14C77307001CA434 /* CGGeometry+ConvenienceAdditions.h in Headers */ = {isa = PBXBuildFile; fileRef = D0682AAD14C77307001CA434 /* CGGeometry+ConvenienceAdditions.h */; settings = {ATTRIBUTES = (Public, ); }; };
		D0682AB014C77307001CA434 /* CGGeometry+ConvenienceAdditions.m in Sources */ = {isa = PBXBuildFile; fileRef = D0682AAE14C77307001CA434 /* CGGeometry+ConvenienceAdditions.m */; };
		D0682AB414C773EF001CA434 /* CGGeometryAdditionsTests.m in Sources */ = {isa = PBXBuildFile; fileRef = D0682AB314C773EF001CA434 /* CGGeometryAdditionsTests.m */; };
		D06EF03C14B39CFA0035E239 /* VELEventManager.m in Sources */ = {isa = PBXBuildFile; fileRef = D06EF03A14B39CFA0035E239 /* VELEventManager.m */; };
		D06EF04014B3A0590035E239 /* NSWindow+EventHandlingAdditions.m in Sources */ = {isa = PBXBuildFile; fileRef = D06EF03E14B3A0590035E239 /* NSWindow+EventHandlingAdditions.m */; };
		D07B72A514C4FC5500AA19DD /* VELControlTests.m in Sources */ = {isa = PBXBuildFile; fileRef = D07B72A414C4FC5500AA19DD /* VELControlTests.m */; };
		D08719E614A30AA700F304BC /* VELViewController.h in Headers */ = {isa = PBXBuildFile; fileRef = D08719E414A30AA700F304BC /* VELViewController.h */; settings = {ATTRIBUTES = (Public, ); }; };
		D08719E714A30AA700F304BC /* VELViewController.m in Sources */ = {isa = PBXBuildFile; fileRef = D08719E514A30AA700F304BC /* VELViewController.m */; };
		D08719EB14A30B5F00F304BC /* VELViewControllerTests.m in Sources */ = {isa = PBXBuildFile; fileRef = D08719EA14A30B5F00F304BC /* VELViewControllerTests.m */; };
		D0911B1D147C93AD00C7DF4E /* NSView+VELBridgedViewAdditions.h in Headers */ = {isa = PBXBuildFile; fileRef = D0911B1B147C93AD00C7DF4E /* NSView+VELBridgedViewAdditions.h */; settings = {ATTRIBUTES = (Public, ); }; };
		D0911B1E147C93AD00C7DF4E /* NSView+VELBridgedViewAdditions.m in Sources */ = {isa = PBXBuildFile; fileRef = D0911B1C147C93AD00C7DF4E /* NSView+VELBridgedViewAdditions.m */; };
		D0A96C0514B7AE8B00A64F6F /* AppKit+GeometryAdditions.h in Headers */ = {isa = PBXBuildFile; fileRef = D0A96C0314B7AE8B00A64F6F /* AppKit+GeometryAdditions.h */; settings = {ATTRIBUTES = (Public, ); }; };
		D0A96C0614B7AE8B00A64F6F /* AppKit+GeometryAdditions.m in Sources */ = {isa = PBXBuildFile; fileRef = D0A96C0414B7AE8B00A64F6F /* AppKit+GeometryAdditions.m */; };
		D0A96C0D14B7AF1F00A64F6F /* VELAppKitAdditionsTests.m in Sources */ = {isa = PBXBuildFile; fileRef = D0A96C0C14B7AF1F00A64F6F /* VELAppKitAdditionsTests.m */; };
		D0B23AF91491872B009CF46A /* VELImageViewTests.m in Sources */ = {isa = PBXBuildFile; fileRef = D0B23AF81491872B009CF46A /* VELImageViewTests.m */; };
		D0B2E4F514C41A4600812B76 /* VELNSViewLayerDelegateProxy.m in Sources */ = {isa = PBXBuildFile; fileRef = D0B2E4F314C41A4600812B76 /* VELNSViewLayerDelegateProxy.m */; };
		D0B75C68149188FD005C81D5 /* testimage.jpg in Resources */ = {isa = PBXBuildFile; fileRef = D0B75C67149188FD005C81D5 /* testimage.jpg */; };
		D0B75C6F14918EB9005C81D5 /* VELViewTests.m in Sources */ = {isa = PBXBuildFile; fileRef = D0B75C6E14918EB9005C81D5 /* VELViewTests.m */; };
		D0CACD35147C86C0008C42B2 /* VELBridgedView.h in Headers */ = {isa = PBXBuildFile; fileRef = D0CACD34147C86C0008C42B2 /* VELBridgedView.h */; settings = {ATTRIBUTES = (Public, ); }; };
		D0CE951014B3842F003581C8 /* VELWindowTests.m in Sources */ = {isa = PBXBuildFile; fileRef = D0CE950F14B3842F003581C8 /* VELWindowTests.m */; };
		D0D51CFA14880A0D00F15DA9 /* NSColor+CoreGraphicsAdditions.h in Headers */ = {isa = PBXBuildFile; fileRef = D0D51CF814880A0D00F15DA9 /* NSColor+CoreGraphicsAdditions.h */; settings = {ATTRIBUTES = (Public, ); }; };
		D0D51CFB14880A0D00F15DA9 /* NSColor+CoreGraphicsAdditions.m in Sources */ = {isa = PBXBuildFile; fileRef = D0D51CF914880A0D00F15DA9 /* NSColor+CoreGraphicsAdditions.m */; settings = {COMPILER_FLAGS = "-fno-objc-arc"; }; };
		D0D51D0A14880EEB00F15DA9 /* NSImage+CoreGraphicsAdditions.h in Headers */ = {isa = PBXBuildFile; fileRef = D0D51D0814880EEB00F15DA9 /* NSImage+CoreGraphicsAdditions.h */; settings = {ATTRIBUTES = (Public, ); }; };
		D0D51D0B14880EEB00F15DA9 /* NSImage+CoreGraphicsAdditions.m in Sources */ = {isa = PBXBuildFile; fileRef = D0D51D0914880EEB00F15DA9 /* NSImage+CoreGraphicsAdditions.m */; };
		D0D8C39B1478569600FC9015 /* Velvet.h in Headers */ = {isa = PBXBuildFile; fileRef = D0EFFC11147851A80095AB35 /* Velvet.h */; settings = {ATTRIBUTES = (Public, ); }; };
		D0D8C39F1478582C00FC9015 /* NSVelvetView.h in Headers */ = {isa = PBXBuildFile; fileRef = D0D8C39D1478582C00FC9015 /* NSVelvetView.h */; settings = {ATTRIBUTES = (Public, ); }; };
		D0D8C3A01478582C00FC9015 /* NSVelvetView.m in Sources */ = {isa = PBXBuildFile; fileRef = D0D8C39E1478582C00FC9015 /* NSVelvetView.m */; };
		D0D8C3AA14785A1300FC9015 /* VELView.h in Headers */ = {isa = PBXBuildFile; fileRef = D0D8C3A814785A1300FC9015 /* VELView.h */; settings = {ATTRIBUTES = (Public, ); }; };
		D0D8C3AB14785A1300FC9015 /* VELView.m in Sources */ = {isa = PBXBuildFile; fileRef = D0D8C3A914785A1300FC9015 /* VELView.m */; };
		D0D8C3AD14785CEE00FC9015 /* QuartzCore.framework in Frameworks */ = {isa = PBXBuildFile; fileRef = D0D8C3AC14785CED00FC9015 /* QuartzCore.framework */; };
		D0DB8A7D149028D60082D3DA /* VELLabelTests.m in Sources */ = {isa = PBXBuildFile; fileRef = D0DB8A7C149028D60082D3DA /* VELLabelTests.m */; };
		D0E8B35414831419003980B4 /* VELImageView.h in Headers */ = {isa = PBXBuildFile; fileRef = D0E8B35214831419003980B4 /* VELImageView.h */; settings = {ATTRIBUTES = (Public, ); }; };
		D0E8B35514831419003980B4 /* VELImageView.m in Sources */ = {isa = PBXBuildFile; fileRef = D0E8B35314831419003980B4 /* VELImageView.m */; };
		D0EFFC05147851A80095AB35 /* Cocoa.framework in Frameworks */ = {isa = PBXBuildFile; fileRef = D0EFFC04147851A80095AB35 /* Cocoa.framework */; };
		D0EFFC0F147851A80095AB35 /* InfoPlist.strings in Resources */ = {isa = PBXBuildFile; fileRef = D0EFFC0D147851A80095AB35 /* InfoPlist.strings */; };
		D0EFFC1B147851A80095AB35 /* SenTestingKit.framework in Frameworks */ = {isa = PBXBuildFile; fileRef = D0EFFC1A147851A80095AB35 /* SenTestingKit.framework */; };
		D0EFFC1C147851A80095AB35 /* Cocoa.framework in Frameworks */ = {isa = PBXBuildFile; fileRef = D0EFFC04147851A80095AB35 /* Cocoa.framework */; };
		D0EFFC1F147851A80095AB35 /* Velvet.framework in Frameworks */ = {isa = PBXBuildFile; fileRef = D0EFFC01147851A80095AB35 /* Velvet.framework */; };
		D0EFFC25147851A80095AB35 /* InfoPlist.strings in Resources */ = {isa = PBXBuildFile; fileRef = D0EFFC23147851A80095AB35 /* InfoPlist.strings */; };
		D0F5BFCA14BF6BE000C66839 /* VELHostView.h in Headers */ = {isa = PBXBuildFile; fileRef = D0F5BFC914BF6BE000C66839 /* VELHostView.h */; settings = {ATTRIBUTES = (Public, ); }; };
		D0F5CD9514C57C4600966B2D /* EXTRuntimeExtensions.m in Sources */ = {isa = PBXBuildFile; fileRef = D0F5CD8714C57C4600966B2D /* EXTRuntimeExtensions.m */; };
		D0F5CD9714C57C4600966B2D /* EXTSafeCategory.m in Sources */ = {isa = PBXBuildFile; fileRef = D0F5CD8914C57C4600966B2D /* EXTSafeCategory.m */; };
		D0F5CD9914C57C4600966B2D /* EXTScope.m in Sources */ = {isa = PBXBuildFile; fileRef = D0F5CD8B14C57C4600966B2D /* EXTScope.m */; };
		D0F5CDA014C57C7E00966B2D /* EXTRuntimeExtensionsTest.m in Sources */ = {isa = PBXBuildFile; fileRef = D0F5CD8E14C57C4600966B2D /* EXTRuntimeExtensionsTest.m */; };
		D0F5CDA114C57C7E00966B2D /* EXTSafeCategoryTest.m in Sources */ = {isa = PBXBuildFile; fileRef = D0F5CD9014C57C4600966B2D /* EXTSafeCategoryTest.m */; };
		D0F5CDA214C57C7E00966B2D /* EXTScopeTest.m in Sources */ = {isa = PBXBuildFile; fileRef = D0F5CD9214C57C4600966B2D /* EXTScopeTest.m */; };
/* End PBXBuildFile section */

/* Begin PBXContainerItemProxy section */
		D002AED614CE030C0062AEFC /* PBXContainerItemProxy */ = {
			isa = PBXContainerItemProxy;
			containerPortal = D002AEC614CE030B0062AEFC /* Expecta.xcodeproj */;
			proxyType = 2;
			remoteGlobalIDString = E9ACDF0C13B2DD520010F4D7;
			remoteInfo = Expecta;
		};
		D002AED814CE030C0062AEFC /* PBXContainerItemProxy */ = {
			isa = PBXContainerItemProxy;
			containerPortal = D002AEC614CE030B0062AEFC /* Expecta.xcodeproj */;
			proxyType = 2;
			remoteGlobalIDString = E93067CE13B2E6D100EA26FF;
			remoteInfo = "Expecta-iOS";
		};
		D002AEDA14CE030C0062AEFC /* PBXContainerItemProxy */ = {
			isa = PBXContainerItemProxy;
			containerPortal = D002AEC614CE030B0062AEFC /* Expecta.xcodeproj */;
			proxyType = 2;
			remoteGlobalIDString = E9ACDF1D13B2DD520010F4D7;
			remoteInfo = ExpectaTests;
		};
		D002AEDC14CE030C0062AEFC /* PBXContainerItemProxy */ = {
			isa = PBXContainerItemProxy;
			containerPortal = D002AEC614CE030B0062AEFC /* Expecta.xcodeproj */;
			proxyType = 2;
			remoteGlobalIDString = E93067DA13B2E6D100EA26FF;
			remoteInfo = "Expecta-iOSTests";
		};
		D002AEE214CE030C0062AEFC /* PBXContainerItemProxy */ = {
			isa = PBXContainerItemProxy;
			containerPortal = D002AEC914CE030B0062AEFC /* Specta.xcodeproj */;
			proxyType = 2;
			remoteGlobalIDString = E9D96A2614B6B8AB007D9521;
			remoteInfo = Specta;
		};
		D002AEE414CE030C0062AEFC /* PBXContainerItemProxy */ = {
			isa = PBXContainerItemProxy;
			containerPortal = D002AEC914CE030B0062AEFC /* Specta.xcodeproj */;
			proxyType = 2;
			remoteGlobalIDString = E9B777A414BA294B00D8DC76;
			remoteInfo = "Specta-iOS";
		};
		D002AEE614CE030C0062AEFC /* PBXContainerItemProxy */ = {
			isa = PBXContainerItemProxy;
			containerPortal = D002AEC914CE030B0062AEFC /* Specta.xcodeproj */;
			proxyType = 2;
			remoteGlobalIDString = E9D96A3A14B6B8AB007D9521;
			remoteInfo = SpectaTests;
		};
		D002AEE814CE030C0062AEFC /* PBXContainerItemProxy */ = {
			isa = PBXContainerItemProxy;
			containerPortal = D002AEC914CE030B0062AEFC /* Specta.xcodeproj */;
			proxyType = 2;
			remoteGlobalIDString = E9B777B314BA294C00D8DC76;
			remoteInfo = "Specta-iOSTests";
		};
		D002AEEB14CE03190062AEFC /* PBXContainerItemProxy */ = {
			isa = PBXContainerItemProxy;
			containerPortal = D002AEC614CE030B0062AEFC /* Expecta.xcodeproj */;
			proxyType = 1;
			remoteGlobalIDString = E9ACDF0B13B2DD520010F4D7;
			remoteInfo = Expecta;
		};
		D002AEED14CE03190062AEFC /* PBXContainerItemProxy */ = {
			isa = PBXContainerItemProxy;
			containerPortal = D002AEC914CE030B0062AEFC /* Specta.xcodeproj */;
			proxyType = 1;
			remoteGlobalIDString = E9D96A2514B6B8AB007D9521;
			remoteInfo = Specta;
		};
		D0EFFC1D147851A80095AB35 /* PBXContainerItemProxy */ = {
			isa = PBXContainerItemProxy;
			containerPortal = D0EFFBF7147851A80095AB35 /* Project object */;
			proxyType = 1;
			remoteGlobalIDString = D0EFFC00147851A80095AB35;
			remoteInfo = Velvet;
		};
/* End PBXContainerItemProxy section */

/* Begin PBXFileReference section */
		0DCD37C4147DB86200A9D6E4 /* NSVelvetHostView.h */ = {isa = PBXFileReference; fileEncoding = 4; lastKnownFileType = sourcecode.c.h; path = NSVelvetHostView.h; sourceTree = "<group>"; };
		0DCD37C5147DB86200A9D6E4 /* NSVelvetHostView.m */ = {isa = PBXFileReference; fileEncoding = 4; lastKnownFileType = sourcecode.c.objc; path = NSVelvetHostView.m; sourceTree = "<group>"; };
		0DEDDD3D147B5D5C0087037C /* VELWindow.h */ = {isa = PBXFileReference; fileEncoding = 4; lastKnownFileType = sourcecode.c.h; path = VELWindow.h; sourceTree = "<group>"; };
		0DEDDD3E147B5D5C0087037C /* VELWindow.m */ = {isa = PBXFileReference; fileEncoding = 4; lastKnownFileType = sourcecode.c.objc; path = VELWindow.m; sourceTree = "<group>"; };
		1A5FCCF81496B61A00BB49F3 /* VELNSViewTests.h */ = {isa = PBXFileReference; fileEncoding = 4; lastKnownFileType = sourcecode.c.h; path = VELNSViewTests.h; sourceTree = "<group>"; };
		1A5FCCF91496B61A00BB49F3 /* VELNSViewTests.m */ = {isa = PBXFileReference; fileEncoding = 4; lastKnownFileType = sourcecode.c.objc; path = VELNSViewTests.m; sourceTree = "<group>"; };
		1E2819451481EAEF006A747C /* VELCAAction.h */ = {isa = PBXFileReference; fileEncoding = 4; lastKnownFileType = sourcecode.c.h; path = VELCAAction.h; sourceTree = "<group>"; };
		1E2819461481EAEF006A747C /* VELCAAction.m */ = {isa = PBXFileReference; fileEncoding = 4; lastKnownFileType = sourcecode.c.objc; path = VELCAAction.m; sourceTree = "<group>"; };
		1E2819471481EAEF006A747C /* VELNSViewPrivate.h */ = {isa = PBXFileReference; fileEncoding = 4; lastKnownFileType = sourcecode.c.h; path = VELNSViewPrivate.h; sourceTree = "<group>"; };
		1E28194C1481EB14006A747C /* CALayer+GeometryAdditions.h */ = {isa = PBXFileReference; fileEncoding = 4; lastKnownFileType = sourcecode.c.h; path = "CALayer+GeometryAdditions.h"; sourceTree = "<group>"; };
		1E28194D1481EB14006A747C /* CALayer+GeometryAdditions.m */ = {isa = PBXFileReference; fileEncoding = 4; lastKnownFileType = sourcecode.c.objc; path = "CALayer+GeometryAdditions.m"; sourceTree = "<group>"; };
		1E28194E1481EB14006A747C /* CATransaction+BlockAdditions.h */ = {isa = PBXFileReference; fileEncoding = 4; lastKnownFileType = sourcecode.c.h; path = "CATransaction+BlockAdditions.h"; sourceTree = "<group>"; };
		1E28194F1481EB14006A747C /* CATransaction+BlockAdditions.m */ = {isa = PBXFileReference; fileEncoding = 4; lastKnownFileType = sourcecode.c.objc; path = "CATransaction+BlockAdditions.m"; sourceTree = "<group>"; };
		1E2819501481EB14006A747C /* CGBitmapContext+PixelFormatAdditions.h */ = {isa = PBXFileReference; fileEncoding = 4; lastKnownFileType = sourcecode.c.h; path = "CGBitmapContext+PixelFormatAdditions.h"; sourceTree = "<group>"; };
		1E2819511481EB14006A747C /* CGBitmapContext+PixelFormatAdditions.m */ = {isa = PBXFileReference; fileEncoding = 4; lastKnownFileType = sourcecode.c.objc; path = "CGBitmapContext+PixelFormatAdditions.m"; sourceTree = "<group>"; };
		1E71313414B7B79800D6D7DF /* NSVelvetViewTests.h */ = {isa = PBXFileReference; fileEncoding = 4; lastKnownFileType = sourcecode.c.h; path = NSVelvetViewTests.h; sourceTree = "<group>"; };
		1E71313514B7B79800D6D7DF /* NSVelvetViewTests.m */ = {isa = PBXFileReference; fileEncoding = 4; lastKnownFileType = sourcecode.c.objc; path = NSVelvetViewTests.m; sourceTree = "<group>"; };
		1E7BBD3E147B157B0010375D /* VELLabel.h */ = {isa = PBXFileReference; fileEncoding = 4; lastKnownFileType = sourcecode.c.h; path = VELLabel.h; sourceTree = "<group>"; };
		1E7BBD3F147B157B0010375D /* VELLabel.m */ = {isa = PBXFileReference; fileEncoding = 4; lastKnownFileType = sourcecode.c.objc; path = VELLabel.m; sourceTree = "<group>"; };
		1E7BBD4B147B17400010375D /* ApplicationServices.framework */ = {isa = PBXFileReference; lastKnownFileType = wrapper.framework; name = ApplicationServices.framework; path = System/Library/Frameworks/ApplicationServices.framework; sourceTree = SDKROOT; };
		1EA3D70814B37F3B0007E4C4 /* NSVelvetHostViewTests.h */ = {isa = PBXFileReference; fileEncoding = 4; lastKnownFileType = sourcecode.c.h; path = NSVelvetHostViewTests.h; sourceTree = "<group>"; };
		1EA3D70914B37F3B0007E4C4 /* NSVelvetHostViewTests.m */ = {isa = PBXFileReference; fileEncoding = 4; lastKnownFileType = sourcecode.c.objc; path = NSVelvetHostViewTests.m; sourceTree = "<group>"; };
		D002AEC614CE030B0062AEFC /* Expecta.xcodeproj */ = {isa = PBXFileReference; lastKnownFileType = "wrapper.pb-project"; name = Expecta.xcodeproj; path = Libraries/Expecta/Expecta.xcodeproj; sourceTree = "<group>"; };
		D002AEC914CE030B0062AEFC /* Specta.xcodeproj */ = {isa = PBXFileReference; lastKnownFileType = "wrapper.pb-project"; name = Specta.xcodeproj; path = Libraries/Specta/Specta.xcodeproj; sourceTree = "<group>"; };
		D0150FE914790A1700126F09 /* VELViewPrivate.h */ = {isa = PBXFileReference; fileEncoding = 4; lastKnownFileType = sourcecode.c.h; path = VELViewPrivate.h; sourceTree = "<group>"; };
		D01B962C14C1956100CBDD8E /* VELViewLayer.h */ = {isa = PBXFileReference; fileEncoding = 4; lastKnownFileType = sourcecode.c.h; path = VELViewLayer.h; sourceTree = "<group>"; };
		D01B962D14C1956100CBDD8E /* VELViewLayer.m */ = {isa = PBXFileReference; fileEncoding = 4; lastKnownFileType = sourcecode.c.objc; path = VELViewLayer.m; sourceTree = "<group>"; };
		D01CF3D21479B18400C88D2B /* VELNSView.h */ = {isa = PBXFileReference; fileEncoding = 4; lastKnownFileType = sourcecode.c.h; path = VELNSView.h; sourceTree = "<group>"; };
		D01CF3D31479B18400C88D2B /* VELNSView.m */ = {isa = PBXFileReference; fileEncoding = 4; lastKnownFileType = sourcecode.c.objc; path = VELNSView.m; sourceTree = "<group>"; };
		D020F48A14C3923400C466E1 /* NSViewAdditionsTests.h */ = {isa = PBXFileReference; fileEncoding = 4; lastKnownFileType = sourcecode.c.h; path = NSViewAdditionsTests.h; sourceTree = "<group>"; };
		D020F48B14C3923400C466E1 /* NSViewAdditionsTests.m */ = {isa = PBXFileReference; fileEncoding = 4; lastKnownFileType = sourcecode.c.objc; path = NSViewAdditionsTests.m; sourceTree = "<group>"; };
		D020F49114C3959500C466E1 /* NSWindow+InitializationAdditions.h */ = {isa = PBXFileReference; fileEncoding = 4; lastKnownFileType = sourcecode.c.h; path = "NSWindow+InitializationAdditions.h"; sourceTree = "<group>"; };
		D020F49214C3959500C466E1 /* NSWindow+InitializationAdditions.m */ = {isa = PBXFileReference; fileEncoding = 4; lastKnownFileType = sourcecode.c.objc; path = "NSWindow+InitializationAdditions.m"; sourceTree = "<group>"; };
		D020F49514C3972E00C466E1 /* NSWindowAdditionsTests.h */ = {isa = PBXFileReference; fileEncoding = 4; lastKnownFileType = sourcecode.c.h; path = NSWindowAdditionsTests.h; sourceTree = "<group>"; };
		D020F49614C3972E00C466E1 /* NSWindowAdditionsTests.m */ = {isa = PBXFileReference; fileEncoding = 4; lastKnownFileType = sourcecode.c.objc; path = NSWindowAdditionsTests.m; sourceTree = "<group>"; };
		D0305D781486FC960081D6EA /* VELControl.h */ = {isa = PBXFileReference; fileEncoding = 4; lastKnownFileType = sourcecode.c.h; path = VELControl.h; sourceTree = "<group>"; };
		D0305D791486FC960081D6EA /* VELControl.m */ = {isa = PBXFileReference; fileEncoding = 4; lastKnownFileType = sourcecode.c.objc; path = VELControl.m; sourceTree = "<group>"; };
		D03E64501482717D00E99AA2 /* NSVelvetViewPrivate.h */ = {isa = PBXFileReference; fileEncoding = 4; lastKnownFileType = sourcecode.c.h; path = NSVelvetViewPrivate.h; sourceTree = "<group>"; };
		D05DC49314BD084C00A0D6C8 /* VELDraggingDestination.h */ = {isa = PBXFileReference; fileEncoding = 4; lastKnownFileType = sourcecode.c.h; path = VELDraggingDestination.h; sourceTree = "<group>"; };
		D05DC49914BD0AA500A0D6C8 /* VELViewDragAndDropTests.h */ = {isa = PBXFileReference; fileEncoding = 4; lastKnownFileType = sourcecode.c.h; path = VELViewDragAndDropTests.h; sourceTree = "<group>"; };
		D05DC49A14BD0AA500A0D6C8 /* VELViewDragAndDropTests.m */ = {isa = PBXFileReference; fileEncoding = 4; lastKnownFileType = sourcecode.c.objc; path = VELViewDragAndDropTests.m; sourceTree = "<group>"; };
		D0604C8C14CD59DD008B9A7A /* VELNSViewLayer.h */ = {isa = PBXFileReference; fileEncoding = 4; lastKnownFileType = sourcecode.c.h; path = VELNSViewLayer.h; sourceTree = "<group>"; };
		D0604C8D14CD59DD008B9A7A /* VELNSViewLayer.m */ = {isa = PBXFileReference; fileEncoding = 4; lastKnownFileType = sourcecode.c.objc; path = VELNSViewLayer.m; sourceTree = "<group>"; };
		D0682AAD14C77307001CA434 /* CGGeometry+ConvenienceAdditions.h */ = {isa = PBXFileReference; fileEncoding = 4; lastKnownFileType = sourcecode.c.h; path = "CGGeometry+ConvenienceAdditions.h"; sourceTree = "<group>"; };
		D0682AAE14C77307001CA434 /* CGGeometry+ConvenienceAdditions.m */ = {isa = PBXFileReference; fileEncoding = 4; lastKnownFileType = sourcecode.c.objc; path = "CGGeometry+ConvenienceAdditions.m"; sourceTree = "<group>"; };
		D0682AB214C773EF001CA434 /* CGGeometryAdditionsTests.h */ = {isa = PBXFileReference; fileEncoding = 4; lastKnownFileType = sourcecode.c.h; path = CGGeometryAdditionsTests.h; sourceTree = "<group>"; };
		D0682AB314C773EF001CA434 /* CGGeometryAdditionsTests.m */ = {isa = PBXFileReference; fileEncoding = 4; lastKnownFileType = sourcecode.c.objc; path = CGGeometryAdditionsTests.m; sourceTree = "<group>"; };
		D06EF03914B39CFA0035E239 /* VELEventManager.h */ = {isa = PBXFileReference; fileEncoding = 4; lastKnownFileType = sourcecode.c.h; path = VELEventManager.h; sourceTree = "<group>"; };
		D06EF03A14B39CFA0035E239 /* VELEventManager.m */ = {isa = PBXFileReference; fileEncoding = 4; lastKnownFileType = sourcecode.c.objc; path = VELEventManager.m; sourceTree = "<group>"; };
		D06EF03D14B3A0590035E239 /* NSWindow+EventHandlingAdditions.h */ = {isa = PBXFileReference; fileEncoding = 4; lastKnownFileType = sourcecode.c.h; path = "NSWindow+EventHandlingAdditions.h"; sourceTree = "<group>"; };
		D06EF03E14B3A0590035E239 /* NSWindow+EventHandlingAdditions.m */ = {isa = PBXFileReference; fileEncoding = 4; lastKnownFileType = sourcecode.c.objc; path = "NSWindow+EventHandlingAdditions.m"; sourceTree = "<group>"; };
		D07B72A314C4FC5500AA19DD /* VELControlTests.h */ = {isa = PBXFileReference; fileEncoding = 4; lastKnownFileType = sourcecode.c.h; path = VELControlTests.h; sourceTree = "<group>"; };
		D07B72A414C4FC5500AA19DD /* VELControlTests.m */ = {isa = PBXFileReference; fileEncoding = 4; lastKnownFileType = sourcecode.c.objc; path = VELControlTests.m; sourceTree = "<group>"; };
		D08719E414A30AA700F304BC /* VELViewController.h */ = {isa = PBXFileReference; fileEncoding = 4; lastKnownFileType = sourcecode.c.h; path = VELViewController.h; sourceTree = "<group>"; };
		D08719E514A30AA700F304BC /* VELViewController.m */ = {isa = PBXFileReference; fileEncoding = 4; lastKnownFileType = sourcecode.c.objc; path = VELViewController.m; sourceTree = "<group>"; };
		D08719E914A30B5F00F304BC /* VELViewControllerTests.h */ = {isa = PBXFileReference; fileEncoding = 4; lastKnownFileType = sourcecode.c.h; path = VELViewControllerTests.h; sourceTree = "<group>"; };
		D08719EA14A30B5F00F304BC /* VELViewControllerTests.m */ = {isa = PBXFileReference; fileEncoding = 4; lastKnownFileType = sourcecode.c.objc; path = VELViewControllerTests.m; sourceTree = "<group>"; };
		D0911B1B147C93AD00C7DF4E /* NSView+VELBridgedViewAdditions.h */ = {isa = PBXFileReference; fileEncoding = 4; lastKnownFileType = sourcecode.c.h; path = "NSView+VELBridgedViewAdditions.h"; sourceTree = "<group>"; };
		D0911B1C147C93AD00C7DF4E /* NSView+VELBridgedViewAdditions.m */ = {isa = PBXFileReference; fileEncoding = 4; lastKnownFileType = sourcecode.c.objc; path = "NSView+VELBridgedViewAdditions.m"; sourceTree = "<group>"; };
		D0A96C0314B7AE8B00A64F6F /* AppKit+GeometryAdditions.h */ = {isa = PBXFileReference; fileEncoding = 4; lastKnownFileType = sourcecode.c.h; path = "AppKit+GeometryAdditions.h"; sourceTree = "<group>"; };
		D0A96C0414B7AE8B00A64F6F /* AppKit+GeometryAdditions.m */ = {isa = PBXFileReference; fileEncoding = 4; lastKnownFileType = sourcecode.c.objc; path = "AppKit+GeometryAdditions.m"; sourceTree = "<group>"; };
		D0A96C0B14B7AF1F00A64F6F /* VELAppKitAdditionsTests.h */ = {isa = PBXFileReference; fileEncoding = 4; lastKnownFileType = sourcecode.c.h; path = VELAppKitAdditionsTests.h; sourceTree = "<group>"; };
		D0A96C0C14B7AF1F00A64F6F /* VELAppKitAdditionsTests.m */ = {isa = PBXFileReference; fileEncoding = 4; lastKnownFileType = sourcecode.c.objc; path = VELAppKitAdditionsTests.m; sourceTree = "<group>"; };
		D0B23AF71491872B009CF46A /* VELImageViewTests.h */ = {isa = PBXFileReference; fileEncoding = 4; lastKnownFileType = sourcecode.c.h; path = VELImageViewTests.h; sourceTree = "<group>"; };
		D0B23AF81491872B009CF46A /* VELImageViewTests.m */ = {isa = PBXFileReference; fileEncoding = 4; lastKnownFileType = sourcecode.c.objc; path = VELImageViewTests.m; sourceTree = "<group>"; };
		D0B2E4F214C41A4600812B76 /* VELNSViewLayerDelegateProxy.h */ = {isa = PBXFileReference; fileEncoding = 4; lastKnownFileType = sourcecode.c.h; path = VELNSViewLayerDelegateProxy.h; sourceTree = "<group>"; };
		D0B2E4F314C41A4600812B76 /* VELNSViewLayerDelegateProxy.m */ = {isa = PBXFileReference; fileEncoding = 4; lastKnownFileType = sourcecode.c.objc; path = VELNSViewLayerDelegateProxy.m; sourceTree = "<group>"; };
		D0B75C67149188FD005C81D5 /* testimage.jpg */ = {isa = PBXFileReference; lastKnownFileType = image.jpeg; path = testimage.jpg; sourceTree = "<group>"; };
		D0B75C6D14918EB9005C81D5 /* VELViewTests.h */ = {isa = PBXFileReference; fileEncoding = 4; lastKnownFileType = sourcecode.c.h; path = VELViewTests.h; sourceTree = "<group>"; };
		D0B75C6E14918EB9005C81D5 /* VELViewTests.m */ = {isa = PBXFileReference; fileEncoding = 4; lastKnownFileType = sourcecode.c.objc; path = VELViewTests.m; sourceTree = "<group>"; };
		D0CACD34147C86C0008C42B2 /* VELBridgedView.h */ = {isa = PBXFileReference; fileEncoding = 4; lastKnownFileType = sourcecode.c.h; path = VELBridgedView.h; sourceTree = "<group>"; };
		D0CE950E14B3842F003581C8 /* VELWindowTests.h */ = {isa = PBXFileReference; fileEncoding = 4; lastKnownFileType = sourcecode.c.h; path = VELWindowTests.h; sourceTree = "<group>"; };
		D0CE950F14B3842F003581C8 /* VELWindowTests.m */ = {isa = PBXFileReference; fileEncoding = 4; lastKnownFileType = sourcecode.c.objc; path = VELWindowTests.m; sourceTree = "<group>"; };
		D0D51CF814880A0D00F15DA9 /* NSColor+CoreGraphicsAdditions.h */ = {isa = PBXFileReference; fileEncoding = 4; lastKnownFileType = sourcecode.c.h; path = "NSColor+CoreGraphicsAdditions.h"; sourceTree = "<group>"; };
		D0D51CF914880A0D00F15DA9 /* NSColor+CoreGraphicsAdditions.m */ = {isa = PBXFileReference; fileEncoding = 4; lastKnownFileType = sourcecode.c.objc; path = "NSColor+CoreGraphicsAdditions.m"; sourceTree = "<group>"; };
		D0D51D0814880EEB00F15DA9 /* NSImage+CoreGraphicsAdditions.h */ = {isa = PBXFileReference; fileEncoding = 4; lastKnownFileType = sourcecode.c.h; path = "NSImage+CoreGraphicsAdditions.h"; sourceTree = "<group>"; };
		D0D51D0914880EEB00F15DA9 /* NSImage+CoreGraphicsAdditions.m */ = {isa = PBXFileReference; fileEncoding = 4; lastKnownFileType = sourcecode.c.objc; path = "NSImage+CoreGraphicsAdditions.m"; sourceTree = "<group>"; };
		D0D8C39D1478582C00FC9015 /* NSVelvetView.h */ = {isa = PBXFileReference; fileEncoding = 4; lastKnownFileType = sourcecode.c.h; path = NSVelvetView.h; sourceTree = "<group>"; };
		D0D8C39E1478582C00FC9015 /* NSVelvetView.m */ = {isa = PBXFileReference; fileEncoding = 4; lastKnownFileType = sourcecode.c.objc; path = NSVelvetView.m; sourceTree = "<group>"; };
		D0D8C3A814785A1300FC9015 /* VELView.h */ = {isa = PBXFileReference; fileEncoding = 4; lastKnownFileType = sourcecode.c.h; path = VELView.h; sourceTree = "<group>"; };
		D0D8C3A914785A1300FC9015 /* VELView.m */ = {isa = PBXFileReference; fileEncoding = 4; lastKnownFileType = sourcecode.c.objc; path = VELView.m; sourceTree = "<group>"; };
		D0D8C3AC14785CED00FC9015 /* QuartzCore.framework */ = {isa = PBXFileReference; lastKnownFileType = wrapper.framework; name = QuartzCore.framework; path = System/Library/Frameworks/QuartzCore.framework; sourceTree = SDKROOT; };
		D0DB8A7B149028D60082D3DA /* VELLabelTests.h */ = {isa = PBXFileReference; fileEncoding = 4; lastKnownFileType = sourcecode.c.h; path = VELLabelTests.h; sourceTree = "<group>"; };
		D0DB8A7C149028D60082D3DA /* VELLabelTests.m */ = {isa = PBXFileReference; fileEncoding = 4; lastKnownFileType = sourcecode.c.objc; path = VELLabelTests.m; sourceTree = "<group>"; };
		D0E8B35214831419003980B4 /* VELImageView.h */ = {isa = PBXFileReference; fileEncoding = 4; lastKnownFileType = sourcecode.c.h; path = VELImageView.h; sourceTree = "<group>"; };
		D0E8B35314831419003980B4 /* VELImageView.m */ = {isa = PBXFileReference; fileEncoding = 4; lastKnownFileType = sourcecode.c.objc; path = VELImageView.m; sourceTree = "<group>"; };
		D0EFFC01147851A80095AB35 /* Velvet.framework */ = {isa = PBXFileReference; explicitFileType = wrapper.framework; includeInIndex = 0; path = Velvet.framework; sourceTree = BUILT_PRODUCTS_DIR; };
		D0EFFC04147851A80095AB35 /* Cocoa.framework */ = {isa = PBXFileReference; lastKnownFileType = wrapper.framework; name = Cocoa.framework; path = System/Library/Frameworks/Cocoa.framework; sourceTree = SDKROOT; };
		D0EFFC07147851A80095AB35 /* AppKit.framework */ = {isa = PBXFileReference; lastKnownFileType = wrapper.framework; name = AppKit.framework; path = System/Library/Frameworks/AppKit.framework; sourceTree = SDKROOT; };
		D0EFFC08147851A80095AB35 /* CoreData.framework */ = {isa = PBXFileReference; lastKnownFileType = wrapper.framework; name = CoreData.framework; path = System/Library/Frameworks/CoreData.framework; sourceTree = SDKROOT; };
		D0EFFC09147851A80095AB35 /* Foundation.framework */ = {isa = PBXFileReference; lastKnownFileType = wrapper.framework; name = Foundation.framework; path = System/Library/Frameworks/Foundation.framework; sourceTree = SDKROOT; };
		D0EFFC0C147851A80095AB35 /* Velvet-Info.plist */ = {isa = PBXFileReference; lastKnownFileType = text.plist.xml; path = "Velvet-Info.plist"; sourceTree = "<group>"; };
		D0EFFC0E147851A80095AB35 /* en */ = {isa = PBXFileReference; lastKnownFileType = text.plist.strings; name = en; path = en.lproj/InfoPlist.strings; sourceTree = "<group>"; };
		D0EFFC10147851A80095AB35 /* Velvet-Prefix.pch */ = {isa = PBXFileReference; lastKnownFileType = sourcecode.c.h; path = "Velvet-Prefix.pch"; sourceTree = "<group>"; };
		D0EFFC11147851A80095AB35 /* Velvet.h */ = {isa = PBXFileReference; lastKnownFileType = sourcecode.c.h; path = Velvet.h; sourceTree = "<group>"; };
		D0EFFC19147851A80095AB35 /* VelvetTests.octest */ = {isa = PBXFileReference; explicitFileType = wrapper.cfbundle; includeInIndex = 0; path = VelvetTests.octest; sourceTree = BUILT_PRODUCTS_DIR; };
		D0EFFC1A147851A80095AB35 /* SenTestingKit.framework */ = {isa = PBXFileReference; lastKnownFileType = wrapper.framework; name = SenTestingKit.framework; path = Library/Frameworks/SenTestingKit.framework; sourceTree = DEVELOPER_DIR; };
		D0EFFC22147851A80095AB35 /* VelvetTests-Info.plist */ = {isa = PBXFileReference; lastKnownFileType = text.plist.xml; path = "VelvetTests-Info.plist"; sourceTree = "<group>"; };
		D0EFFC24147851A80095AB35 /* en */ = {isa = PBXFileReference; lastKnownFileType = text.plist.strings; name = en; path = en.lproj/InfoPlist.strings; sourceTree = "<group>"; };
		D0F5BFC914BF6BE000C66839 /* VELHostView.h */ = {isa = PBXFileReference; fileEncoding = 4; lastKnownFileType = sourcecode.c.h; path = VELHostView.h; sourceTree = "<group>"; };
		D0F5CD6C14C57BFD00966B2D /* Common.xcconfig */ = {isa = PBXFileReference; lastKnownFileType = text.xcconfig; path = Common.xcconfig; sourceTree = "<group>"; };
		D0F5CD6E14C57BFD00966B2D /* Debug.xcconfig */ = {isa = PBXFileReference; lastKnownFileType = text.xcconfig; path = Debug.xcconfig; sourceTree = "<group>"; };
		D0F5CD6F14C57BFD00966B2D /* Profile.xcconfig */ = {isa = PBXFileReference; lastKnownFileType = text.xcconfig; path = Profile.xcconfig; sourceTree = "<group>"; };
		D0F5CD7014C57BFD00966B2D /* Release.xcconfig */ = {isa = PBXFileReference; lastKnownFileType = text.xcconfig; path = Release.xcconfig; sourceTree = "<group>"; };
		D0F5CD7214C57BFD00966B2D /* Application.xcconfig */ = {isa = PBXFileReference; lastKnownFileType = text.xcconfig; path = Application.xcconfig; sourceTree = "<group>"; };
		D0F5CD7314C57BFD00966B2D /* StaticLibrary.xcconfig */ = {isa = PBXFileReference; lastKnownFileType = text.xcconfig; path = StaticLibrary.xcconfig; sourceTree = "<group>"; };
		D0F5CD7514C57BFD00966B2D /* iOS-Application.xcconfig */ = {isa = PBXFileReference; lastKnownFileType = text.xcconfig; path = "iOS-Application.xcconfig"; sourceTree = "<group>"; };
		D0F5CD7614C57BFD00966B2D /* iOS-Base.xcconfig */ = {isa = PBXFileReference; lastKnownFileType = text.xcconfig; path = "iOS-Base.xcconfig"; sourceTree = "<group>"; };
		D0F5CD7714C57BFD00966B2D /* iOS-StaticLibrary.xcconfig */ = {isa = PBXFileReference; lastKnownFileType = text.xcconfig; path = "iOS-StaticLibrary.xcconfig"; sourceTree = "<group>"; };
		D0F5CD7914C57BFD00966B2D /* Mac-Application.xcconfig */ = {isa = PBXFileReference; lastKnownFileType = text.xcconfig; path = "Mac-Application.xcconfig"; sourceTree = "<group>"; };
		D0F5CD7A14C57BFD00966B2D /* Mac-Base.xcconfig */ = {isa = PBXFileReference; lastKnownFileType = text.xcconfig; path = "Mac-Base.xcconfig"; sourceTree = "<group>"; };
		D0F5CD7B14C57BFD00966B2D /* Mac-DynamicLibrary.xcconfig */ = {isa = PBXFileReference; lastKnownFileType = text.xcconfig; path = "Mac-DynamicLibrary.xcconfig"; sourceTree = "<group>"; };
		D0F5CD7C14C57BFD00966B2D /* Mac-Framework.xcconfig */ = {isa = PBXFileReference; lastKnownFileType = text.xcconfig; path = "Mac-Framework.xcconfig"; sourceTree = "<group>"; };
		D0F5CD7D14C57BFD00966B2D /* Mac-StaticLibrary.xcconfig */ = {isa = PBXFileReference; lastKnownFileType = text.xcconfig; path = "Mac-StaticLibrary.xcconfig"; sourceTree = "<group>"; };
		D0F5CD7E14C57BFD00966B2D /* README.md */ = {isa = PBXFileReference; lastKnownFileType = text; path = README.md; sourceTree = "<group>"; };
		D0F5CD8414C57C4600966B2D /* metamacros.h */ = {isa = PBXFileReference; fileEncoding = 4; lastKnownFileType = sourcecode.c.h; path = metamacros.h; sourceTree = "<group>"; };
		D0F5CD8614C57C4600966B2D /* EXTRuntimeExtensions.h */ = {isa = PBXFileReference; fileEncoding = 4; lastKnownFileType = sourcecode.c.h; path = EXTRuntimeExtensions.h; sourceTree = "<group>"; };
		D0F5CD8714C57C4600966B2D /* EXTRuntimeExtensions.m */ = {isa = PBXFileReference; fileEncoding = 4; lastKnownFileType = sourcecode.c.objc; path = EXTRuntimeExtensions.m; sourceTree = "<group>"; };
		D0F5CD8814C57C4600966B2D /* EXTSafeCategory.h */ = {isa = PBXFileReference; fileEncoding = 4; lastKnownFileType = sourcecode.c.h; path = EXTSafeCategory.h; sourceTree = "<group>"; };
		D0F5CD8914C57C4600966B2D /* EXTSafeCategory.m */ = {isa = PBXFileReference; fileEncoding = 4; lastKnownFileType = sourcecode.c.objc; path = EXTSafeCategory.m; sourceTree = "<group>"; };
		D0F5CD8A14C57C4600966B2D /* EXTScope.h */ = {isa = PBXFileReference; fileEncoding = 4; lastKnownFileType = sourcecode.c.h; path = EXTScope.h; sourceTree = "<group>"; };
		D0F5CD8B14C57C4600966B2D /* EXTScope.m */ = {isa = PBXFileReference; fileEncoding = 4; lastKnownFileType = sourcecode.c.objc; path = EXTScope.m; sourceTree = "<group>"; };
		D0F5CD8D14C57C4600966B2D /* EXTRuntimeExtensionsTest.h */ = {isa = PBXFileReference; fileEncoding = 4; lastKnownFileType = sourcecode.c.h; path = EXTRuntimeExtensionsTest.h; sourceTree = "<group>"; };
		D0F5CD8E14C57C4600966B2D /* EXTRuntimeExtensionsTest.m */ = {isa = PBXFileReference; fileEncoding = 4; lastKnownFileType = sourcecode.c.objc; path = EXTRuntimeExtensionsTest.m; sourceTree = "<group>"; };
		D0F5CD8F14C57C4600966B2D /* EXTSafeCategoryTest.h */ = {isa = PBXFileReference; fileEncoding = 4; lastKnownFileType = sourcecode.c.h; path = EXTSafeCategoryTest.h; sourceTree = "<group>"; };
		D0F5CD9014C57C4600966B2D /* EXTSafeCategoryTest.m */ = {isa = PBXFileReference; fileEncoding = 4; lastKnownFileType = sourcecode.c.objc; path = EXTSafeCategoryTest.m; sourceTree = "<group>"; };
		D0F5CD9114C57C4600966B2D /* EXTScopeTest.h */ = {isa = PBXFileReference; fileEncoding = 4; lastKnownFileType = sourcecode.c.h; path = EXTScopeTest.h; sourceTree = "<group>"; };
		D0F5CD9214C57C4600966B2D /* EXTScopeTest.m */ = {isa = PBXFileReference; fileEncoding = 4; lastKnownFileType = sourcecode.c.objc; path = EXTScopeTest.m; sourceTree = "<group>"; };
/* End PBXFileReference section */

/* Begin PBXFrameworksBuildPhase section */
		D0EFFBFD147851A80095AB35 /* Frameworks */ = {
			isa = PBXFrameworksBuildPhase;
			buildActionMask = 2147483647;
			files = (
				1E7BBD4C147B17400010375D /* ApplicationServices.framework in Frameworks */,
				D0D8C3AD14785CEE00FC9015 /* QuartzCore.framework in Frameworks */,
				D0EFFC05147851A80095AB35 /* Cocoa.framework in Frameworks */,
			);
			runOnlyForDeploymentPostprocessing = 0;
		};
		D0EFFC15147851A80095AB35 /* Frameworks */ = {
			isa = PBXFrameworksBuildPhase;
			buildActionMask = 2147483647;
			files = (
				D002AEEF14CE031F0062AEFC /* libExpecta.a in Frameworks */,
				D002AEF014CE031F0062AEFC /* libSpecta.a in Frameworks */,
				D03FD8A614C39D760062B7A3 /* QuartzCore.framework in Frameworks */,
				D0EFFC1B147851A80095AB35 /* SenTestingKit.framework in Frameworks */,
				D0EFFC1C147851A80095AB35 /* Cocoa.framework in Frameworks */,
				D0EFFC1F147851A80095AB35 /* Velvet.framework in Frameworks */,
			);
			runOnlyForDeploymentPostprocessing = 0;
		};
/* End PBXFrameworksBuildPhase section */

/* Begin PBXGroup section */
		D002AEC714CE030B0062AEFC /* Products */ = {
			isa = PBXGroup;
			children = (
				D002AED714CE030C0062AEFC /* libExpecta.a */,
				D002AED914CE030C0062AEFC /* libExpecta-iOS.a */,
				D002AEDB14CE030C0062AEFC /* ExpectaTests.octest */,
				D002AEDD14CE030C0062AEFC /* Expecta-iOSTests.octest */,
			);
			name = Products;
			sourceTree = "<group>";
		};
		D002AECA14CE030B0062AEFC /* Products */ = {
			isa = PBXGroup;
			children = (
				D002AEE314CE030C0062AEFC /* libSpecta.a */,
				D002AEE514CE030C0062AEFC /* libSpecta-iOS.a */,
				D002AEE714CE030C0062AEFC /* SpectaTests.octest */,
				D002AEE914CE030C0062AEFC /* Specta-iOSTests.octest */,
			);
			name = Products;
			sourceTree = "<group>";
		};
		D0150FF414790BF500126F09 /* Extensions */ = {
			isa = PBXGroup;
			children = (
				D0A96C0314B7AE8B00A64F6F /* AppKit+GeometryAdditions.h */,
				D0A96C0414B7AE8B00A64F6F /* AppKit+GeometryAdditions.m */,
				1E28194C1481EB14006A747C /* CALayer+GeometryAdditions.h */,
				1E28194D1481EB14006A747C /* CALayer+GeometryAdditions.m */,
				1E28194E1481EB14006A747C /* CATransaction+BlockAdditions.h */,
				1E28194F1481EB14006A747C /* CATransaction+BlockAdditions.m */,
				1E2819501481EB14006A747C /* CGBitmapContext+PixelFormatAdditions.h */,
				1E2819511481EB14006A747C /* CGBitmapContext+PixelFormatAdditions.m */,
				D0682AAD14C77307001CA434 /* CGGeometry+ConvenienceAdditions.h */,
				D0682AAE14C77307001CA434 /* CGGeometry+ConvenienceAdditions.m */,
				D0D51CF814880A0D00F15DA9 /* NSColor+CoreGraphicsAdditions.h */,
				D0D51CF914880A0D00F15DA9 /* NSColor+CoreGraphicsAdditions.m */,
				D0D51D0814880EEB00F15DA9 /* NSImage+CoreGraphicsAdditions.h */,
				D0D51D0914880EEB00F15DA9 /* NSImage+CoreGraphicsAdditions.m */,
				D0911B1B147C93AD00C7DF4E /* NSView+VELBridgedViewAdditions.h */,
				D0911B1C147C93AD00C7DF4E /* NSView+VELBridgedViewAdditions.m */,
				D06EF03D14B3A0590035E239 /* NSWindow+EventHandlingAdditions.h */,
				D06EF03E14B3A0590035E239 /* NSWindow+EventHandlingAdditions.m */,
				D020F49114C3959500C466E1 /* NSWindow+InitializationAdditions.h */,
				D020F49214C3959500C466E1 /* NSWindow+InitializationAdditions.m */,
			);
			name = Extensions;
			sourceTree = "<group>";
		};
		D01B962B14C1955400CBDD8E /* Layers */ = {
			isa = PBXGroup;
			children = (
				D0604C8C14CD59DD008B9A7A /* VELNSViewLayer.h */,
				D0604C8D14CD59DD008B9A7A /* VELNSViewLayer.m */,
				D01B962C14C1956100CBDD8E /* VELViewLayer.h */,
				D01B962D14C1956100CBDD8E /* VELViewLayer.m */,
			);
			name = Layers;
			sourceTree = "<group>";
		};
		D01CF3AD1479A6A100C88D2B /* AppKit Bridge */ = {
			isa = PBXGroup;
			children = (
				0DCD37C4147DB86200A9D6E4 /* NSVelvetHostView.h */,
				0DCD37C5147DB86200A9D6E4 /* NSVelvetHostView.m */,
				D0D8C39D1478582C00FC9015 /* NSVelvetView.h */,
				D0D8C39E1478582C00FC9015 /* NSVelvetView.m */,
				D03E64501482717D00E99AA2 /* NSVelvetViewPrivate.h */,
				1E2819451481EAEF006A747C /* VELCAAction.h */,
				1E2819461481EAEF006A747C /* VELCAAction.m */,
				D0B2E4F214C41A4600812B76 /* VELNSViewLayerDelegateProxy.h */,
				D0B2E4F314C41A4600812B76 /* VELNSViewLayerDelegateProxy.m */,
			);
			name = "AppKit Bridge";
			sourceTree = "<group>";
		};
		D0604C8A14CD5917008B9A7A /* Views */ = {
			isa = PBXGroup;
			children = (
				D0305D781486FC960081D6EA /* VELControl.h */,
				D0305D791486FC960081D6EA /* VELControl.m */,
				D0E8B35214831419003980B4 /* VELImageView.h */,
				D0E8B35314831419003980B4 /* VELImageView.m */,
				1E7BBD3E147B157B0010375D /* VELLabel.h */,
				1E7BBD3F147B157B0010375D /* VELLabel.m */,
				D01CF3D21479B18400C88D2B /* VELNSView.h */,
				D01CF3D31479B18400C88D2B /* VELNSView.m */,
				1E2819471481EAEF006A747C /* VELNSViewPrivate.h */,
				D0D8C3A814785A1300FC9015 /* VELView.h */,
				D0D8C3A914785A1300FC9015 /* VELView.m */,
				D0150FE914790A1700126F09 /* VELViewPrivate.h */,
				0DEDDD3D147B5D5C0087037C /* VELWindow.h */,
				0DEDDD3E147B5D5C0087037C /* VELWindow.m */,
			);
			name = Views;
			sourceTree = "<group>";
		};
		D0604C8B14CD597E008B9A7A /* Event Handling */ = {
			isa = PBXGroup;
			children = (
				D06EF03914B39CFA0035E239 /* VELEventManager.h */,
				D06EF03A14B39CFA0035E239 /* VELEventManager.m */,
			);
			name = "Event Handling";
			sourceTree = "<group>";
		};
		D08719E314A30A5900F304BC /* View Controllers */ = {
			isa = PBXGroup;
			children = (
				D08719E414A30AA700F304BC /* VELViewController.h */,
				D08719E514A30AA700F304BC /* VELViewController.m */,
			);
			name = "View Controllers";
			sourceTree = "<group>";
		};
		D08719E814A30B4C00F304BC /* Classes */ = {
			isa = PBXGroup;
			children = (
				D0682AB214C773EF001CA434 /* CGGeometryAdditionsTests.h */,
				D0682AB314C773EF001CA434 /* CGGeometryAdditionsTests.m */,
				1EA3D70814B37F3B0007E4C4 /* NSVelvetHostViewTests.h */,
				1EA3D70914B37F3B0007E4C4 /* NSVelvetHostViewTests.m */,
				1E71313414B7B79800D6D7DF /* NSVelvetViewTests.h */,
				1E71313514B7B79800D6D7DF /* NSVelvetViewTests.m */,
				D020F48A14C3923400C466E1 /* NSViewAdditionsTests.h */,
				D020F48B14C3923400C466E1 /* NSViewAdditionsTests.m */,
				D020F49514C3972E00C466E1 /* NSWindowAdditionsTests.h */,
				D020F49614C3972E00C466E1 /* NSWindowAdditionsTests.m */,
				D0A96C0B14B7AF1F00A64F6F /* VELAppKitAdditionsTests.h */,
				D0A96C0C14B7AF1F00A64F6F /* VELAppKitAdditionsTests.m */,
				D07B72A314C4FC5500AA19DD /* VELControlTests.h */,
				D07B72A414C4FC5500AA19DD /* VELControlTests.m */,
				D0B23AF71491872B009CF46A /* VELImageViewTests.h */,
				D0B23AF81491872B009CF46A /* VELImageViewTests.m */,
				D0DB8A7B149028D60082D3DA /* VELLabelTests.h */,
				D0DB8A7C149028D60082D3DA /* VELLabelTests.m */,
				1A5FCCF81496B61A00BB49F3 /* VELNSViewTests.h */,
				1A5FCCF91496B61A00BB49F3 /* VELNSViewTests.m */,
				D08719E914A30B5F00F304BC /* VELViewControllerTests.h */,
				D08719EA14A30B5F00F304BC /* VELViewControllerTests.m */,
				D05DC49914BD0AA500A0D6C8 /* VELViewDragAndDropTests.h */,
				D05DC49A14BD0AA500A0D6C8 /* VELViewDragAndDropTests.m */,
				D0B75C6D14918EB9005C81D5 /* VELViewTests.h */,
				D0B75C6E14918EB9005C81D5 /* VELViewTests.m */,
				D0CE950E14B3842F003581C8 /* VELWindowTests.h */,
				D0CE950F14B3842F003581C8 /* VELWindowTests.m */,
			);
			name = Classes;
			sourceTree = "<group>";
		};
		D0D7305A147C860900090122 /* Protocols */ = {
			isa = PBXGroup;
			children = (
				D0CACD34147C86C0008C42B2 /* VELBridgedView.h */,
				D05DC49314BD084C00A0D6C8 /* VELDraggingDestination.h */,
				D0F5BFC914BF6BE000C66839 /* VELHostView.h */,
			);
			name = Protocols;
			sourceTree = "<group>";
		};
		D0D8C39C147856A400FC9015 /* Classes */ = {
			isa = PBXGroup;
			children = (
				D01CF3AD1479A6A100C88D2B /* AppKit Bridge */,
				D0604C8B14CD597E008B9A7A /* Event Handling */,
				D01B962B14C1955400CBDD8E /* Layers */,
				D08719E314A30A5900F304BC /* View Controllers */,
				D0604C8A14CD5917008B9A7A /* Views */,
			);
			name = Classes;
			sourceTree = "<group>";
		};
		D0EFFBF5147851A80095AB35 = {
			isa = PBXGroup;
			children = (
				D0EFFC0A147851A80095AB35 /* Velvet */,
				D0EFFC20147851A80095AB35 /* VelvetTests */,
				D0EFFC03147851A80095AB35 /* Frameworks */,
				D0F5CD6A14C57BFD00966B2D /* Configuration */,
				D0EFFC02147851A80095AB35 /* Products */,
			);
			sourceTree = "<group>";
		};
		D0EFFC02147851A80095AB35 /* Products */ = {
			isa = PBXGroup;
			children = (
				D0EFFC01147851A80095AB35 /* Velvet.framework */,
				D0EFFC19147851A80095AB35 /* VelvetTests.octest */,
			);
			name = Products;
			sourceTree = "<group>";
		};
		D0EFFC03147851A80095AB35 /* Frameworks */ = {
			isa = PBXGroup;
			children = (
				D0F5CD8314C57C4600966B2D /* libextobjc */,
				D002AEC614CE030B0062AEFC /* Expecta.xcodeproj */,
				D002AEC914CE030B0062AEFC /* Specta.xcodeproj */,
				D0EFFC07147851A80095AB35 /* AppKit.framework */,
				1E7BBD4B147B17400010375D /* ApplicationServices.framework */,
				D0EFFC04147851A80095AB35 /* Cocoa.framework */,
				D0EFFC08147851A80095AB35 /* CoreData.framework */,
				D0EFFC09147851A80095AB35 /* Foundation.framework */,
				D0D8C3AC14785CED00FC9015 /* QuartzCore.framework */,
				D0EFFC1A147851A80095AB35 /* SenTestingKit.framework */,
			);
			name = Frameworks;
			sourceTree = "<group>";
		};
		D0EFFC0A147851A80095AB35 /* Velvet */ = {
			isa = PBXGroup;
			children = (
				D0EFFC11147851A80095AB35 /* Velvet.h */,
				D0D8C39C147856A400FC9015 /* Classes */,
				D0150FF414790BF500126F09 /* Extensions */,
				D0D7305A147C860900090122 /* Protocols */,
				D0EFFC0B147851A80095AB35 /* Supporting Files */,
			);
			path = Velvet;
			sourceTree = "<group>";
		};
		D0EFFC0B147851A80095AB35 /* Supporting Files */ = {
			isa = PBXGroup;
			children = (
				D0EFFC0C147851A80095AB35 /* Velvet-Info.plist */,
				D0EFFC0D147851A80095AB35 /* InfoPlist.strings */,
				D0EFFC10147851A80095AB35 /* Velvet-Prefix.pch */,
			);
			name = "Supporting Files";
			sourceTree = "<group>";
		};
		D0EFFC20147851A80095AB35 /* VelvetTests */ = {
			isa = PBXGroup;
			children = (
				D08719E814A30B4C00F304BC /* Classes */,
				D0EFFC21147851A80095AB35 /* Supporting Files */,
			);
			path = VelvetTests;
			sourceTree = "<group>";
		};
		D0EFFC21147851A80095AB35 /* Supporting Files */ = {
			isa = PBXGroup;
			children = (
				D0B75C67149188FD005C81D5 /* testimage.jpg */,
				D0EFFC22147851A80095AB35 /* VelvetTests-Info.plist */,
				D0EFFC23147851A80095AB35 /* InfoPlist.strings */,
			);
			name = "Supporting Files";
			sourceTree = "<group>";
		};
		D0F5CD6A14C57BFD00966B2D /* Configuration */ = {
			isa = PBXGroup;
			children = (
				D0F5CD6B14C57BFD00966B2D /* Base */,
				D0F5CD7414C57BFD00966B2D /* iOS */,
				D0F5CD7814C57BFD00966B2D /* Mac OS X */,
				D0F5CD7E14C57BFD00966B2D /* README.md */,
			);
			path = Configuration;
			sourceTree = "<group>";
		};
		D0F5CD6B14C57BFD00966B2D /* Base */ = {
			isa = PBXGroup;
			children = (
				D0F5CD6C14C57BFD00966B2D /* Common.xcconfig */,
				D0F5CD6D14C57BFD00966B2D /* Configurations */,
				D0F5CD7114C57BFD00966B2D /* Targets */,
			);
			path = Base;
			sourceTree = "<group>";
		};
		D0F5CD6D14C57BFD00966B2D /* Configurations */ = {
			isa = PBXGroup;
			children = (
				D0F5CD6E14C57BFD00966B2D /* Debug.xcconfig */,
				D0F5CD6F14C57BFD00966B2D /* Profile.xcconfig */,
				D0F5CD7014C57BFD00966B2D /* Release.xcconfig */,
			);
			path = Configurations;
			sourceTree = "<group>";
		};
		D0F5CD7114C57BFD00966B2D /* Targets */ = {
			isa = PBXGroup;
			children = (
				D0F5CD7214C57BFD00966B2D /* Application.xcconfig */,
				D0F5CD7314C57BFD00966B2D /* StaticLibrary.xcconfig */,
			);
			path = Targets;
			sourceTree = "<group>";
		};
		D0F5CD7414C57BFD00966B2D /* iOS */ = {
			isa = PBXGroup;
			children = (
				D0F5CD7514C57BFD00966B2D /* iOS-Application.xcconfig */,
				D0F5CD7614C57BFD00966B2D /* iOS-Base.xcconfig */,
				D0F5CD7714C57BFD00966B2D /* iOS-StaticLibrary.xcconfig */,
			);
			path = iOS;
			sourceTree = "<group>";
		};
		D0F5CD7814C57BFD00966B2D /* Mac OS X */ = {
			isa = PBXGroup;
			children = (
				D0F5CD7914C57BFD00966B2D /* Mac-Application.xcconfig */,
				D0F5CD7A14C57BFD00966B2D /* Mac-Base.xcconfig */,
				D0F5CD7B14C57BFD00966B2D /* Mac-DynamicLibrary.xcconfig */,
				D0F5CD7C14C57BFD00966B2D /* Mac-Framework.xcconfig */,
				D0F5CD7D14C57BFD00966B2D /* Mac-StaticLibrary.xcconfig */,
			);
			path = "Mac OS X";
			sourceTree = "<group>";
		};
		D0F5CD8314C57C4600966B2D /* libextobjc */ = {
			isa = PBXGroup;
			children = (
				D0F5CD8414C57C4600966B2D /* metamacros.h */,
				D0F5CD8514C57C4600966B2D /* Modules */,
				D0F5CD8C14C57C4600966B2D /* Tests */,
			);
			name = libextobjc;
			path = Libraries/libextobjc/extobjc;
			sourceTree = "<group>";
		};
		D0F5CD8514C57C4600966B2D /* Modules */ = {
			isa = PBXGroup;
			children = (
				D0F5CD8614C57C4600966B2D /* EXTRuntimeExtensions.h */,
				D0F5CD8714C57C4600966B2D /* EXTRuntimeExtensions.m */,
				D0F5CD8814C57C4600966B2D /* EXTSafeCategory.h */,
				D0F5CD8914C57C4600966B2D /* EXTSafeCategory.m */,
				D0F5CD8A14C57C4600966B2D /* EXTScope.h */,
				D0F5CD8B14C57C4600966B2D /* EXTScope.m */,
			);
			path = Modules;
			sourceTree = "<group>";
		};
		D0F5CD8C14C57C4600966B2D /* Tests */ = {
			isa = PBXGroup;
			children = (
				D0F5CD8D14C57C4600966B2D /* EXTRuntimeExtensionsTest.h */,
				D0F5CD8E14C57C4600966B2D /* EXTRuntimeExtensionsTest.m */,
				D0F5CD8F14C57C4600966B2D /* EXTSafeCategoryTest.h */,
				D0F5CD9014C57C4600966B2D /* EXTSafeCategoryTest.m */,
				D0F5CD9114C57C4600966B2D /* EXTScopeTest.h */,
				D0F5CD9214C57C4600966B2D /* EXTScopeTest.m */,
			);
			path = Tests;
			sourceTree = "<group>";
		};
/* End PBXGroup section */

/* Begin PBXHeadersBuildPhase section */
		D0EFFBFE147851A80095AB35 /* Headers */ = {
			isa = PBXHeadersBuildPhase;
			buildActionMask = 2147483647;
			files = (
				D0D8C39B1478569600FC9015 /* Velvet.h in Headers */,
				D0D8C39F1478582C00FC9015 /* NSVelvetView.h in Headers */,
				D0D8C3AA14785A1300FC9015 /* VELView.h in Headers */,
				D01CF3D41479B18400C88D2B /* VELNSView.h in Headers */,
				1E7BBD40147B157C0010375D /* VELLabel.h in Headers */,
				0DEDDD3F147B5D5C0087037C /* VELWindow.h in Headers */,
				D0CACD35147C86C0008C42B2 /* VELBridgedView.h in Headers */,
				D0911B1D147C93AD00C7DF4E /* NSView+VELBridgedViewAdditions.h in Headers */,
				1E2819521481EB14006A747C /* CALayer+GeometryAdditions.h in Headers */,
				1E2819541481EB14006A747C /* CATransaction+BlockAdditions.h in Headers */,
				1E2819561481EB14006A747C /* CGBitmapContext+PixelFormatAdditions.h in Headers */,
				D0E8B35414831419003980B4 /* VELImageView.h in Headers */,
				D0305D7A1486FC960081D6EA /* VELControl.h in Headers */,
				D0D51CFA14880A0D00F15DA9 /* NSColor+CoreGraphicsAdditions.h in Headers */,
				D0D51D0A14880EEB00F15DA9 /* NSImage+CoreGraphicsAdditions.h in Headers */,
				D08719E614A30AA700F304BC /* VELViewController.h in Headers */,
				D0A96C0514B7AE8B00A64F6F /* AppKit+GeometryAdditions.h in Headers */,
				D05DC49414BD084C00A0D6C8 /* VELDraggingDestination.h in Headers */,
				D0F5BFCA14BF6BE000C66839 /* VELHostView.h in Headers */,
				D020F49314C3959500C466E1 /* NSWindow+InitializationAdditions.h in Headers */,
				D0682AAF14C77307001CA434 /* CGGeometry+ConvenienceAdditions.h in Headers */,
			);
			runOnlyForDeploymentPostprocessing = 0;
		};
/* End PBXHeadersBuildPhase section */

/* Begin PBXNativeTarget section */
		D0EFFC00147851A80095AB35 /* Velvet */ = {
			isa = PBXNativeTarget;
			buildConfigurationList = D0EFFC2B147851A80095AB35 /* Build configuration list for PBXNativeTarget "Velvet" */;
			buildPhases = (
				D0EFFBFC147851A80095AB35 /* Sources */,
				D0EFFBFD147851A80095AB35 /* Frameworks */,
				D0EFFBFE147851A80095AB35 /* Headers */,
				D0EFFBFF147851A80095AB35 /* Resources */,
			);
			buildRules = (
			);
			dependencies = (
			);
			name = Velvet;
			productName = Velvet;
			productReference = D0EFFC01147851A80095AB35 /* Velvet.framework */;
			productType = "com.apple.product-type.framework";
		};
		D0EFFC18147851A80095AB35 /* VelvetTests */ = {
			isa = PBXNativeTarget;
			buildConfigurationList = D0EFFC2E147851A80095AB35 /* Build configuration list for PBXNativeTarget "VelvetTests" */;
			buildPhases = (
				D0EFFC14147851A80095AB35 /* Sources */,
				D0EFFC15147851A80095AB35 /* Frameworks */,
				D0EFFC16147851A80095AB35 /* Resources */,
				D0EFFC17147851A80095AB35 /* ShellScript */,
			);
			buildRules = (
			);
			dependencies = (
				D002AEEC14CE03190062AEFC /* PBXTargetDependency */,
				D002AEEE14CE03190062AEFC /* PBXTargetDependency */,
				D0EFFC1E147851A80095AB35 /* PBXTargetDependency */,
			);
			name = VelvetTests;
			productName = VelvetTests;
			productReference = D0EFFC19147851A80095AB35 /* VelvetTests.octest */;
			productType = "com.apple.product-type.bundle";
		};
/* End PBXNativeTarget section */

/* Begin PBXProject section */
		D0EFFBF7147851A80095AB35 /* Project object */ = {
			isa = PBXProject;
			attributes = {
				LastUpgradeCheck = 0420;
				ORGANIZATIONNAME = Bitswift;
			};
			buildConfigurationList = D0EFFBFA147851A80095AB35 /* Build configuration list for PBXProject "Velvet" */;
			compatibilityVersion = "Xcode 3.2";
			developmentRegion = English;
			hasScannedForEncodings = 0;
			knownRegions = (
				en,
			);
			mainGroup = D0EFFBF5147851A80095AB35;
			productRefGroup = D0EFFC02147851A80095AB35 /* Products */;
			projectDirPath = "";
			projectReferences = (
				{
					ProductGroup = D002AEC714CE030B0062AEFC /* Products */;
					ProjectRef = D002AEC614CE030B0062AEFC /* Expecta.xcodeproj */;
				},
				{
					ProductGroup = D002AECA14CE030B0062AEFC /* Products */;
					ProjectRef = D002AEC914CE030B0062AEFC /* Specta.xcodeproj */;
				},
			);
			projectRoot = "";
			targets = (
				D0EFFC00147851A80095AB35 /* Velvet */,
				D0EFFC18147851A80095AB35 /* VelvetTests */,
			);
		};
/* End PBXProject section */

/* Begin PBXReferenceProxy section */
		D002AED714CE030C0062AEFC /* libExpecta.a */ = {
			isa = PBXReferenceProxy;
			fileType = archive.ar;
			path = libExpecta.a;
			remoteRef = D002AED614CE030C0062AEFC /* PBXContainerItemProxy */;
			sourceTree = BUILT_PRODUCTS_DIR;
		};
		D002AED914CE030C0062AEFC /* libExpecta-iOS.a */ = {
			isa = PBXReferenceProxy;
			fileType = archive.ar;
			path = "libExpecta-iOS.a";
			remoteRef = D002AED814CE030C0062AEFC /* PBXContainerItemProxy */;
			sourceTree = BUILT_PRODUCTS_DIR;
		};
		D002AEDB14CE030C0062AEFC /* ExpectaTests.octest */ = {
			isa = PBXReferenceProxy;
			fileType = wrapper.cfbundle;
			path = ExpectaTests.octest;
			remoteRef = D002AEDA14CE030C0062AEFC /* PBXContainerItemProxy */;
			sourceTree = BUILT_PRODUCTS_DIR;
		};
		D002AEDD14CE030C0062AEFC /* Expecta-iOSTests.octest */ = {
			isa = PBXReferenceProxy;
			fileType = wrapper.cfbundle;
			path = "Expecta-iOSTests.octest";
			remoteRef = D002AEDC14CE030C0062AEFC /* PBXContainerItemProxy */;
			sourceTree = BUILT_PRODUCTS_DIR;
		};
		D002AEE314CE030C0062AEFC /* libSpecta.a */ = {
			isa = PBXReferenceProxy;
			fileType = archive.ar;
			path = libSpecta.a;
			remoteRef = D002AEE214CE030C0062AEFC /* PBXContainerItemProxy */;
			sourceTree = BUILT_PRODUCTS_DIR;
		};
		D002AEE514CE030C0062AEFC /* libSpecta-iOS.a */ = {
			isa = PBXReferenceProxy;
			fileType = archive.ar;
			path = "libSpecta-iOS.a";
			remoteRef = D002AEE414CE030C0062AEFC /* PBXContainerItemProxy */;
			sourceTree = BUILT_PRODUCTS_DIR;
		};
		D002AEE714CE030C0062AEFC /* SpectaTests.octest */ = {
			isa = PBXReferenceProxy;
			fileType = wrapper.cfbundle;
			path = SpectaTests.octest;
			remoteRef = D002AEE614CE030C0062AEFC /* PBXContainerItemProxy */;
			sourceTree = BUILT_PRODUCTS_DIR;
		};
		D002AEE914CE030C0062AEFC /* Specta-iOSTests.octest */ = {
			isa = PBXReferenceProxy;
			fileType = wrapper.cfbundle;
			path = "Specta-iOSTests.octest";
			remoteRef = D002AEE814CE030C0062AEFC /* PBXContainerItemProxy */;
			sourceTree = BUILT_PRODUCTS_DIR;
		};
/* End PBXReferenceProxy section */

/* Begin PBXResourcesBuildPhase section */
		D0EFFBFF147851A80095AB35 /* Resources */ = {
			isa = PBXResourcesBuildPhase;
			buildActionMask = 2147483647;
			files = (
				D0EFFC0F147851A80095AB35 /* InfoPlist.strings in Resources */,
			);
			runOnlyForDeploymentPostprocessing = 0;
		};
		D0EFFC16147851A80095AB35 /* Resources */ = {
			isa = PBXResourcesBuildPhase;
			buildActionMask = 2147483647;
			files = (
				D0EFFC25147851A80095AB35 /* InfoPlist.strings in Resources */,
				D0B75C68149188FD005C81D5 /* testimage.jpg in Resources */,
			);
			runOnlyForDeploymentPostprocessing = 0;
		};
/* End PBXResourcesBuildPhase section */

/* Begin PBXShellScriptBuildPhase section */
		D0EFFC17147851A80095AB35 /* ShellScript */ = {
			isa = PBXShellScriptBuildPhase;
			buildActionMask = 2147483647;
			files = (
			);
			inputPaths = (
			);
			outputPaths = (
			);
			runOnlyForDeploymentPostprocessing = 0;
			shellPath = /bin/sh;
			shellScript = "# Run the unit tests in this test bundle.\n\"${SYSTEM_DEVELOPER_DIR}/Tools/RunUnitTests\"\n";
		};
/* End PBXShellScriptBuildPhase section */

/* Begin PBXSourcesBuildPhase section */
		D0EFFBFC147851A80095AB35 /* Sources */ = {
			isa = PBXSourcesBuildPhase;
			buildActionMask = 2147483647;
			files = (
				D0D8C3A01478582C00FC9015 /* NSVelvetView.m in Sources */,
				D0D8C3AB14785A1300FC9015 /* VELView.m in Sources */,
				D01CF3D51479B18400C88D2B /* VELNSView.m in Sources */,
				1E7BBD41147B157C0010375D /* VELLabel.m in Sources */,
				0DEDDD40147B5D5C0087037C /* VELWindow.m in Sources */,
				D0911B1E147C93AD00C7DF4E /* NSView+VELBridgedViewAdditions.m in Sources */,
				0DCD37C7147DB86200A9D6E4 /* NSVelvetHostView.m in Sources */,
				1E2819491481EAEF006A747C /* VELCAAction.m in Sources */,
				1E2819531481EB14006A747C /* CALayer+GeometryAdditions.m in Sources */,
				1E2819551481EB14006A747C /* CATransaction+BlockAdditions.m in Sources */,
				1E2819571481EB14006A747C /* CGBitmapContext+PixelFormatAdditions.m in Sources */,
				D0E8B35514831419003980B4 /* VELImageView.m in Sources */,
				D0305D7B1486FC960081D6EA /* VELControl.m in Sources */,
				D0D51CFB14880A0D00F15DA9 /* NSColor+CoreGraphicsAdditions.m in Sources */,
				D0D51D0B14880EEB00F15DA9 /* NSImage+CoreGraphicsAdditions.m in Sources */,
				D08719E714A30AA700F304BC /* VELViewController.m in Sources */,
				D06EF03C14B39CFA0035E239 /* VELEventManager.m in Sources */,
				D06EF04014B3A0590035E239 /* NSWindow+EventHandlingAdditions.m in Sources */,
				D0A96C0614B7AE8B00A64F6F /* AppKit+GeometryAdditions.m in Sources */,
				D01B962F14C1956100CBDD8E /* VELViewLayer.m in Sources */,
				D0B2E4F514C41A4600812B76 /* VELNSViewLayerDelegateProxy.m in Sources */,
				D020F49414C3959500C466E1 /* NSWindow+InitializationAdditions.m in Sources */,
				D0F5CD9514C57C4600966B2D /* EXTRuntimeExtensions.m in Sources */,
				D0F5CD9714C57C4600966B2D /* EXTSafeCategory.m in Sources */,
				D0F5CD9914C57C4600966B2D /* EXTScope.m in Sources */,
				D0682AB014C77307001CA434 /* CGGeometry+ConvenienceAdditions.m in Sources */,
				D0604C8F14CD59DD008B9A7A /* VELNSViewLayer.m in Sources */,
			);
			runOnlyForDeploymentPostprocessing = 0;
		};
		D0EFFC14147851A80095AB35 /* Sources */ = {
			isa = PBXSourcesBuildPhase;
			buildActionMask = 2147483647;
			files = (
				D0DB8A7D149028D60082D3DA /* VELLabelTests.m in Sources */,
				D0B23AF91491872B009CF46A /* VELImageViewTests.m in Sources */,
				D0B75C6F14918EB9005C81D5 /* VELViewTests.m in Sources */,
				1A5FCCFA1496B61A00BB49F3 /* VELNSViewTests.m in Sources */,
				D08719EB14A30B5F00F304BC /* VELViewControllerTests.m in Sources */,
				1EA3D71014B37F4A0007E4C4 /* NSVelvetHostViewTests.m in Sources */,
				D0CE951014B3842F003581C8 /* VELWindowTests.m in Sources */,
				1E71313614B7B79800D6D7DF /* NSVelvetViewTests.m in Sources */,
				D0A96C0D14B7AF1F00A64F6F /* VELAppKitAdditionsTests.m in Sources */,
				D05DC49B14BD0AA500A0D6C8 /* VELViewDragAndDropTests.m in Sources */,
				D020F49714C3972E00C466E1 /* NSWindowAdditionsTests.m in Sources */,
				D020F48C14C3923400C466E1 /* NSViewAdditionsTests.m in Sources */,
				D0F5CDA014C57C7E00966B2D /* EXTRuntimeExtensionsTest.m in Sources */,
				D0F5CDA114C57C7E00966B2D /* EXTSafeCategoryTest.m in Sources */,
				D0F5CDA214C57C7E00966B2D /* EXTScopeTest.m in Sources */,
				D07B72A514C4FC5500AA19DD /* VELControlTests.m in Sources */,
				D0682AB414C773EF001CA434 /* CGGeometryAdditionsTests.m in Sources */,
			);
			runOnlyForDeploymentPostprocessing = 0;
		};
/* End PBXSourcesBuildPhase section */

/* Begin PBXTargetDependency section */
		D002AEEC14CE03190062AEFC /* PBXTargetDependency */ = {
			isa = PBXTargetDependency;
			name = Expecta;
			targetProxy = D002AEEB14CE03190062AEFC /* PBXContainerItemProxy */;
		};
		D002AEEE14CE03190062AEFC /* PBXTargetDependency */ = {
			isa = PBXTargetDependency;
			name = Specta;
			targetProxy = D002AEED14CE03190062AEFC /* PBXContainerItemProxy */;
		};
		D0EFFC1E147851A80095AB35 /* PBXTargetDependency */ = {
			isa = PBXTargetDependency;
			target = D0EFFC00147851A80095AB35 /* Velvet */;
			targetProxy = D0EFFC1D147851A80095AB35 /* PBXContainerItemProxy */;
		};
/* End PBXTargetDependency section */

/* Begin PBXVariantGroup section */
		D0EFFC0D147851A80095AB35 /* InfoPlist.strings */ = {
			isa = PBXVariantGroup;
			children = (
				D0EFFC0E147851A80095AB35 /* en */,
			);
			name = InfoPlist.strings;
			sourceTree = "<group>";
		};
		D0EFFC23147851A80095AB35 /* InfoPlist.strings */ = {
			isa = PBXVariantGroup;
			children = (
				D0EFFC24147851A80095AB35 /* en */,
			);
			name = InfoPlist.strings;
			sourceTree = "<group>";
		};
/* End PBXVariantGroup section */

/* Begin XCBuildConfiguration section */
		D0EEC6081489F631002F8441 /* Profile */ = {
			isa = XCBuildConfiguration;
			baseConfigurationReference = D0F5CD6F14C57BFD00966B2D /* Profile.xcconfig */;
			buildSettings = {
				ARCHS = "$(ARCHS_STANDARD_64_BIT)";
				CLANG_ENABLE_OBJC_ARC = YES;
				GCC_C_LANGUAGE_STANDARD = gnu99;
				GCC_ENABLE_OBJC_EXCEPTIONS = YES;
				MACOSX_DEPLOYMENT_TARGET = 10.7;
				SDKROOT = macosx;
				TEST_AFTER_BUILD = YES;
			};
			name = Profile;
		};
		D0EEC6091489F631002F8441 /* Profile */ = {
			isa = XCBuildConfiguration;
			baseConfigurationReference = D0F5CD7C14C57BFD00966B2D /* Mac-Framework.xcconfig */;
			buildSettings = {
				DYLIB_COMPATIBILITY_VERSION = 1;
				DYLIB_CURRENT_VERSION = 1;
				FRAMEWORK_VERSION = A;
				GCC_PRECOMPILE_PREFIX_HEADER = YES;
				GCC_PREFIX_HEADER = "Velvet/Velvet-Prefix.pch";
				INFOPLIST_FILE = "Velvet/Velvet-Info.plist";
				PRODUCT_NAME = "$(TARGET_NAME)";
				WRAPPER_EXTENSION = framework;
			};
			name = Profile;
		};
		D0EEC60A1489F631002F8441 /* Profile */ = {
			isa = XCBuildConfiguration;
			baseConfigurationReference = D0F5CD7914C57BFD00966B2D /* Mac-Application.xcconfig */;
			buildSettings = {
				FRAMEWORK_SEARCH_PATHS = "$(DEVELOPER_LIBRARY_DIR)/Frameworks";
				GCC_PRECOMPILE_PREFIX_HEADER = YES;
				GCC_PREFIX_HEADER = "Velvet/Velvet-Prefix.pch";
				HEADER_SEARCH_PATHS = (
					"Libraries/Expecta/src/**",
					"Libraries/Specta/src/**",
				);
				INFOPLIST_FILE = "VelvetTests/VelvetTests-Info.plist";
				OTHER_LDFLAGS = "-all_load";
				PRODUCT_NAME = "$(TARGET_NAME)";
				WRAPPER_EXTENSION = octest;
			};
			name = Profile;
		};
		D0EFFC29147851A80095AB35 /* Debug */ = {
			isa = XCBuildConfiguration;
			baseConfigurationReference = D0F5CD6E14C57BFD00966B2D /* Debug.xcconfig */;
			buildSettings = {
				ARCHS = "$(ARCHS_STANDARD_64_BIT)";
				CLANG_ENABLE_OBJC_ARC = YES;
				GCC_C_LANGUAGE_STANDARD = gnu99;
				GCC_ENABLE_OBJC_EXCEPTIONS = YES;
				MACOSX_DEPLOYMENT_TARGET = 10.7;
				SDKROOT = macosx;
				TEST_AFTER_BUILD = YES;
			};
			name = Debug;
		};
		D0EFFC2A147851A80095AB35 /* Release */ = {
			isa = XCBuildConfiguration;
			baseConfigurationReference = D0F5CD7014C57BFD00966B2D /* Release.xcconfig */;
			buildSettings = {
				ARCHS = "$(ARCHS_STANDARD_64_BIT)";
				CLANG_ENABLE_OBJC_ARC = YES;
				GCC_C_LANGUAGE_STANDARD = gnu99;
				GCC_ENABLE_OBJC_EXCEPTIONS = YES;
				MACOSX_DEPLOYMENT_TARGET = 10.7;
				SDKROOT = macosx;
				TEST_AFTER_BUILD = YES;
			};
			name = Release;
		};
		D0EFFC2C147851A80095AB35 /* Debug */ = {
			isa = XCBuildConfiguration;
			baseConfigurationReference = D0F5CD7C14C57BFD00966B2D /* Mac-Framework.xcconfig */;
			buildSettings = {
				DYLIB_COMPATIBILITY_VERSION = 1;
				DYLIB_CURRENT_VERSION = 1;
				FRAMEWORK_VERSION = A;
				GCC_PRECOMPILE_PREFIX_HEADER = YES;
				GCC_PREFIX_HEADER = "Velvet/Velvet-Prefix.pch";
				INFOPLIST_FILE = "Velvet/Velvet-Info.plist";
				PRODUCT_NAME = "$(TARGET_NAME)";
				WRAPPER_EXTENSION = framework;
			};
			name = Debug;
		};
		D0EFFC2D147851A80095AB35 /* Release */ = {
			isa = XCBuildConfiguration;
			baseConfigurationReference = D0F5CD7C14C57BFD00966B2D /* Mac-Framework.xcconfig */;
			buildSettings = {
				DYLIB_COMPATIBILITY_VERSION = 1;
				DYLIB_CURRENT_VERSION = 1;
				FRAMEWORK_VERSION = A;
				GCC_PRECOMPILE_PREFIX_HEADER = YES;
				GCC_PREFIX_HEADER = "Velvet/Velvet-Prefix.pch";
				INFOPLIST_FILE = "Velvet/Velvet-Info.plist";
				PRODUCT_NAME = "$(TARGET_NAME)";
				WRAPPER_EXTENSION = framework;
			};
			name = Release;
		};
		D0EFFC2F147851A80095AB35 /* Debug */ = {
			isa = XCBuildConfiguration;
			baseConfigurationReference = D0F5CD7914C57BFD00966B2D /* Mac-Application.xcconfig */;
			buildSettings = {
				FRAMEWORK_SEARCH_PATHS = "$(DEVELOPER_LIBRARY_DIR)/Frameworks";
				GCC_PRECOMPILE_PREFIX_HEADER = YES;
				GCC_PREFIX_HEADER = "Velvet/Velvet-Prefix.pch";
				HEADER_SEARCH_PATHS = (
					"Libraries/Expecta/src/**",
					"Libraries/Specta/src/**",
				);
				INFOPLIST_FILE = "VelvetTests/VelvetTests-Info.plist";
				OTHER_LDFLAGS = "-all_load";
				PRODUCT_NAME = "$(TARGET_NAME)";
				WRAPPER_EXTENSION = octest;
			};
			name = Debug;
		};
		D0EFFC30147851A80095AB35 /* Release */ = {
			isa = XCBuildConfiguration;
			baseConfigurationReference = D0F5CD7914C57BFD00966B2D /* Mac-Application.xcconfig */;
			buildSettings = {
				FRAMEWORK_SEARCH_PATHS = "$(DEVELOPER_LIBRARY_DIR)/Frameworks";
				GCC_PRECOMPILE_PREFIX_HEADER = YES;
				GCC_PREFIX_HEADER = "Velvet/Velvet-Prefix.pch";
				HEADER_SEARCH_PATHS = (
					"Libraries/Expecta/src/**",
					"Libraries/Specta/src/**",
				);
				INFOPLIST_FILE = "VelvetTests/VelvetTests-Info.plist";
				OTHER_LDFLAGS = "-all_load";
				PRODUCT_NAME = "$(TARGET_NAME)";
				WRAPPER_EXTENSION = octest;
			};
			name = Release;
		};
/* End XCBuildConfiguration section */

/* Begin XCConfigurationList section */
		D0EFFBFA147851A80095AB35 /* Build configuration list for PBXProject "Velvet" */ = {
			isa = XCConfigurationList;
			buildConfigurations = (
				D0EFFC29147851A80095AB35 /* Debug */,
				D0EFFC2A147851A80095AB35 /* Release */,
				D0EEC6081489F631002F8441 /* Profile */,
			);
			defaultConfigurationIsVisible = 0;
			defaultConfigurationName = Release;
		};
		D0EFFC2B147851A80095AB35 /* Build configuration list for PBXNativeTarget "Velvet" */ = {
			isa = XCConfigurationList;
			buildConfigurations = (
				D0EFFC2C147851A80095AB35 /* Debug */,
				D0EFFC2D147851A80095AB35 /* Release */,
				D0EEC6091489F631002F8441 /* Profile */,
			);
			defaultConfigurationIsVisible = 0;
			defaultConfigurationName = Release;
		};
		D0EFFC2E147851A80095AB35 /* Build configuration list for PBXNativeTarget "VelvetTests" */ = {
			isa = XCConfigurationList;
			buildConfigurations = (
				D0EFFC2F147851A80095AB35 /* Debug */,
				D0EFFC30147851A80095AB35 /* Release */,
				D0EEC60A1489F631002F8441 /* Profile */,
			);
			defaultConfigurationIsVisible = 0;
			defaultConfigurationName = Release;
		};
/* End XCConfigurationList section */
	};
	rootObject = D0EFFBF7147851A80095AB35 /* Project object */;
}
